Microsoft Visual Studio Solution File, Format Version 12.00
# Visual Studio Version 17
Project("{FAE04EC0-301F-11D3-BF4B-00C04F79EFBC}") = "LuhnAlgorithm", "LuhnAlgorithm\LuhnAlgorithm.csproj", "{9AEBB0D0-65D8-47CC-BBA3-34F21A769F7C}"
EndProject
Project("{FAE04EC0-301F-11D3-BF4B-00C04F79EFBC}") = "LuhnAlgorithmTest", "LuhnAlgorithmTest\LuhnAlgorithmTest.csproj", "{B5E62F9F-A07F-4A43-810D-9F59C4E4F8F0}"
EndProject
Global
	GlobalSection(SolutionConfigurationPlatforms) = preSolution
	EndGlobalSection
	GlobalSection(ProjectConfigurationPlatforms) = postSolution
	EndGlobalSection
	GlobalSection(SolutionProperties) = preSolution
		HideSolutionNode = FALSE
	EndGlobalSection
	GlobalSection(ExtensibilityGlobals) = postSolution
		SolutionGuid = {5BB1BCC0-3DCF-460E-B848-8C569A4E10A1}
	EndGlobalSection
EndGlobal
