Microsoft Visual Studio Solution File, Format Version 12.00
# Visual Studio Version 17
Project("{FAE04EC0-301F-11D3-BF4B-00C04F79EFBC}") = "PowersetConstruction", "PowersetConstruction\PowersetConstruction.csproj", "{573A4D52-D14B-4201-BE7A-26E91C7136CC}"
EndProject
Project("{FAE04EC0-301F-11D3-BF4B-00C04F79EFBC}") = "PowersetConstructionTest", "PowersetConstructionTest\PowersetConstructionTest.csproj", "{0401B82B-A768-45D9-84E0-349967CA7B3B}"
EndProject
Global
	GlobalSection(SolutionConfigurationPlatforms) = preSolution
	EndGlobalSection
	GlobalSection(ProjectConfigurationPlatforms) = postSolution
	EndGlobalSection
	GlobalSection(SolutionProperties) = preSolution
		HideSolutionNode = FALSE
	EndGlobalSection
	GlobalSection(ExtensibilityGlobals) = postSolution
		SolutionGuid = {65F7344C-E84E-4E25-BB44-B56EFCADA697}
	EndGlobalSection
EndGlobal
