Microsoft Visual Studio Solution File, Format Version 12.00
# Visual Studio Version 17
Project("{FAE04EC0-301F-11D3-BF4B-00C04F79EFBC}") = "NewtonsMethod", "NewtonsMethod\NewtonsMethod.csproj", "{60EEBB4A-2123-4521-A346-41EB6FB2D29C}"
EndProject
Project("{FAE04EC0-301F-11D3-BF4B-00C04F79EFBC}") = "NewtonsMethodTest", "NewtonsMethodTest\NewtonsMethodTest.csproj", "{90E83BB3-8144-4467-AAE9-B26D934ED3A7}"
EndProject
Global
	GlobalSection(SolutionConfigurationPlatforms) = preSolution
	EndGlobalSection
	GlobalSection(ProjectConfigurationPlatforms) = postSolution
	EndGlobalSection
	GlobalSection(SolutionProperties) = preSolution
		HideSolutionNode = FALSE
	EndGlobalSection
	GlobalSection(ExtensibilityGlobals) = postSolution
		SolutionGuid = {456E983E-FBEE-4B51-8C4E-293DF3D637E9}
	EndGlobalSection
EndGlobal
