Microsoft Visual Studio Solution File, Format Version 12.00
# Visual Studio Version 17
Project("{FAE04EC0-301F-11D3-BF4B-00C04F79EFBC}") = "HashJoin", "HashJoin\HashJoin.csproj", "{56FF13F5-8B86-4E61-AD1A-FB319AC4D49B}"
EndProject
Project("{FAE04EC0-301F-11D3-BF4B-00C04F79EFBC}") = "HashJoinTest", "HashJoinTest\HashJoinTest.csproj", "{E98034C2-FA53-4793-A3EE-274C848FA3D9}"
EndProject
Global
	GlobalSection(SolutionConfigurationPlatforms) = preSolution
	EndGlobalSection
	GlobalSection(ProjectConfigurationPlatforms) = postSolution
	EndGlobalSection
	GlobalSection(SolutionProperties) = preSolution
		HideSolutionNode = FALSE
	EndGlobalSection
	GlobalSection(ExtensibilityGlobals) = postSolution
		SolutionGuid = {A09984FC-3C35-4D19-A4F2-AE4C0F7C9E6D}
	EndGlobalSection
EndGlobal
