Microsoft Visual Studio Solution File, Format Version 12.00
# Visual Studio Version 17
Project("{FAE04EC0-301F-11D3-BF4B-00C04F79EFBC}") = "EmbeddedZerotreeWavelet", "EmbeddedZerotreeWavelet\EmbeddedZerotreeWavelet.csproj", "{D6F861F3-2BEC-4285-A1DD-2D194DFA644D}"
EndProject
Project("{FAE04EC0-301F-11D3-BF4B-00C04F79EFBC}") = "EmbeddedZerotreeWaveletTest", "EmbeddedZerotreeWaveletTest\EmbeddedZerotreeWaveletTest.csproj", "{46D5BC68-973B-4773-8771-14D1D8AE03E6}"
EndProject
Global
	GlobalSection(SolutionConfigurationPlatforms) = preSolution
	EndGlobalSection
	GlobalSection(ProjectConfigurationPlatforms) = postSolution
	EndGlobalSection
	GlobalSection(SolutionProperties) = preSolution
		HideSolutionNode = FALSE
	EndGlobalSection
	GlobalSection(ExtensibilityGlobals) = postSolution
		SolutionGuid = {A9B76B47-ACD3-4E9A-BCB0-3FCE354395E1}
	EndGlobalSection
EndGlobal
