Microsoft Visual Studio Solution File, Format Version 12.00
# Visual Studio Version 17
Project("{FAE04EC0-301F-11D3-BF4B-00C04F79EFBC}") = "Bcrypt", "Bcrypt\Bcrypt.csproj", "{AFA404A8-28DE-47E9-BCE3-0F0B8099A80E}"
EndProject
Project("{FAE04EC0-301F-11D3-BF4B-00C04F79EFBC}") = "BcryptTest", "BcryptTest\BcryptTest.csproj", "{8501C3ED-6557-44FB-912A-CC736AFE0C02}"
EndProject
Global
	GlobalSection(SolutionConfigurationPlatforms) = preSolution
	EndGlobalSection
	GlobalSection(ProjectConfigurationPlatforms) = postSolution
	EndGlobalSection
	GlobalSection(SolutionProperties) = preSolution
		HideSolutionNode = FALSE
	EndGlobalSection
	GlobalSection(ExtensibilityGlobals) = postSolution
		SolutionGuid = {EB607A98-46DE-4ECB-8068-BC9774EBEA1E}
	EndGlobalSection
EndGlobal
