Microsoft Visual Studio Solution File, Format Version 12.00
# Visual Studio Version 17
Project("{FAE04EC0-301F-11D3-BF4B-00C04F79EFBC}") = "SubsetSumAlgorithm", "SubsetSumAlgorithm\SubsetSumAlgorithm.csproj", "{4C7EABEF-1DC5-456A-B9A5-EA27AB859870}"
EndProject
Project("{FAE04EC0-301F-11D3-BF4B-00C04F79EFBC}") = "SubsetSumAlgorithmTest", "SubsetSumAlgorithmTest\SubsetSumAlgorithmTest.csproj", "{A24A26B0-9DB8-40F2-B731-A9BA6AAB79C2}"
EndProject
Global
	GlobalSection(SolutionConfigurationPlatforms) = preSolution
	EndGlobalSection
	GlobalSection(ProjectConfigurationPlatforms) = postSolution
	EndGlobalSection
	GlobalSection(SolutionProperties) = preSolution
		HideSolutionNode = FALSE
	EndGlobalSection
	GlobalSection(ExtensibilityGlobals) = postSolution
		SolutionGuid = {F378B1A0-0D62-450A-A5B6-43A5B46235FC}
	EndGlobalSection
EndGlobal
