Microsoft Visual Studio Solution File, Format Version 12.00
# Visual Studio Version 17
Project("{FAE04EC0-301F-11D3-BF4B-00C04F79EFBC}") = "KruskalAlgorithm", "KruskalAlgorithm\KruskalAlgorithm.csproj", "{26C11F0A-7EB1-4936-BB73-78B220A05CDF}"
EndProject
Project("{FAE04EC0-301F-11D3-BF4B-00C04F79EFBC}") = "KruskalAlgorithmTest", "KruskalAlgorithmTest\KruskalAlgorithmTest.csproj", "{38946C0C-5234-432E-BA55-274BF558D1CA}"
EndProject
Global
	GlobalSection(SolutionConfigurationPlatforms) = preSolution
	EndGlobalSection
	GlobalSection(ProjectConfigurationPlatforms) = postSolution
	EndGlobalSection
	GlobalSection(SolutionProperties) = preSolution
		HideSolutionNode = FALSE
	EndGlobalSection
	GlobalSection(ExtensibilityGlobals) = postSolution
		SolutionGuid = {A1AF01E6-4283-4FD8-87B3-7A0A7991BC82}
	EndGlobalSection
EndGlobal
