Microsoft Visual Studio Solution File, Format Version 12.00
# Visual Studio Version 17
Project("{FAE04EC0-301F-11D3-BF4B-00C04F79EFBC}") = "PrattParser", "PrattParser\PrattParser.csproj", "{268A2259-B122-48C2-B60C-5CD211EF5CD4}"
EndProject
Project("{FAE04EC0-301F-11D3-BF4B-00C04F79EFBC}") = "PrattParserTest", "PrattParserTest\PrattParserTest.csproj", "{A0538036-D0CC-41CA-828A-70A7466F15BA}"
EndProject
Global
	GlobalSection(SolutionConfigurationPlatforms) = preSolution
	EndGlobalSection
	GlobalSection(ProjectConfigurationPlatforms) = postSolution
	EndGlobalSection
	GlobalSection(SolutionProperties) = preSolution
		HideSolutionNode = FALSE
	EndGlobalSection
	GlobalSection(ExtensibilityGlobals) = postSolution
		SolutionGuid = {BF90894E-23B0-4CAD-BCF0-6A596207F5EF}
	EndGlobalSection
EndGlobal
