Microsoft Visual Studio Solution File, Format Version 12.00
# Visual Studio Version 17
Project("{FAE04EC0-301F-11D3-BF4B-00C04F79EFBC}") = "BootstrapAggregating", "BootstrapAggregating\BootstrapAggregating.csproj", "{62488C73-958C-4D69-A8C8-F5DDB74716CD}"
EndProject
Project("{FAE04EC0-301F-11D3-BF4B-00C04F79EFBC}") = "BootstrapAggregatingTest", "BootstrapAggregatingTest\BootstrapAggregatingTest.csproj", "{53FAC0A5-FF30-4B03-A5E2-5B596BCE00AC}"
EndProject
Global
	GlobalSection(SolutionConfigurationPlatforms) = preSolution
	EndGlobalSection
	GlobalSection(ProjectConfigurationPlatforms) = postSolution
	EndGlobalSection
	GlobalSection(SolutionProperties) = preSolution
		HideSolutionNode = FALSE
	EndGlobalSection
	GlobalSection(ExtensibilityGlobals) = postSolution
		SolutionGuid = {0A391373-0831-45B2-A3A6-1C683099D533}
	EndGlobalSection
EndGlobal
