Microsoft Visual Studio Solution File, Format Version 12.00
# Visual Studio Version 17
Project("{FAE04EC0-301F-11D3-BF4B-00C04F79EFBC}") = "GraspAlgorithm", "GraspAlgorithm\GraspAlgorithm.csproj", "{DD02D11D-B29D-4986-845A-0D75FD3AB638}"
EndProject
Project("{FAE04EC0-301F-11D3-BF4B-00C04F79EFBC}") = "GraspAlgorithmTest", "GraspAlgorithmTest\GraspAlgorithmTest.csproj", "{BCD0E985-E8F8-412F-A629-B08AB22784A4}"
EndProject
Global
	GlobalSection(SolutionConfigurationPlatforms) = preSolution
	EndGlobalSection
	GlobalSection(ProjectConfigurationPlatforms) = postSolution
	EndGlobalSection
	GlobalSection(SolutionProperties) = preSolution
		HideSolutionNode = FALSE
	EndGlobalSection
	GlobalSection(ExtensibilityGlobals) = postSolution
		SolutionGuid = {139F95C5-A908-43AE-BF2F-EAC5E1D05ABC}
	EndGlobalSection
EndGlobal
