Microsoft Visual Studio Solution File, Format Version 12.00
# Visual Studio Version 17
Project("{FAE04EC0-301F-11D3-BF4B-00C04F79EFBC}") = "CanopyClusteringAlgorithm", "CanopyClusteringAlgorithm\CanopyClusteringAlgorithm.csproj", "{3E53B086-1010-454D-8130-93758C62BDB6}"
EndProject
Project("{FAE04EC0-301F-11D3-BF4B-00C04F79EFBC}") = "CanopyClusteringAlgorithmTest", "CanopyClusteringAlgorithmTest\CanopyClusteringAlgorithmTest.csproj", "{608DE6E1-FFA0-4447-A0A5-AB27E33B9247}"
EndProject
Global
	GlobalSection(SolutionConfigurationPlatforms) = preSolution
	EndGlobalSection
	GlobalSection(ProjectConfigurationPlatforms) = postSolution
	EndGlobalSection
	GlobalSection(SolutionProperties) = preSolution
		HideSolutionNode = FALSE
	EndGlobalSection
	GlobalSection(ExtensibilityGlobals) = postSolution
		SolutionGuid = {FBF04376-3969-482B-92C4-DB540488903D}
	EndGlobalSection
EndGlobal
