Microsoft Visual Studio Solution File, Format Version 12.00
# Visual Studio Version 17
Project("{FAE04EC0-301F-11D3-BF4B-00C04F79EFBC}") = "GaussSeidelMethod", "GaussSeidelMethod\GaussSeidelMethod.csproj", "{EEEEAD7C-C58A-42B0-ADA4-2ED0DF69E2B1}"
EndProject
Project("{FAE04EC0-301F-11D3-BF4B-00C04F79EFBC}") = "GaussSeidelMethodTest", "GaussSeidelMethodTest\GaussSeidelMethodTest.csproj", "{2673EB46-61D1-4933-9B4E-CC0D84C9E6C9}"
EndProject
Global
	GlobalSection(SolutionConfigurationPlatforms) = preSolution
	EndGlobalSection
	GlobalSection(ProjectConfigurationPlatforms) = postSolution
	EndGlobalSection
	GlobalSection(SolutionProperties) = preSolution
		HideSolutionNode = FALSE
	EndGlobalSection
	GlobalSection(ExtensibilityGlobals) = postSolution
		SolutionGuid = {7398C000-1185-4EDF-ADC5-98BD158A884A}
	EndGlobalSection
EndGlobal
