Microsoft Visual Studio Solution File, Format Version 12.00
# Visual Studio Version 17
Project("{FAE04EC0-301F-11D3-BF4B-00C04F79EFBC}") = "UpgmaAlgorithm", "UpgmaAlgorithm\UpgmaAlgorithm.csproj", "{471969F9-8E8B-4C62-BAD4-65CFD3CE114C}"
EndProject
Project("{FAE04EC0-301F-11D3-BF4B-00C04F79EFBC}") = "UpgmaAlgorithmTest", "UpgmaAlgorithmTest\UpgmaAlgorithmTest.csproj", "{0F8DF180-FD39-427F-9FF9-A9D98DD66DD8}"
EndProject
Global
	GlobalSection(SolutionConfigurationPlatforms) = preSolution
	EndGlobalSection
	GlobalSection(ProjectConfigurationPlatforms) = postSolution
	EndGlobalSection
	GlobalSection(SolutionProperties) = preSolution
		HideSolutionNode = FALSE
	EndGlobalSection
	GlobalSection(ExtensibilityGlobals) = postSolution
		SolutionGuid = {2C708D99-BFBD-452C-A152-252FD3E35E79}
	EndGlobalSection
EndGlobal
