Microsoft Visual Studio Solution File, Format Version 12.00
# Visual Studio Version 17
Project("{FAE04EC0-301F-11D3-BF4B-00C04F79EFBC}") = "EllipsoidMethod", "EllipsoidMethod\EllipsoidMethod.csproj", "{B8752807-6EF7-47AF-9B5B-4A75B9F421D1}"
EndProject
Project("{FAE04EC0-301F-11D3-BF4B-00C04F79EFBC}") = "EllipsoidMethodTest", "EllipsoidMethodTest\EllipsoidMethodTest.csproj", "{A9050E41-65F7-4865-A09A-FEA6759C8D59}"
EndProject
Global
	GlobalSection(SolutionConfigurationPlatforms) = preSolution
	EndGlobalSection
	GlobalSection(ProjectConfigurationPlatforms) = postSolution
	EndGlobalSection
	GlobalSection(SolutionProperties) = preSolution
		HideSolutionNode = FALSE
	EndGlobalSection
	GlobalSection(ExtensibilityGlobals) = postSolution
		SolutionGuid = {562EED18-A72A-487B-89B9-4C160F143FC9}
	EndGlobalSection
EndGlobal
