Microsoft Visual Studio Solution File, Format Version 12.00
# Visual Studio Version 17
Project("{FAE04EC0-301F-11D3-BF4B-00C04F79EFBC}") = "AverageLinkageClustering", "AverageLinkageClustering\AverageLinkageClustering.csproj", "{908E136C-F840-46CE-8948-73157A116F19}"
EndProject
Project("{FAE04EC0-301F-11D3-BF4B-00C04F79EFBC}") = "AverageLinkageClusteringTest", "AverageLinkageClusteringTest\AverageLinkageClusteringTest.csproj", "{EF0E4E10-EB99-40CD-ACF7-CDB9B65494BA}"
EndProject
Global
	GlobalSection(SolutionConfigurationPlatforms) = preSolution
	EndGlobalSection
	GlobalSection(ProjectConfigurationPlatforms) = postSolution
	EndGlobalSection
	GlobalSection(SolutionProperties) = preSolution
		HideSolutionNode = FALSE
	EndGlobalSection
	GlobalSection(ExtensibilityGlobals) = postSolution
		SolutionGuid = {3D208A25-C648-4B9C-A1FB-E8A2A1C63283}
	EndGlobalSection
EndGlobal
