Microsoft Visual Studio Solution File, Format Version 12.00
# Visual Studio Version 17
Project("{FAE04EC0-301F-11D3-BF4B-00C04F79EFBC}") = "GoertzelAlgorithm", "GoertzelAlgorithm\GoertzelAlgorithm.csproj", "{1C89609C-6B08-4A97-B02A-1AB87ED4BECA}"
EndProject
Project("{FAE04EC0-301F-11D3-BF4B-00C04F79EFBC}") = "GoertzelAlgorithmTest", "GoertzelAlgorithmTest\GoertzelAlgorithmTest.csproj", "{C80DB9D9-9D7C-47A3-A9FC-126C8D01F5F3}"
EndProject
Global
	GlobalSection(SolutionConfigurationPlatforms) = preSolution
	EndGlobalSection
	GlobalSection(ProjectConfigurationPlatforms) = postSolution
	EndGlobalSection
	GlobalSection(SolutionProperties) = preSolution
		HideSolutionNode = FALSE
	EndGlobalSection
	GlobalSection(ExtensibilityGlobals) = postSolution
		SolutionGuid = {B380F1CA-5A6E-453D-8220-CFB3F7E58169}
	EndGlobalSection
EndGlobal
