Microsoft Visual Studio Solution File, Format Version 12.00
# Visual Studio Version 17
Project("{FAE04EC0-301F-11D3-BF4B-00C04F79EFBC}") = "HindleyMilnerAlgorithm", "HindleyMilnerAlgorithm\HindleyMilnerAlgorithm.csproj", "{09C55120-F0FB-4B50-9AC9-88AD63E95FE4}"
EndProject
Project("{FAE04EC0-301F-11D3-BF4B-00C04F79EFBC}") = "HindleyMilnerAlgorithmTest", "HindleyMilnerAlgorithmTest\HindleyMilnerAlgorithmTest.csproj", "{14E788B4-672A-4F54-986C-2B4CAFC6D814}"
EndProject
Global
	GlobalSection(SolutionConfigurationPlatforms) = preSolution
	EndGlobalSection
	GlobalSection(ProjectConfigurationPlatforms) = postSolution
	EndGlobalSection
	GlobalSection(SolutionProperties) = preSolution
		HideSolutionNode = FALSE
	EndGlobalSection
	GlobalSection(ExtensibilityGlobals) = postSolution
		SolutionGuid = {6099BB11-77BA-40E7-BB97-594ADC196E83}
	EndGlobalSection
EndGlobal
