Microsoft Visual Studio Solution File, Format Version 12.00
# Visual Studio Version 17
Project("{FAE04EC0-301F-11D3-BF4B-00C04F79EFBC}") = "Threefish", "Threefish\Threefish.csproj", "{3E551726-E24F-442C-A432-F9783F5892CF}"
EndProject
Project("{FAE04EC0-301F-11D3-BF4B-00C04F79EFBC}") = "ThreefishTest", "ThreefishTest\ThreefishTest.csproj", "{78D2F12D-9F33-4157-A65B-EBBDC9AD0BC9}"
EndProject
Global
	GlobalSection(SolutionConfigurationPlatforms) = preSolution
	EndGlobalSection
	GlobalSection(ProjectConfigurationPlatforms) = postSolution
	EndGlobalSection
	GlobalSection(SolutionProperties) = preSolution
		HideSolutionNode = FALSE
	EndGlobalSection
	GlobalSection(ExtensibilityGlobals) = postSolution
		SolutionGuid = {1D4FFD45-22AF-439E-BB71-08DB7CE4319B}
	EndGlobalSection
EndGlobal
