Microsoft Visual Studio Solution File, Format Version 12.00
# Visual Studio Version 17
Project("{FAE04EC0-301F-11D3-BF4B-00C04F79EFBC}") = "LempelZivWelch", "LempelZivWelch\LempelZivWelch.csproj", "{2BFDA89F-1FE3-499B-9AAF-3E16E2E780AB}"
EndProject
Project("{FAE04EC0-301F-11D3-BF4B-00C04F79EFBC}") = "LempelZivWelchTest", "LempelZivWelchTest\LempelZivWelchTest.csproj", "{02629562-D85A-4FB7-BD62-48C095EE0898}"
EndProject
Global
	GlobalSection(SolutionConfigurationPlatforms) = preSolution
	EndGlobalSection
	GlobalSection(ProjectConfigurationPlatforms) = postSolution
	EndGlobalSection
	GlobalSection(SolutionProperties) = preSolution
		HideSolutionNode = FALSE
	EndGlobalSection
	GlobalSection(ExtensibilityGlobals) = postSolution
		SolutionGuid = {E5C22274-0AC0-49EB-A74C-951BB9176CAC}
	EndGlobalSection
EndGlobal
