Microsoft Visual Studio Solution File, Format Version 12.00
# Visual Studio Version 17
Project("{FAE04EC0-301F-11D3-BF4B-00C04F79EFBC}") = "CocktailShakerSort", "CocktailShakerSort\CocktailShakerSort.csproj", "{0B4391DD-0655-41C9-A3F7-866B89DF8DB6}"
EndProject
Project("{FAE04EC0-301F-11D3-BF4B-00C04F79EFBC}") = "CocktailShakerSortTest", "CocktailShakerSortTest\CocktailShakerSortTest.csproj", "{2A5C695A-FB48-401F-B78A-2CB1CF45E8BB}"
EndProject
Global
	GlobalSection(SolutionConfigurationPlatforms) = preSolution
	EndGlobalSection
	GlobalSection(ProjectConfigurationPlatforms) = postSolution
	EndGlobalSection
	GlobalSection(SolutionProperties) = preSolution
		HideSolutionNode = FALSE
	EndGlobalSection
	GlobalSection(ExtensibilityGlobals) = postSolution
		SolutionGuid = {BAA4583B-7E29-4A9C-8B8F-0170047390C1}
	EndGlobalSection
EndGlobal
