Microsoft Visual Studio Solution File, Format Version 12.00
# Visual Studio Version 17
Project("{FAE04EC0-301F-11D3-BF4B-00C04F79EFBC}") = "PulseNeuralNetworks", "PulseNeuralNetworks\PulseNeuralNetworks.csproj", "{88CA59F6-DB6C-4785-B0CC-E0E77F042E0A}"
EndProject
Project("{FAE04EC0-301F-11D3-BF4B-00C04F79EFBC}") = "PulseNeuralNetworksTest", "PulseNeuralNetworksTest\PulseNeuralNetworksTest.csproj", "{811C8055-6ED9-4072-BB51-049A0E0896AF}"
EndProject
Global
	GlobalSection(SolutionConfigurationPlatforms) = preSolution
	EndGlobalSection
	GlobalSection(ProjectConfigurationPlatforms) = postSolution
	EndGlobalSection
	GlobalSection(SolutionProperties) = preSolution
		HideSolutionNode = FALSE
	EndGlobalSection
	GlobalSection(ExtensibilityGlobals) = postSolution
		SolutionGuid = {115CC5AB-82A8-4295-AB8B-972CB2A7E838}
	EndGlobalSection
EndGlobal
