Microsoft Visual Studio Solution File, Format Version 12.00
# Visual Studio Version 17
Project("{FAE04EC0-301F-11D3-BF4B-00C04F79EFBC}") = "GibbsSampling", "GibbsSampling\GibbsSampling.csproj", "{99661F77-C602-4FC8-B98D-0EDA3A6E86BF}"
EndProject
Project("{FAE04EC0-301F-11D3-BF4B-00C04F79EFBC}") = "GibbsSamplingTest", "GibbsSamplingTest\GibbsSamplingTest.csproj", "{2601F849-C450-4694-9C51-404BF8197786}"
EndProject
Global
	GlobalSection(SolutionConfigurationPlatforms) = preSolution
	EndGlobalSection
	GlobalSection(ProjectConfigurationPlatforms) = postSolution
	EndGlobalSection
	GlobalSection(SolutionProperties) = preSolution
		HideSolutionNode = FALSE
	EndGlobalSection
	GlobalSection(ExtensibilityGlobals) = postSolution
		SolutionGuid = {BD7F9432-FB42-425A-A169-41AE5F256ED3}
	EndGlobalSection
EndGlobal
