Microsoft Visual Studio Solution File, Format Version 12.00
# Visual Studio Version 17
Project("{FAE04EC0-301F-11D3-BF4B-00C04F79EFBC}") = "HybridMonteCarlo", "HybridMonteCarlo\HybridMonteCarlo.csproj", "{FBF08B68-1BDF-4B87-B349-778566657FC7}"
EndProject
Project("{FAE04EC0-301F-11D3-BF4B-00C04F79EFBC}") = "HybridMonteCarloTest", "HybridMonteCarloTest\HybridMonteCarloTest.csproj", "{1F7AA2AC-ABB2-4406-A5B0-403672E3FDB8}"
EndProject
Global
	GlobalSection(SolutionConfigurationPlatforms) = preSolution
	EndGlobalSection
	GlobalSection(ProjectConfigurationPlatforms) = postSolution
	EndGlobalSection
	GlobalSection(SolutionProperties) = preSolution
		HideSolutionNode = FALSE
	EndGlobalSection
	GlobalSection(ExtensibilityGlobals) = postSolution
		SolutionGuid = {D6437861-C32D-41DA-876C-9DBBA10EC267}
	EndGlobalSection
EndGlobal
