Microsoft Visual Studio Solution File, Format Version 12.00
# Visual Studio Version 17
Project("{FAE04EC0-301F-11D3-BF4B-00C04F79EFBC}") = "TridiagonalMatrixAlgorithm", "TridiagonalMatrixAlgorithm\TridiagonalMatrixAlgorithm.csproj", "{A911F651-A1E7-4EB2-A516-D207A839D90D}"
EndProject
Project("{FAE04EC0-301F-11D3-BF4B-00C04F79EFBC}") = "TridiagonalMatrixAlgorithmTest", "TridiagonalMatrixAlgorithmTest\TridiagonalMatrixAlgorithmTest.csproj", "{57AB4430-A432-4E75-A3C1-CC910486847E}"
EndProject
Global
	GlobalSection(SolutionConfigurationPlatforms) = preSolution
	EndGlobalSection
	GlobalSection(ProjectConfigurationPlatforms) = postSolution
	EndGlobalSection
	GlobalSection(SolutionProperties) = preSolution
		HideSolutionNode = FALSE
	EndGlobalSection
	GlobalSection(ExtensibilityGlobals) = postSolution
		SolutionGuid = {B9BE6B01-5AE0-4DB0-9D00-E862AF29AC9D}
	EndGlobalSection
EndGlobal
