Microsoft Visual Studio Solution File, Format Version 12.00
# Visual Studio Version 17
Project("{FAE04EC0-301F-11D3-BF4B-00C04F79EFBC}") = "MiserAlgorithm", "MiserAlgorithm\MiserAlgorithm.csproj", "{82B4909B-D152-4DE4-9998-F76F8DF4A6EC}"
EndProject
Project("{FAE04EC0-301F-11D3-BF4B-00C04F79EFBC}") = "MiserAlgorithmTest", "MiserAlgorithmTest\MiserAlgorithmTest.csproj", "{28D3295B-5EC2-449C-A8A1-66FA69FC99A7}"
EndProject
Global
	GlobalSection(SolutionConfigurationPlatforms) = preSolution
	EndGlobalSection
	GlobalSection(ProjectConfigurationPlatforms) = postSolution
	EndGlobalSection
	GlobalSection(SolutionProperties) = preSolution
		HideSolutionNode = FALSE
	EndGlobalSection
	GlobalSection(ExtensibilityGlobals) = postSolution
		SolutionGuid = {5C454DFB-9B5E-44DE-8891-DECC3E08EC1D}
	EndGlobalSection
EndGlobal
