Microsoft Visual Studio Solution File, Format Version 12.00
# Visual Studio Version 17
Project("{FAE04EC0-301F-11D3-BF4B-00C04F79EFBC}") = "RichardsonLucyDeconvolution", "RichardsonLucyDeconvolution\RichardsonLucyDeconvolution.csproj", "{2FB35E06-A85E-4F66-BA31-783E59E35647}"
EndProject
Project("{FAE04EC0-301F-11D3-BF4B-00C04F79EFBC}") = "RichardsonLucyDeconvolutionTest", "RichardsonLucyDeconvolutionTest\RichardsonLucyDeconvolutionTest.csproj", "{8D824621-4117-4E4C-805D-983F3D7B15E2}"
EndProject
Global
	GlobalSection(SolutionConfigurationPlatforms) = preSolution
	EndGlobalSection
	GlobalSection(ProjectConfigurationPlatforms) = postSolution
	EndGlobalSection
	GlobalSection(SolutionProperties) = preSolution
		HideSolutionNode = FALSE
	EndGlobalSection
	GlobalSection(ExtensibilityGlobals) = postSolution
		SolutionGuid = {92DEAAB3-0BB7-45DA-B758-DC0803A3A11B}
	EndGlobalSection
EndGlobal
