Microsoft Visual Studio Solution File, Format Version 12.00
# Visual Studio Version 17
Project("{FAE04EC0-301F-11D3-BF4B-00C04F79EFBC}") = "Rsa", "Rsa\Rsa.csproj", "{71C0AFE0-4119-444C-A644-18159234E3BA}"
EndProject
Project("{FAE04EC0-301F-11D3-BF4B-00C04F79EFBC}") = "RsaTest", "RsaTest\RsaTest.csproj", "{900F2C91-B67C-4E77-BE3A-B611BCEED97E}"
EndProject
Global
	GlobalSection(SolutionConfigurationPlatforms) = preSolution
	EndGlobalSection
	GlobalSection(ProjectConfigurationPlatforms) = postSolution
	EndGlobalSection
	GlobalSection(SolutionProperties) = preSolution
		HideSolutionNode = FALSE
	EndGlobalSection
	GlobalSection(ExtensibilityGlobals) = postSolution
		SolutionGuid = {EB4F06E8-9B18-4F88-9C7E-2D71EC80107D}
	EndGlobalSection
EndGlobal
