Microsoft Visual Studio Solution File, Format Version 12.00
# Visual Studio Version 17
Project("{FAE04EC0-301F-11D3-BF4B-00C04F79EFBC}") = "SurfFeatureDetector", "SurfFeatureDetector\SurfFeatureDetector.csproj", "{A05AD723-1CA6-4037-8C6E-BB147CA15154}"
EndProject
Project("{FAE04EC0-301F-11D3-BF4B-00C04F79EFBC}") = "SurfFeatureDetectorTest", "SurfFeatureDetectorTest\SurfFeatureDetectorTest.csproj", "{E69DB94F-13B2-43E2-92FA-A0D51E52BB76}"
EndProject
Global
	GlobalSection(SolutionConfigurationPlatforms) = preSolution
	EndGlobalSection
	GlobalSection(ProjectConfigurationPlatforms) = postSolution
	EndGlobalSection
	GlobalSection(SolutionProperties) = preSolution
		HideSolutionNode = FALSE
	EndGlobalSection
	GlobalSection(ExtensibilityGlobals) = postSolution
		SolutionGuid = {55ABE928-2B48-46FF-A30E-606CD50A7089}
	EndGlobalSection
EndGlobal
