Microsoft Visual Studio Solution File, Format Version 12.00
# Visual Studio Version 17
Project("{FAE04EC0-301F-11D3-BF4B-00C04F79EFBC}") = "FELICSImageCompression", "FELICSImageCompression\FELICSImageCompression.csproj", "{63F06F7C-7076-4CD7-AE04-BFC8D345A720}"
EndProject
Project("{FAE04EC0-301F-11D3-BF4B-00C04F79EFBC}") = "FELICSImageCompressionTest", "FELICSImageCompressionTest\FELICSImageCompressionTest.csproj", "{0406A83F-0FCF-44F1-92D4-085216641C5F}"
EndProject
Global
	GlobalSection(SolutionConfigurationPlatforms) = preSolution
	EndGlobalSection
	GlobalSection(ProjectConfigurationPlatforms) = postSolution
	EndGlobalSection
	GlobalSection(SolutionProperties) = preSolution
		HideSolutionNode = FALSE
	EndGlobalSection
	GlobalSection(ExtensibilityGlobals) = postSolution
		SolutionGuid = {52E90D7A-DD2E-442F-BD6D-7B340643BC98}
	EndGlobalSection
EndGlobal
