Microsoft Visual Studio Solution File, Format Version 12.00
# Visual Studio Version 17
Project("{FAE04EC0-301F-11D3-BF4B-00C04F79EFBC}") = "BoothsMultiplicationAlgorithm", "BoothsMultiplicationAlgorithm\BoothsMultiplicationAlgorithm.csproj", "{C0BAEE6B-35A8-4277-8D4D-D44A20495B04}"
EndProject
Project("{FAE04EC0-301F-11D3-BF4B-00C04F79EFBC}") = "BoothsMultiplicationAlgorithmTest", "BoothsMultiplicationAlgorithmTest\BoothsMultiplicationAlgorithmTest.csproj", "{0CF1916D-F836-4A32-A9C4-2A50CB8CA846}"
EndProject
Global
	GlobalSection(SolutionConfigurationPlatforms) = preSolution
	EndGlobalSection
	GlobalSection(ProjectConfigurationPlatforms) = postSolution
	EndGlobalSection
	GlobalSection(SolutionProperties) = preSolution
		HideSolutionNode = FALSE
	EndGlobalSection
	GlobalSection(ExtensibilityGlobals) = postSolution
		SolutionGuid = {0A73CE3F-64BF-4613-A131-284F2922EBDE}
	EndGlobalSection
EndGlobal
