Microsoft Visual Studio Solution File, Format Version 12.00
# Visual Studio Version 17
Project("{FAE04EC0-301F-11D3-BF4B-00C04F79EFBC}") = "SukhotinsAlgorithm", "SukhotinsAlgorithm\SukhotinsAlgorithm.csproj", "{AB6E7D9C-1622-4942-9AFA-9D62F7A5923E}"
EndProject
Project("{FAE04EC0-301F-11D3-BF4B-00C04F79EFBC}") = "SukhotinsAlgorithmTest", "SukhotinsAlgorithmTest\SukhotinsAlgorithmTest.csproj", "{E5072D98-4815-4CBA-8559-A0651A9FC637}"
EndProject
Global
	GlobalSection(SolutionConfigurationPlatforms) = preSolution
	EndGlobalSection
	GlobalSection(ProjectConfigurationPlatforms) = postSolution
	EndGlobalSection
	GlobalSection(SolutionProperties) = preSolution
		HideSolutionNode = FALSE
	EndGlobalSection
	GlobalSection(ExtensibilityGlobals) = postSolution
		SolutionGuid = {D21AF92F-92DB-41E0-9C81-A751D29A2575}
	EndGlobalSection
EndGlobal
