Microsoft Visual Studio Solution File, Format Version 12.00
# Visual Studio Version 17
Project("{FAE04EC0-301F-11D3-BF4B-00C04F79EFBC}") = "QuickSortDivide", "QuickSortDivide\QuickSortDivide.csproj", "{DE3976B5-173F-4DBF-989E-2FA0755E63EA}"
EndProject
Project("{FAE04EC0-301F-11D3-BF4B-00C04F79EFBC}") = "QuickSortDivideTest", "QuickSortDivideTest\QuickSortDivideTest.csproj", "{81C78DF9-3F22-477F-A246-36567F3D07DD}"
EndProject
Global
	GlobalSection(SolutionConfigurationPlatforms) = preSolution
	EndGlobalSection
	GlobalSection(ProjectConfigurationPlatforms) = postSolution
	EndGlobalSection
	GlobalSection(SolutionProperties) = preSolution
		HideSolutionNode = FALSE
	EndGlobalSection
	GlobalSection(ExtensibilityGlobals) = postSolution
		SolutionGuid = {224CF6F3-FB5B-42D2-86B3-DBFA0DFD6B24}
	EndGlobalSection
EndGlobal
