Microsoft Visual Studio Solution File, Format Version 12.00
# Visual Studio Version 17
Project("{FAE04EC0-301F-11D3-BF4B-00C04F79EFBC}") = "BailliePSWTest", "BailliePSWTest\BailliePSWTest.csproj", "{FF3D4430-1F27-4768-A457-611B7E46604D}"
EndProject
Project("{FAE04EC0-301F-11D3-BF4B-00C04F79EFBC}") = "BailliePSWTestTest", "BailliePSWTestTest\BailliePSWTestTest.csproj", "{F96A2D36-26B6-4AA9-85EA-8849F8BC3C88}"
EndProject
Global
	GlobalSection(SolutionConfigurationPlatforms) = preSolution
	EndGlobalSection
	GlobalSection(ProjectConfigurationPlatforms) = postSolution
	EndGlobalSection
	GlobalSection(SolutionProperties) = preSolution
		HideSolutionNode = FALSE
	EndGlobalSection
	GlobalSection(ExtensibilityGlobals) = postSolution
		SolutionGuid = {F9944CFF-7FD7-4829-B01B-A0D05BC0E1D5}
	EndGlobalSection
EndGlobal
