Microsoft Visual Studio Solution File, Format Version 12.00
# Visual Studio Version 17
Project("{FAE04EC0-301F-11D3-BF4B-00C04F79EFBC}") = "TopologicalSort", "TopologicalSort\TopologicalSort.csproj", "{DC801BB2-A893-491D-94D9-6D87E54A1D76}"
EndProject
Project("{FAE04EC0-301F-11D3-BF4B-00C04F79EFBC}") = "TopologicalSortTest", "TopologicalSortTest\TopologicalSortTest.csproj", "{0013525A-BC1E-485A-B194-35693371EA7C}"
EndProject
Global
	GlobalSection(SolutionConfigurationPlatforms) = preSolution
	EndGlobalSection
	GlobalSection(ProjectConfigurationPlatforms) = postSolution
	EndGlobalSection
	GlobalSection(SolutionProperties) = preSolution
		HideSolutionNode = FALSE
	EndGlobalSection
	GlobalSection(ExtensibilityGlobals) = postSolution
		SolutionGuid = {7F257F67-BF86-4C73-A57D-D919C10DE8A0}
	EndGlobalSection
EndGlobal
