Microsoft Visual Studio Solution File, Format Version 12.00
# Visual Studio Version 17
Project("{FAE04EC0-301F-11D3-BF4B-00C04F79EFBC}") = "WatershedTransformation", "WatershedTransformation\WatershedTransformation.csproj", "{10148A0C-2AB9-4347-80CD-421075ADB57B}"
EndProject
Project("{FAE04EC0-301F-11D3-BF4B-00C04F79EFBC}") = "WatershedTransformationTest", "WatershedTransformationTest\WatershedTransformationTest.csproj", "{4A2996D0-AC5B-4F41-9861-04FDF7115518}"
EndProject
Global
	GlobalSection(SolutionConfigurationPlatforms) = preSolution
	EndGlobalSection
	GlobalSection(ProjectConfigurationPlatforms) = postSolution
	EndGlobalSection
	GlobalSection(SolutionProperties) = preSolution
		HideSolutionNode = FALSE
	EndGlobalSection
	GlobalSection(ExtensibilityGlobals) = postSolution
		SolutionGuid = {BF0C323D-DB36-4C0B-AF1D-AF06A5736E72}
	EndGlobalSection
EndGlobal
