Microsoft Visual Studio Solution File, Format Version 12.00
# Visual Studio Version 17
Project("{FAE04EC0-301F-11D3-BF4B-00C04F79EFBC}") = "ShortestRemainingTime", "ShortestRemainingTime\ShortestRemainingTime.csproj", "{249FC6A2-6245-4795-AC10-EC053517933E}"
EndProject
Project("{FAE04EC0-301F-11D3-BF4B-00C04F79EFBC}") = "ShortestRemainingTimeTest", "ShortestRemainingTimeTest\ShortestRemainingTimeTest.csproj", "{5E4D3253-1724-40E5-A257-1E769F6D794A}"
EndProject
Global
	GlobalSection(SolutionConfigurationPlatforms) = preSolution
	EndGlobalSection
	GlobalSection(ProjectConfigurationPlatforms) = postSolution
	EndGlobalSection
	GlobalSection(SolutionProperties) = preSolution
		HideSolutionNode = FALSE
	EndGlobalSection
	GlobalSection(ExtensibilityGlobals) = postSolution
		SolutionGuid = {2E2C461F-B45D-4F79-9BD9-2E7153D4C965}
	EndGlobalSection
EndGlobal
