Microsoft Visual Studio Solution File, Format Version 12.00
# Visual Studio Version 17
Project("{FAE04EC0-301F-11D3-BF4B-00C04F79EFBC}") = "SmoothGamerSort", "SmoothGamerSort\SmoothGamerSort.csproj", "{9474F3B9-A80D-4DF3-BF1C-5FD82AF0F2C1}"
EndProject
Project("{FAE04EC0-301F-11D3-BF4B-00C04F79EFBC}") = "SmoothGamerSortTest", "SmoothGamerSortTest\SmoothGamerSortTest.csproj", "{40AF1F92-FE55-4EF7-BFDB-048E04C49D19}"
EndProject
Global
	GlobalSection(SolutionConfigurationPlatforms) = preSolution
	EndGlobalSection
	GlobalSection(ProjectConfigurationPlatforms) = postSolution
	EndGlobalSection
	GlobalSection(SolutionProperties) = preSolution
		HideSolutionNode = FALSE
	EndGlobalSection
	GlobalSection(ExtensibilityGlobals) = postSolution
		SolutionGuid = {2E63CA3C-B7F3-4E1D-B0A5-EDBE4B89DBAF}
	EndGlobalSection
EndGlobal
