Microsoft Visual Studio Solution File, Format Version 12.00
# Visual Studio Version 17
Project("{FAE04EC0-301F-11D3-BF4B-00C04F79EFBC}") = "TernarySearch", "TernarySearch\TernarySearch.csproj", "{C1AF2A07-4D20-4DD5-8A3D-A26CA60C056C}"
EndProject
Project("{FAE04EC0-301F-11D3-BF4B-00C04F79EFBC}") = "TernarySearchTest", "TernarySearchTest\TernarySearchTest.csproj", "{67C05F2D-A439-47E9-B115-2B325A467469}"
EndProject
Global
	GlobalSection(SolutionConfigurationPlatforms) = preSolution
	EndGlobalSection
	GlobalSection(ProjectConfigurationPlatforms) = postSolution
	EndGlobalSection
	GlobalSection(SolutionProperties) = preSolution
		HideSolutionNode = FALSE
	EndGlobalSection
	GlobalSection(ExtensibilityGlobals) = postSolution
		SolutionGuid = {49691437-8614-4F89-82D0-0ADF121574F7}
	EndGlobalSection
EndGlobal
