Microsoft Visual Studio Solution File, Format Version 12.00
# Visual Studio Version 17
Project("{FAE04EC0-301F-11D3-BF4B-00C04F79EFBC}") = "CuthillMcKeeAlgorithm", "CuthillMcKeeAlgorithm\CuthillMcKeeAlgorithm.csproj", "{50079499-D42B-439F-95BF-837C27D400D8}"
EndProject
Project("{FAE04EC0-301F-11D3-BF4B-00C04F79EFBC}") = "CuthillMcKeeAlgorithmTest", "CuthillMcKeeAlgorithmTest\CuthillMcKeeAlgorithmTest.csproj", "{CCEF167B-FDBB-4DA0-A891-6492AD4D95E7}"
EndProject
Global
	GlobalSection(SolutionConfigurationPlatforms) = preSolution
	EndGlobalSection
	GlobalSection(ProjectConfigurationPlatforms) = postSolution
	EndGlobalSection
	GlobalSection(SolutionProperties) = preSolution
		HideSolutionNode = FALSE
	EndGlobalSection
	GlobalSection(ExtensibilityGlobals) = postSolution
		SolutionGuid = {224EFE35-0C04-4908-ADF3-505676FB6A61}
	EndGlobalSection
EndGlobal
