Microsoft Visual Studio Solution File, Format Version 12.00
# Visual Studio Version 17
VisualStudioVersion = 17.13.35806.99 d17.13
MinimumVisualStudioVersion = 10.0.40219.1
Project("{FAE04EC0-301F-11D3-BF4B-00C04F79EFBC}") = "HopcroftMooreBrzozowski", "HopcroftMooreBrzozowski\HopcroftMooreBrzozowski.csproj", "{6AA0C6CE-85F2-4BEE-9D24-5B71663DC817}"
EndProject
Project("{FAE04EC0-301F-11D3-BF4B-00C04F79EFBC}") = "HopcroftMooreBrzozowskiTest", "HopcroftMooreBrzozowskiTest\HopcroftMooreBrzozowskiTest.csproj", "{34DCD417-E432-4D6F-B398-6720CCE4AC8B}"
EndProject
Global
	GlobalSection(SolutionConfigurationPlatforms) = preSolution
		Debug|Any CPU = Debug|Any CPU
		Release|Any CPU = Release|Any CPU
	EndGlobalSection
	GlobalSection(ProjectConfigurationPlatforms) = postSolution
		{6AA0C6CE-85F2-4BEE-9D24-5B71663DC817}.Debug|Any CPU.ActiveCfg = Debug|Any CPU
		{6AA0C6CE-85F2-4BEE-9D24-5B71663DC817}.Debug|Any CPU.Build.0 = Debug|Any CPU
		{6AA0C6CE-85F2-4BEE-9D24-5B71663DC817}.Release|Any CPU.ActiveCfg = Release|Any CPU
		{6AA0C6CE-85F2-4BEE-9D24-5B71663DC817}.Release|Any CPU.Build.0 = Release|Any CPU
		{34DCD417-E432-4D6F-B398-6720CCE4AC8B}.Debug|Any CPU.ActiveCfg = Debug|Any CPU
		{34DCD417-E432-4D6F-B398-6720CCE4AC8B}.Debug|Any CPU.Build.0 = Debug|Any CPU
		{34DCD417-E432-4D6F-B398-6720CCE4AC8B}.Release|Any CPU.ActiveCfg = Release|Any CPU
		{34DCD417-E432-4D6F-B398-6720CCE4AC8B}.Release|Any CPU.Build.0 = Release|Any CPU
	EndGlobalSection
	GlobalSection(SolutionProperties) = preSolution
		HideSolutionNode = FALSE
	EndGlobalSection
	GlobalSection(ExtensibilityGlobals) = postSolution
		SolutionGuid = {85DB26A0-8E3E-4877-9035-208AD9511453}
	EndGlobalSection
EndGlobal
