Microsoft Visual Studio Solution File, Format Version 12.00
# Visual Studio Version 17
Project("{FAE04EC0-301F-11D3-BF4B-00C04F79EFBC}") = "DifferenceMapAlgorithm", "DifferenceMapAlgorithm\DifferenceMapAlgorithm.csproj", "{BEC9993E-98F8-4F26-AAEB-4B3ABA936BCA}"
EndProject
Project("{FAE04EC0-301F-11D3-BF4B-00C04F79EFBC}") = "DifferenceMapAlgorithmTest", "DifferenceMapAlgorithmTest\DifferenceMapAlgorithmTest.csproj", "{9C75A1B3-E6DB-4E99-8C2B-7357E991F2C7}"
EndProject
Global
	GlobalSection(SolutionConfigurationPlatforms) = preSolution
	EndGlobalSection
	GlobalSection(ProjectConfigurationPlatforms) = postSolution
	EndGlobalSection
	GlobalSection(SolutionProperties) = preSolution
		HideSolutionNode = FALSE
	EndGlobalSection
	GlobalSection(ExtensibilityGlobals) = postSolution
		SolutionGuid = {BAB6BBEC-893E-4483-8F59-D732E74DDFBD}
	EndGlobalSection
EndGlobal
