Microsoft Visual Studio Solution File, Format Version 12.00
# Visual Studio Version 17
Project("{FAE04EC0-301F-11D3-BF4B-00C04F79EFBC}") = "PushRelabelAlgorithm", "PushRelabelAlgorithm\PushRelabelAlgorithm.csproj", "{6E5FE25B-2BB8-4ED9-B68F-75D9F9A3CD53}"
EndProject
Project("{FAE04EC0-301F-11D3-BF4B-00C04F79EFBC}") = "PushRelabelAlgorithmTest", "PushRelabelAlgorithmTest\PushRelabelAlgorithmTest.csproj", "{27A85081-322F-47CB-B2AE-C2A9E7FC6BBB}"
EndProject
Global
	GlobalSection(SolutionConfigurationPlatforms) = preSolution
	EndGlobalSection
	GlobalSection(ProjectConfigurationPlatforms) = postSolution
	EndGlobalSection
	GlobalSection(SolutionProperties) = preSolution
		HideSolutionNode = FALSE
	EndGlobalSection
	GlobalSection(ExtensibilityGlobals) = postSolution
		SolutionGuid = {3BC408CA-0D2D-4EDE-8B22-D75B84A3FAF1}
	EndGlobalSection
EndGlobal
