Microsoft Visual Studio Solution File, Format Version 12.00
# Visual Studio Version 17
Project("{FAE04EC0-301F-11D3-BF4B-00C04F79EFBC}") = "NestedSamplingAlgorithm", "NestedSamplingAlgorithm\NestedSamplingAlgorithm.csproj", "{D5FC4C09-BDC9-4D7C-849B-22745942D55E}"
EndProject
Project("{FAE04EC0-301F-11D3-BF4B-00C04F79EFBC}") = "NestedSamplingAlgorithmTest", "NestedSamplingAlgorithmTest\NestedSamplingAlgorithmTest.csproj", "{1B095FC6-E677-4A5D-8855-329D0E95A555}"
EndProject
Global
	GlobalSection(SolutionConfigurationPlatforms) = preSolution
	EndGlobalSection
	GlobalSection(ProjectConfigurationPlatforms) = postSolution
	EndGlobalSection
	GlobalSection(SolutionProperties) = preSolution
		HideSolutionNode = FALSE
	EndGlobalSection
	GlobalSection(ExtensibilityGlobals) = postSolution
		SolutionGuid = {89BA70C9-2D95-4EF6-85E1-16B7BD30F6D9}
	EndGlobalSection
EndGlobal
