Microsoft Visual Studio Solution File, Format Version 12.00
# Visual Studio Version 17
Project("{FAE04EC0-301F-11D3-BF4B-00C04F79EFBC}") = "NonRestoringDivision", "NonRestoringDivision\NonRestoringDivision.csproj", "{144D7DEF-C5DF-44AF-A827-FBF934F93321}"
EndProject
Project("{FAE04EC0-301F-11D3-BF4B-00C04F79EFBC}") = "NonRestoringDivisionTest", "NonRestoringDivisionTest\NonRestoringDivisionTest.csproj", "{91237479-79B8-4A96-9F7A-41CF64FF1BC7}"
EndProject
Global
	GlobalSection(SolutionConfigurationPlatforms) = preSolution
	EndGlobalSection
	GlobalSection(ProjectConfigurationPlatforms) = postSolution
	EndGlobalSection
	GlobalSection(SolutionProperties) = preSolution
		HideSolutionNode = FALSE
	EndGlobalSection
	GlobalSection(ExtensibilityGlobals) = postSolution
		SolutionGuid = {7F608D5C-06DE-42F0-B07A-8DCCCCE17708}
	EndGlobalSection
EndGlobal
