Microsoft Visual Studio Solution File, Format Version 12.00
# Visual Studio Version 17
Project("{FAE04EC0-301F-11D3-BF4B-00C04F79EFBC}") = "CykAlgorithm", "CykAlgorithm\CykAlgorithm.csproj", "{F92805F1-AEE0-46BD-8657-694A65EB2548}"
EndProject
Project("{FAE04EC0-301F-11D3-BF4B-00C04F79EFBC}") = "CykAlgorithmTest", "CykAlgorithmTest\CykAlgorithmTest.csproj", "{FC0860A8-E22B-4F7C-B379-6842592DF38D}"
EndProject
Global
	GlobalSection(SolutionConfigurationPlatforms) = preSolution
	EndGlobalSection
	GlobalSection(ProjectConfigurationPlatforms) = postSolution
	EndGlobalSection
	GlobalSection(SolutionProperties) = preSolution
		HideSolutionNode = FALSE
	EndGlobalSection
	GlobalSection(ExtensibilityGlobals) = postSolution
		SolutionGuid = {1B623D49-D7AA-4FF6-B59F-17FF001FCDFF}
	EndGlobalSection
EndGlobal
