Microsoft Visual Studio Solution File, Format Version 12.00
# Visual Studio Version 17
Project("{FAE04EC0-301F-11D3-BF4B-00C04F79EFBC}") = "BoruvkasAlgorithm", "BoruvkasAlgorithm\BoruvkasAlgorithm.csproj", "{8B37BC1A-5FC4-4805-97FA-4D901BA5BD7A}"
EndProject
Project("{FAE04EC0-301F-11D3-BF4B-00C04F79EFBC}") = "BoruvkasAlgorithmTest", "BoruvkasAlgorithmTest\BoruvkasAlgorithmTest.csproj", "{D4886B8F-31DC-45AA-93A8-ABB4CA13F14E}"
EndProject
Global
	GlobalSection(SolutionConfigurationPlatforms) = preSolution
	EndGlobalSection
	GlobalSection(ProjectConfigurationPlatforms) = postSolution
	EndGlobalSection
	GlobalSection(SolutionProperties) = preSolution
		HideSolutionNode = FALSE
	EndGlobalSection
	GlobalSection(ExtensibilityGlobals) = postSolution
		SolutionGuid = {4C27F7FE-1DFE-47C3-8172-711C17649948}
	EndGlobalSection
EndGlobal
