Microsoft Visual Studio Solution File, Format Version 12.00
# Visual Studio Version 17
Project("{FAE04EC0-301F-11D3-BF4B-00C04F79EFBC}") = "SmithWatermanAlgorithm", "SmithWatermanAlgorithm\SmithWatermanAlgorithm.csproj", "{5382C779-3E1D-4AEE-9DB6-2C3666A900AF}"
EndProject
Project("{FAE04EC0-301F-11D3-BF4B-00C04F79EFBC}") = "SmithWatermanAlgorithmTest", "SmithWatermanAlgorithmTest\SmithWatermanAlgorithmTest.csproj", "{5112CB4F-CB9A-4B1A-8ECD-CB7817CB254E}"
EndProject
Global
	GlobalSection(SolutionConfigurationPlatforms) = preSolution
	EndGlobalSection
	GlobalSection(ProjectConfigurationPlatforms) = postSolution
	EndGlobalSection
	GlobalSection(SolutionProperties) = preSolution
		HideSolutionNode = FALSE
	EndGlobalSection
	GlobalSection(ExtensibilityGlobals) = postSolution
		SolutionGuid = {F698048A-2C50-4233-BFF6-071DC1326E49}
	EndGlobalSection
EndGlobal
