Microsoft Visual Studio Solution File, Format Version 12.00
# Visual Studio Version 17
Project("{FAE04EC0-301F-11D3-BF4B-00C04F79EFBC}") = "SemiSpaceCollector", "SemiSpaceCollector\SemiSpaceCollector.csproj", "{A96D8B2B-B4A9-4239-A131-3DAA2B7D8D60}"
EndProject
Project("{FAE04EC0-301F-11D3-BF4B-00C04F79EFBC}") = "SemiSpaceCollectorTest", "SemiSpaceCollectorTest\SemiSpaceCollectorTest.csproj", "{C194B061-0140-4FD1-9E23-9465A438A418}"
EndProject
Global
	GlobalSection(SolutionConfigurationPlatforms) = preSolution
	EndGlobalSection
	GlobalSection(ProjectConfigurationPlatforms) = postSolution
	EndGlobalSection
	GlobalSection(SolutionProperties) = preSolution
		HideSolutionNode = FALSE
	EndGlobalSection
	GlobalSection(ExtensibilityGlobals) = postSolution
		SolutionGuid = {57353273-04FA-4FE4-9DD1-6244A238E42F}
	EndGlobalSection
EndGlobal
