Microsoft Visual Studio Solution File, Format Version 12.00
# Visual Studio Version 17
Project("{FAE04EC0-301F-11D3-BF4B-00C04F79EFBC}") = "IntersectionClockSynchronization", "IntersectionClockSynchronization\IntersectionClockSynchronization.csproj", "{F0CDA798-8CBA-46AB-86D8-DBF0A5662E75}"
EndProject
Project("{FAE04EC0-301F-11D3-BF4B-00C04F79EFBC}") = "IntersectionClockSynchronizationTest", "IntersectionClockSynchronizationTest\IntersectionClockSynchronizationTest.csproj", "{DA272D41-337E-45F9-B117-4EAE98B12BE5}"
EndProject
Global
	GlobalSection(SolutionConfigurationPlatforms) = preSolution
	EndGlobalSection
	GlobalSection(ProjectConfigurationPlatforms) = postSolution
	EndGlobalSection
	GlobalSection(SolutionProperties) = preSolution
		HideSolutionNode = FALSE
	EndGlobalSection
	GlobalSection(ExtensibilityGlobals) = postSolution
		SolutionGuid = {7B2BEA86-FC6B-49B3-A265-EECE11B2DC6C}
	EndGlobalSection
EndGlobal
