Microsoft Visual Studio Solution File, Format Version 12.00
# Visual Studio Version 17
Project("{FAE04EC0-301F-11D3-BF4B-00C04F79EFBC}") = "QuadraticSieve", "QuadraticSieve\QuadraticSieve.csproj", "{3D59DC24-BC1D-471D-B72F-8171E3C0E4AE}"
EndProject
Project("{FAE04EC0-301F-11D3-BF4B-00C04F79EFBC}") = "QuadraticSieveTest", "QuadraticSieveTest\QuadraticSieveTest.csproj", "{66BBBB1C-27DB-4AC2-BFE8-A30E4F1DD7BB}"
EndProject
Global
	GlobalSection(SolutionConfigurationPlatforms) = preSolution
	EndGlobalSection
	GlobalSection(ProjectConfigurationPlatforms) = postSolution
	EndGlobalSection
	GlobalSection(SolutionProperties) = preSolution
		HideSolutionNode = FALSE
	EndGlobalSection
	GlobalSection(ExtensibilityGlobals) = postSolution
		SolutionGuid = {DF8E44DA-13C2-4E0E-A598-E6A0819E16B4}
	EndGlobalSection
EndGlobal
