Microsoft Visual Studio Solution File, Format Version 12.00
# Visual Studio Version 17
Project("{FAE04EC0-301F-11D3-BF4B-00C04F79EFBC}") = "HeapSort", "HeapSort\HeapSort.csproj", "{4933D3CE-B177-481D-B11A-4B2576C3C0BB}"
EndProject
Project("{FAE04EC0-301F-11D3-BF4B-00C04F79EFBC}") = "HeapSortTest", "HeapSortTest\HeapSortTest.csproj", "{5FBA45D4-583E-4F22-B3ED-F676DA05B585}"
EndProject
Global
	GlobalSection(SolutionConfigurationPlatforms) = preSolution
	EndGlobalSection
	GlobalSection(ProjectConfigurationPlatforms) = postSolution
	EndGlobalSection
	GlobalSection(SolutionProperties) = preSolution
		HideSolutionNode = FALSE
	EndGlobalSection
	GlobalSection(ExtensibilityGlobals) = postSolution
		SolutionGuid = {1EED263F-2469-4577-A604-73BEDB6DFD05}
	EndGlobalSection
EndGlobal
