Microsoft Visual Studio Solution File, Format Version 12.00
# Visual Studio Version 17
Project("{FAE04EC0-301F-11D3-BF4B-00C04F79EFBC}") = "MaximumParsimony", "MaximumParsimony\MaximumParsimony.csproj", "{EE564CC5-1781-4759-A2F5-43A9BBAA5801}"
EndProject
Project("{FAE04EC0-301F-11D3-BF4B-00C04F79EFBC}") = "MaximumParsimonyTest", "MaximumParsimonyTest\MaximumParsimonyTest.csproj", "{01A2F104-9370-449B-84E3-391BC04758DA}"
EndProject
Global
	GlobalSection(SolutionConfigurationPlatforms) = preSolution
	EndGlobalSection
	GlobalSection(ProjectConfigurationPlatforms) = postSolution
	EndGlobalSection
	GlobalSection(SolutionProperties) = preSolution
		HideSolutionNode = FALSE
	EndGlobalSection
	GlobalSection(ExtensibilityGlobals) = postSolution
		SolutionGuid = {B1ED92E0-3F89-48AB-933A-DC22D8B38B4F}
	EndGlobalSection
EndGlobal
