Microsoft Visual Studio Solution File, Format Version 12.00
# Visual Studio Version 17
Project("{FAE04EC0-301F-11D3-BF4B-00C04F79EFBC}") = "ItpMethod", "ItpMethod\ItpMethod.csproj", "{43FFFB84-2011-4B6A-A209-246C4A12BD4F}"
EndProject
Project("{FAE04EC0-301F-11D3-BF4B-00C04F79EFBC}") = "ItpMethodTest", "ItpMethodTest\ItpMethodTest.csproj", "{F3A919AC-685B-496C-B54D-4C93C30A783A}"
EndProject
Global
	GlobalSection(SolutionConfigurationPlatforms) = preSolution
	EndGlobalSection
	GlobalSection(ProjectConfigurationPlatforms) = postSolution
	EndGlobalSection
	GlobalSection(SolutionProperties) = preSolution
		HideSolutionNode = FALSE
	EndGlobalSection
	GlobalSection(ExtensibilityGlobals) = postSolution
		SolutionGuid = {414C45E7-A625-41F0-B210-B4D6DC3E3245}
	EndGlobalSection
EndGlobal
