Microsoft Visual Studio Solution File, Format Version 12.00
# Visual Studio Version 17
Project("{FAE04EC0-301F-11D3-BF4B-00C04F79EFBC}") = "SupportVectorMachine", "SupportVectorMachine\SupportVectorMachine.csproj", "{6999573C-4D93-4897-946E-AED0D6E482E6}"
EndProject
Project("{FAE04EC0-301F-11D3-BF4B-00C04F79EFBC}") = "SupportVectorMachineTest", "SupportVectorMachineTest\SupportVectorMachineTest.csproj", "{9DBA00F9-A355-41EA-9D13-E798EA93120E}"
EndProject
Global
	GlobalSection(SolutionConfigurationPlatforms) = preSolution
	EndGlobalSection
	GlobalSection(ProjectConfigurationPlatforms) = postSolution
	EndGlobalSection
	GlobalSection(SolutionProperties) = preSolution
		HideSolutionNode = FALSE
	EndGlobalSection
	GlobalSection(ExtensibilityGlobals) = postSolution
		SolutionGuid = {249325DB-5FAB-4CF1-86D2-31B33D289A96}
	EndGlobalSection
EndGlobal
