Microsoft Visual Studio Solution File, Format Version 12.00
# Visual Studio Version 17
Project("{FAE04EC0-301F-11D3-BF4B-00C04F79EFBC}") = "WACAClusteringAlgorithm", "WACAClusteringAlgorithm\WACAClusteringAlgorithm.csproj", "{55E1E695-BA3D-4D69-97A0-1E16C042719D}"
EndProject
Project("{FAE04EC0-301F-11D3-BF4B-00C04F79EFBC}") = "WACAClusteringAlgorithmTest", "WACAClusteringAlgorithmTest\WACAClusteringAlgorithmTest.csproj", "{13BCE443-D32D-43FF-AC16-0CE2D071C201}"
EndProject
Global
	GlobalSection(SolutionConfigurationPlatforms) = preSolution
	EndGlobalSection
	GlobalSection(ProjectConfigurationPlatforms) = postSolution
	EndGlobalSection
	GlobalSection(SolutionProperties) = preSolution
		HideSolutionNode = FALSE
	EndGlobalSection
	GlobalSection(ExtensibilityGlobals) = postSolution
		SolutionGuid = {110C4B49-FDA1-4FFD-9301-0BBAF6E4F596}
	EndGlobalSection
EndGlobal
