Microsoft Visual Studio Solution File, Format Version 12.00
# Visual Studio Version 17
Project("{FAE04EC0-301F-11D3-BF4B-00C04F79EFBC}") = "SlowSort", "SlowSort\SlowSort.csproj", "{8E75B4A9-F124-4C85-948C-471A2B7E3E3F}"
EndProject
Project("{FAE04EC0-301F-11D3-BF4B-00C04F79EFBC}") = "SlowSortTest", "SlowSortTest\SlowSortTest.csproj", "{6B80F6FF-BD34-4F7B-9E5E-9E84125364AF}"
EndProject
Global
	GlobalSection(SolutionConfigurationPlatforms) = preSolution
	EndGlobalSection
	GlobalSection(ProjectConfigurationPlatforms) = postSolution
	EndGlobalSection
	GlobalSection(SolutionProperties) = preSolution
		HideSolutionNode = FALSE
	EndGlobalSection
	GlobalSection(ExtensibilityGlobals) = postSolution
		SolutionGuid = {78864E3B-DDF7-4DB6-B7EA-B4EB83CCD6D8}
	EndGlobalSection
EndGlobal
