Microsoft Visual Studio Solution File, Format Version 12.00
# Visual Studio Version 17
Project("{FAE04EC0-301F-11D3-BF4B-00C04F79EFBC}") = "AdaBoostAdaptiveBoosting", "AdaBoostAdaptiveBoosting\AdaBoostAdaptiveBoosting.csproj", "{1584DFAF-22C4-4001-A9CC-B917F4803A84}"
EndProject
Project("{FAE04EC0-301F-11D3-BF4B-00C04F79EFBC}") = "AdaBoostAdaptiveBoostingTest", "AdaBoostAdaptiveBoostingTest\AdaBoostAdaptiveBoostingTest.csproj", "{EAC9A04A-DA3E-4A60-833A-0EA4AEA9CEB5}"
EndProject
Global
	GlobalSection(SolutionConfigurationPlatforms) = preSolution
	EndGlobalSection
	GlobalSection(ProjectConfigurationPlatforms) = postSolution
	EndGlobalSection
	GlobalSection(SolutionProperties) = preSolution
		HideSolutionNode = FALSE
	EndGlobalSection
	GlobalSection(ExtensibilityGlobals) = postSolution
		SolutionGuid = {DE3B011D-E7FA-4386-84C7-0A204FAEA0A3}
	EndGlobalSection
EndGlobal
