Microsoft Visual Studio Solution File, Format Version 12.00
# Visual Studio Version 17
Project("{FAE04EC0-301F-11D3-BF4B-00C04F79EFBC}") = "SortMergeJoin", "SortMergeJoin\SortMergeJoin.csproj", "{E569BA4A-C811-48F5-8378-5A30E8D461A3}"
EndProject
Project("{FAE04EC0-301F-11D3-BF4B-00C04F79EFBC}") = "SortMergeJoinTest", "SortMergeJoinTest\SortMergeJoinTest.csproj", "{9AF19443-2688-4EC2-9303-7C8CFF8A1D12}"
EndProject
Global
	GlobalSection(SolutionConfigurationPlatforms) = preSolution
	EndGlobalSection
	GlobalSection(ProjectConfigurationPlatforms) = postSolution
	EndGlobalSection
	GlobalSection(SolutionProperties) = preSolution
		HideSolutionNode = FALSE
	EndGlobalSection
	GlobalSection(ExtensibilityGlobals) = postSolution
		SolutionGuid = {59580C71-D11E-4132-B8BB-CE3FDBF53EA8}
	EndGlobalSection
EndGlobal
