Microsoft Visual Studio Solution File, Format Version 12.00
# Visual Studio Version 17
Project("{FAE04EC0-301F-11D3-BF4B-00C04F79EFBC}") = "PredictiveSearch", "PredictiveSearch\PredictiveSearch.csproj", "{9E4B2106-CDA6-4402-A998-B8A8D27B1DAF}"
EndProject
Project("{FAE04EC0-301F-11D3-BF4B-00C04F79EFBC}") = "PredictiveSearchTest", "PredictiveSearchTest\PredictiveSearchTest.csproj", "{74A21952-37D1-46A3-958F-F48D07455D13}"
EndProject
Global
	GlobalSection(SolutionConfigurationPlatforms) = preSolution
	EndGlobalSection
	GlobalSection(ProjectConfigurationPlatforms) = postSolution
	EndGlobalSection
	GlobalSection(SolutionProperties) = preSolution
		HideSolutionNode = FALSE
	EndGlobalSection
	GlobalSection(ExtensibilityGlobals) = postSolution
		SolutionGuid = {61785FDA-E11C-48DB-9383-211ED28B42A0}
	EndGlobalSection
EndGlobal
