Microsoft Visual Studio Solution File, Format Version 12.00
# Visual Studio Version 17
Project("{FAE04EC0-301F-11D3-BF4B-00C04F79EFBC}") = "GirvanNewmanAlgorithm", "GirvanNewmanAlgorithm\GirvanNewmanAlgorithm.csproj", "{DD1CB80C-B552-43D4-9B76-6A5598ECF80E}"
EndProject
Project("{FAE04EC0-301F-11D3-BF4B-00C04F79EFBC}") = "GirvanNewmanAlgorithmTest", "GirvanNewmanAlgorithmTest\GirvanNewmanAlgorithmTest.csproj", "{79A35174-3122-4EF3-9CED-11EA900C4615}"
EndProject
Global
	GlobalSection(SolutionConfigurationPlatforms) = preSolution
	EndGlobalSection
	GlobalSection(ProjectConfigurationPlatforms) = postSolution
	EndGlobalSection
	GlobalSection(SolutionProperties) = preSolution
		HideSolutionNode = FALSE
	EndGlobalSection
	GlobalSection(ExtensibilityGlobals) = postSolution
		SolutionGuid = {71A64D06-0238-4D27-AD32-3505339F2E06}
	EndGlobalSection
EndGlobal
