Microsoft Visual Studio Solution File, Format Version 12.00
# Visual Studio Version 17
Project("{FAE04EC0-301F-11D3-BF4B-00C04F79EFBC}") = "GenerationalGarbageCollector", "GenerationalGarbageCollector\GenerationalGarbageCollector.csproj", "{A8558C0A-5D6F-40A9-AB2C-B007CF083E08}"
EndProject
Project("{FAE04EC0-301F-11D3-BF4B-00C04F79EFBC}") = "GenerationalGarbageCollectorTest", "GenerationalGarbageCollectorTest\GenerationalGarbageCollectorTest.csproj", "{9CDDE03F-07D0-4C8D-81CC-0C6114EB7F7F}"
EndProject
Global
	GlobalSection(SolutionConfigurationPlatforms) = preSolution
	EndGlobalSection
	GlobalSection(ProjectConfigurationPlatforms) = postSolution
	EndGlobalSection
	GlobalSection(SolutionProperties) = preSolution
		HideSolutionNode = FALSE
	EndGlobalSection
	GlobalSection(ExtensibilityGlobals) = postSolution
		SolutionGuid = {F91B1FBC-B189-4F11-9850-C7D2A0391830}
	EndGlobalSection
EndGlobal
