Microsoft Visual Studio Solution File, Format Version 12.00
# Visual Studio Version 17
Project("{FAE04EC0-301F-11D3-BF4B-00C04F79EFBC}") = "Ripemd160", "Ripemd160\Ripemd160.csproj", "{D203C128-4248-41F0-85A0-D795C0334318}"
EndProject
Project("{FAE04EC0-301F-11D3-BF4B-00C04F79EFBC}") = "Ripemd160Test", "Ripemd160Test\Ripemd160Test.csproj", "{FAB8307A-E9EE-4434-876B-29321DF23C3A}"
EndProject
Global
	GlobalSection(SolutionConfigurationPlatforms) = preSolution
	EndGlobalSection
	GlobalSection(ProjectConfigurationPlatforms) = postSolution
	EndGlobalSection
	GlobalSection(SolutionProperties) = preSolution
		HideSolutionNode = FALSE
	EndGlobalSection
	GlobalSection(ExtensibilityGlobals) = postSolution
		SolutionGuid = {4A62AF28-DD79-46A3-9B8A-33727D275345}
	EndGlobalSection
EndGlobal
