Microsoft Visual Studio Solution File, Format Version 12.00
# Visual Studio Version 17
Project("{FAE04EC0-301F-11D3-BF4B-00C04F79EFBC}") = "KMeansPlusPlus", "KMeansPlusPlus\KMeansPlusPlus.csproj", "{5820BAB9-494E-4336-B7BA-BAB612D0129B}"
EndProject
Project("{FAE04EC0-301F-11D3-BF4B-00C04F79EFBC}") = "KMeansPlusPlusTest", "KMeansPlusPlusTest\KMeansPlusPlusTest.csproj", "{01B1321D-2EFB-4B83-B8F4-1E252D0BA3F6}"
EndProject
Global
	GlobalSection(SolutionConfigurationPlatforms) = preSolution
	EndGlobalSection
	GlobalSection(ProjectConfigurationPlatforms) = postSolution
	EndGlobalSection
	GlobalSection(SolutionProperties) = preSolution
		HideSolutionNode = FALSE
	EndGlobalSection
	GlobalSection(ExtensibilityGlobals) = postSolution
		SolutionGuid = {0C22E952-9107-40CF-A552-224F88FABA53}
	EndGlobalSection
EndGlobal
