Microsoft Visual Studio Solution File, Format Version 12.00
# Visual Studio Version 17
Project("{FAE04EC0-301F-11D3-BF4B-00C04F79EFBC}") = "FurerAlgorithm", "FurerAlgorithm\FurerAlgorithm.csproj", "{0B3B5FE6-849C-44BD-AA88-9A9212762583}"
EndProject
Project("{FAE04EC0-301F-11D3-BF4B-00C04F79EFBC}") = "FurerAlgorithmTest", "FurerAlgorithmTest\FurerAlgorithmTest.csproj", "{C3393907-4944-4A9B-9992-5E9E5C69B9F1}"
EndProject
Global
	GlobalSection(SolutionConfigurationPlatforms) = preSolution
	EndGlobalSection
	GlobalSection(ProjectConfigurationPlatforms) = postSolution
	EndGlobalSection
	GlobalSection(SolutionProperties) = preSolution
		HideSolutionNode = FALSE
	EndGlobalSection
	GlobalSection(ExtensibilityGlobals) = postSolution
		SolutionGuid = {288276AB-0A1C-422C-A0DB-A7988B55650E}
	EndGlobalSection
EndGlobal
