Microsoft Visual Studio Solution File, Format Version 12.00
# Visual Studio Version 17
Project("{FAE04EC0-301F-11D3-BF4B-00C04F79EFBC}") = "KarnsAlgorithm", "KarnsAlgorithm\KarnsAlgorithm.csproj", "{17736AA6-AE07-4835-B1E0-EC01D04FAD1A}"
EndProject
Project("{FAE04EC0-301F-11D3-BF4B-00C04F79EFBC}") = "KarnsAlgorithmTest", "KarnsAlgorithmTest\KarnsAlgorithmTest.csproj", "{17BE91ED-9146-462B-A037-180E6341A45A}"
EndProject
Global
	GlobalSection(SolutionConfigurationPlatforms) = preSolution
	EndGlobalSection
	GlobalSection(ProjectConfigurationPlatforms) = postSolution
	EndGlobalSection
	GlobalSection(SolutionProperties) = preSolution
		HideSolutionNode = FALSE
	EndGlobalSection
	GlobalSection(ExtensibilityGlobals) = postSolution
		SolutionGuid = {EDFA0670-7920-4F02-B90C-C29D036F9D34}
	EndGlobalSection
EndGlobal
