Microsoft Visual Studio Solution File, Format Version 12.00
# Visual Studio Version 17
Project("{FAE04EC0-301F-11D3-BF4B-00C04F79EFBC}") = "ShortestSeekFirst", "ShortestSeekFirst\ShortestSeekFirst.csproj", "{AA6A0496-8528-4EA7-986D-DF9361F40307}"
EndProject
Project("{FAE04EC0-301F-11D3-BF4B-00C04F79EFBC}") = "ShortestSeekFirstTest", "ShortestSeekFirstTest\ShortestSeekFirstTest.csproj", "{1137A34F-DAAE-4C9D-8387-3C36F839BD4F}"
EndProject
Global
	GlobalSection(SolutionConfigurationPlatforms) = preSolution
	EndGlobalSection
	GlobalSection(ProjectConfigurationPlatforms) = postSolution
	EndGlobalSection
	GlobalSection(SolutionProperties) = preSolution
		HideSolutionNode = FALSE
	EndGlobalSection
	GlobalSection(ExtensibilityGlobals) = postSolution
		SolutionGuid = {416FE890-F6CE-45C2-BC59-B830132F1B44}
	EndGlobalSection
EndGlobal
