Microsoft Visual Studio Solution File, Format Version 12.00
# Visual Studio Version 17
Project("{FAE04EC0-301F-11D3-BF4B-00C04F79EFBC}") = "PetersonAlgorithm", "PetersonAlgorithm\PetersonAlgorithm.csproj", "{3A3D3DAB-8410-4416-B803-4DC66397DEAC}"
EndProject
Project("{FAE04EC0-301F-11D3-BF4B-00C04F79EFBC}") = "PetersonAlgorithmTest", "PetersonAlgorithmTest\PetersonAlgorithmTest.csproj", "{BD15C468-FBB7-4DB3-AA8B-01F9131C0307}"
EndProject
Global
	GlobalSection(SolutionConfigurationPlatforms) = preSolution
	EndGlobalSection
	GlobalSection(ProjectConfigurationPlatforms) = postSolution
	EndGlobalSection
	GlobalSection(SolutionProperties) = preSolution
		HideSolutionNode = FALSE
	EndGlobalSection
	GlobalSection(ExtensibilityGlobals) = postSolution
		SolutionGuid = {2244FC49-BEC4-4B05-ADC4-58D87B1893B0}
	EndGlobalSection
EndGlobal
