Microsoft Visual Studio Solution File, Format Version 12.00
# Visual Studio Version 17
Project("{FAE04EC0-301F-11D3-BF4B-00C04F79EFBC}") = "BinaryGCD", "BinaryGCD\BinaryGCD.csproj", "{C15A6E83-ED05-4598-9A84-A9CFCEB0264E}"
EndProject
Project("{FAE04EC0-301F-11D3-BF4B-00C04F79EFBC}") = "BinaryGCDTest", "BinaryGCDTest\BinaryGCDTest.csproj", "{3BEE3FFE-9E3A-4973-B015-9969DD259E5A}"
EndProject
Global
	GlobalSection(SolutionConfigurationPlatforms) = preSolution
	EndGlobalSection
	GlobalSection(ProjectConfigurationPlatforms) = postSolution
	EndGlobalSection
	GlobalSection(SolutionProperties) = preSolution
		HideSolutionNode = FALSE
	EndGlobalSection
	GlobalSection(ExtensibilityGlobals) = postSolution
		SolutionGuid = {0219347F-946F-418A-AF43-AFF2141EBD2E}
	EndGlobalSection
EndGlobal
