Microsoft Visual Studio Solution File, Format Version 12.00
# Visual Studio Version 17
Project("{FAE04EC0-301F-11D3-BF4B-00C04F79EFBC}") = "SubcluAlgorithm", "SubcluAlgorithm\SubcluAlgorithm.csproj", "{7A3A66DF-62DF-40F2-BA65-75F1C8F198BC}"
EndProject
Project("{FAE04EC0-301F-11D3-BF4B-00C04F79EFBC}") = "SubcluAlgorithmTest", "SubcluAlgorithmTest\SubcluAlgorithmTest.csproj", "{9FB007AE-C409-4B6C-A299-E17D6AC97B4D}"
EndProject
Global
	GlobalSection(SolutionConfigurationPlatforms) = preSolution
	EndGlobalSection
	GlobalSection(ProjectConfigurationPlatforms) = postSolution
	EndGlobalSection
	GlobalSection(SolutionProperties) = preSolution
		HideSolutionNode = FALSE
	EndGlobalSection
	GlobalSection(ExtensibilityGlobals) = postSolution
		SolutionGuid = {44CDCB88-989F-4678-9B26-AC38591C8F2D}
	EndGlobalSection
EndGlobal
