Microsoft Visual Studio Solution File, Format Version 12.00
# Visual Studio Version 17
Project("{FAE04EC0-301F-11D3-BF4B-00C04F79EFBC}") = "ReteAlgorithm", "ReteAlgorithm\ReteAlgorithm.csproj", "{C1874FAE-BE40-4272-A6FC-EA2E53F13F1D}"
EndProject
Project("{FAE04EC0-301F-11D3-BF4B-00C04F79EFBC}") = "ReteAlgorithmTest", "ReteAlgorithmTest\ReteAlgorithmTest.csproj", "{269DE1EE-6984-4E55-92A2-520B38EEF898}"
EndProject
Global
	GlobalSection(SolutionConfigurationPlatforms) = preSolution
	EndGlobalSection
	GlobalSection(ProjectConfigurationPlatforms) = postSolution
	EndGlobalSection
	GlobalSection(SolutionProperties) = preSolution
		HideSolutionNode = FALSE
	EndGlobalSection
	GlobalSection(ExtensibilityGlobals) = postSolution
		SolutionGuid = {AEA650B5-DB6B-4072-A07D-719403C0516C}
	EndGlobalSection
EndGlobal
