Microsoft Visual Studio Solution File, Format Version 12.00
# Visual Studio Version 17
Project("{FAE04EC0-301F-11D3-BF4B-00C04F79EFBC}") = "FuzzyCMeans", "FuzzyCMeans\FuzzyCMeans.csproj", "{CECDB1DE-701C-45B0-81F9-E2A0CCC72B31}"
EndProject
Project("{FAE04EC0-301F-11D3-BF4B-00C04F79EFBC}") = "FuzzyCMeansTest", "FuzzyCMeansTest\FuzzyCMeansTest.csproj", "{E5E44F96-5424-4C9F-9041-2D9BA44769B5}"
EndProject
Global
	GlobalSection(SolutionConfigurationPlatforms) = preSolution
	EndGlobalSection
	GlobalSection(ProjectConfigurationPlatforms) = postSolution
	EndGlobalSection
	GlobalSection(SolutionProperties) = preSolution
		HideSolutionNode = FALSE
	EndGlobalSection
	GlobalSection(ExtensibilityGlobals) = postSolution
		SolutionGuid = {51B812B5-8B99-4EB2-A3F2-835124A03D8C}
	EndGlobalSection
EndGlobal
