Microsoft Visual Studio Solution File, Format Version 12.00
# Visual Studio Version 17
Project("{FAE04EC0-301F-11D3-BF4B-00C04F79EFBC}") = "BuzenAlgorithm", "BuzenAlgorithm\BuzenAlgorithm.csproj", "{3F24B5AF-CB19-40C2-ACBF-046C7A931825}"
EndProject
Project("{FAE04EC0-301F-11D3-BF4B-00C04F79EFBC}") = "BuzenAlgorithmTest", "BuzenAlgorithmTest\BuzenAlgorithmTest.csproj", "{F40FDD49-42DD-4763-B886-55C5571116DB}"
EndProject
Global
	GlobalSection(SolutionConfigurationPlatforms) = preSolution
	EndGlobalSection
	GlobalSection(ProjectConfigurationPlatforms) = postSolution
	EndGlobalSection
	GlobalSection(SolutionProperties) = preSolution
		HideSolutionNode = FALSE
	EndGlobalSection
	GlobalSection(ExtensibilityGlobals) = postSolution
		SolutionGuid = {6DB32E9E-96E3-4434-BAD4-33D945B2CC2B}
	EndGlobalSection
EndGlobal
