Microsoft Visual Studio Solution File, Format Version 12.00
# Visual Studio Version 17
Project("{FAE04EC0-301F-11D3-BF4B-00C04F79EFBC}") = "BensonAlgorithm", "BensonAlgorithm\BensonAlgorithm.csproj", "{1D42D2C4-28BE-44D2-9517-F8CA992846EC}"
EndProject
Project("{FAE04EC0-301F-11D3-BF4B-00C04F79EFBC}") = "BensonAlgorithmTest", "BensonAlgorithmTest\BensonAlgorithmTest.csproj", "{1FF46FD9-B105-4255-8C65-7BED58DE7699}"
EndProject
Global
	GlobalSection(SolutionConfigurationPlatforms) = preSolution
	EndGlobalSection
	GlobalSection(ProjectConfigurationPlatforms) = postSolution
	EndGlobalSection
	GlobalSection(SolutionProperties) = preSolution
		HideSolutionNode = FALSE
	EndGlobalSection
	GlobalSection(ExtensibilityGlobals) = postSolution
		SolutionGuid = {4BD79A2F-DDE0-4AA2-AF59-FD7DE14DB937}
	EndGlobalSection
EndGlobal
