Microsoft Visual Studio Solution File, Format Version 12.00
# Visual Studio Version 17
Project("{FAE04EC0-301F-11D3-BF4B-00C04F79EFBC}") = "Adler32", "Adler32\Adler32.csproj", "{68203E29-8C99-46A9-81DC-F0CCA54C437B}"
EndProject
Project("{FAE04EC0-301F-11D3-BF4B-00C04F79EFBC}") = "Adler32Test", "Adler32Test\Adler32Test.csproj", "{6C6E940C-01CC-459E-B128-70212059FABF}"
EndProject
Global
	GlobalSection(SolutionConfigurationPlatforms) = preSolution
	EndGlobalSection
	GlobalSection(ProjectConfigurationPlatforms) = postSolution
	EndGlobalSection
	GlobalSection(SolutionProperties) = preSolution
		HideSolutionNode = FALSE
	EndGlobalSection
	GlobalSection(ExtensibilityGlobals) = postSolution
		SolutionGuid = {05B940C3-779D-4880-88FE-20A99D39E1F1}
	EndGlobalSection
EndGlobal
