Microsoft Visual Studio Solution File, Format Version 12.00
# Visual Studio Version 17
Project("{FAE04EC0-301F-11D3-BF4B-00C04F79EFBC}") = "BuddyMemoryAllocation", "BuddyMemoryAllocation\BuddyMemoryAllocation.csproj", "{2CC78FF5-6FAB-4C3D-A538-6D4C7E40255E}"
EndProject
Project("{FAE04EC0-301F-11D3-BF4B-00C04F79EFBC}") = "BuddyMemoryAllocationTest", "BuddyMemoryAllocationTest\BuddyMemoryAllocationTest.csproj", "{7B71BA2F-F30B-49CE-ABB1-38F82D31BC61}"
EndProject
Global
	GlobalSection(SolutionConfigurationPlatforms) = preSolution
	EndGlobalSection
	GlobalSection(ProjectConfigurationPlatforms) = postSolution
	EndGlobalSection
	GlobalSection(SolutionProperties) = preSolution
		HideSolutionNode = FALSE
	EndGlobalSection
	GlobalSection(ExtensibilityGlobals) = postSolution
		SolutionGuid = {59CBB624-56F2-4871-AD22-19AD76074818}
	EndGlobalSection
EndGlobal
