Microsoft Visual Studio Solution File, Format Version 12.00
# Visual Studio Version 17
Project("{FAE04EC0-301F-11D3-BF4B-00C04F79EFBC}") = "ID3Algorithm", "ID3Algorithm\ID3Algorithm.csproj", "{743BDD2D-1B3F-457D-8E43-189565E336C5}"
EndProject
Project("{FAE04EC0-301F-11D3-BF4B-00C04F79EFBC}") = "ID3AlgorithmTest", "ID3AlgorithmTest\ID3AlgorithmTest.csproj", "{066B5218-1BA2-434C-B4ED-1ED7EFD3FE6F}"
EndProject
Global
	GlobalSection(SolutionConfigurationPlatforms) = preSolution
	EndGlobalSection
	GlobalSection(ProjectConfigurationPlatforms) = postSolution
	EndGlobalSection
	GlobalSection(SolutionProperties) = preSolution
		HideSolutionNode = FALSE
	EndGlobalSection
	GlobalSection(ExtensibilityGlobals) = postSolution
		SolutionGuid = {8AF870C3-AAE7-4DA9-BC67-70D8C2590FBD}
	EndGlobalSection
EndGlobal
