Microsoft Visual Studio Solution File, Format Version 12.00
# Visual Studio Version 17
Project("{FAE04EC0-301F-11D3-BF4B-00C04F79EFBC}") = "Lz77AndLz78", "Lz77AndLz78\Lz77AndLz78.csproj", "{F2357A60-88EC-46E9-805B-6E10ECE5A0CD}"
EndProject
Project("{FAE04EC0-301F-11D3-BF4B-00C04F79EFBC}") = "Lz77AndLz78Test", "Lz77AndLz78Test\Lz77AndLz78Test.csproj", "{A324B3CE-556F-47EE-80D6-878B5D35CC33}"
EndProject
Global
	GlobalSection(SolutionConfigurationPlatforms) = preSolution
	EndGlobalSection
	GlobalSection(ProjectConfigurationPlatforms) = postSolution
	EndGlobalSection
	GlobalSection(SolutionProperties) = preSolution
		HideSolutionNode = FALSE
	EndGlobalSection
	GlobalSection(ExtensibilityGlobals) = postSolution
		SolutionGuid = {FA2213EE-47DB-437D-BBEB-69C01F02CC20}
	EndGlobalSection
EndGlobal
