Microsoft Visual Studio Solution File, Format Version 12.00
# Visual Studio Version 17
Project("{FAE04EC0-301F-11D3-BF4B-00C04F79EFBC}") = "KarplusStrongSynthesis", "KarplusStrongSynthesis\KarplusStrongSynthesis.csproj", "{0908E95E-BDBE-4990-9B5D-1B428E2B0A7B}"
EndProject
Project("{FAE04EC0-301F-11D3-BF4B-00C04F79EFBC}") = "KarplusStrongSynthesisTest", "KarplusStrongSynthesisTest\KarplusStrongSynthesisTest.csproj", "{5936F32A-CDC1-4E72-AFA0-367A6ED2E2EF}"
EndProject
Global
	GlobalSection(SolutionConfigurationPlatforms) = preSolution
	EndGlobalSection
	GlobalSection(ProjectConfigurationPlatforms) = postSolution
	EndGlobalSection
	GlobalSection(SolutionProperties) = preSolution
		HideSolutionNode = FALSE
	EndGlobalSection
	GlobalSection(ExtensibilityGlobals) = postSolution
		SolutionGuid = {592CC588-206D-45C3-9F8D-9D67BDC6ED59}
	EndGlobalSection
EndGlobal
