Microsoft Visual Studio Solution File, Format Version 12.00
# Visual Studio Version 17
Project("{FAE04EC0-301F-11D3-BF4B-00C04F79EFBC}") = "MinimaxAlgorithm", "MinimaxAlgorithm\MinimaxAlgorithm.csproj", "{2630A8E8-9AC0-44A3-A0A7-A46CECE8BAE4}"
EndProject
Project("{FAE04EC0-301F-11D3-BF4B-00C04F79EFBC}") = "MinimaxAlgorithmTest", "MinimaxAlgorithmTest\MinimaxAlgorithmTest.csproj", "{777A9CC3-2DE0-4E8C-9F10-53C2E8C4DF0E}"
EndProject
Global
	GlobalSection(SolutionConfigurationPlatforms) = preSolution
	EndGlobalSection
	GlobalSection(ProjectConfigurationPlatforms) = postSolution
	EndGlobalSection
	GlobalSection(SolutionProperties) = preSolution
		HideSolutionNode = FALSE
	EndGlobalSection
	GlobalSection(ExtensibilityGlobals) = postSolution
		SolutionGuid = {AA4B423C-89CA-421B-91A1-0A8D761447D6}
	EndGlobalSection
EndGlobal
