Microsoft Visual Studio Solution File, Format Version 12.00
# Visual Studio Version 17
Project("{FAE04EC0-301F-11D3-BF4B-00C04F79EFBC}") = "LevenbergMarquardtAlgorithm", "LevenbergMarquardtAlgorithm\LevenbergMarquardtAlgorithm.csproj", "{AC5A07B8-109C-4413-9F57-E24CB72F65BC}"
EndProject
Project("{FAE04EC0-301F-11D3-BF4B-00C04F79EFBC}") = "LevenbergMarquardtAlgorithmTest", "LevenbergMarquardtAlgorithmTest\LevenbergMarquardtAlgorithmTest.csproj", "{E3A1F07F-D3EC-44E0-BE5C-9E7BC92DC2A8}"
EndProject
Global
	GlobalSection(SolutionConfigurationPlatforms) = preSolution
	EndGlobalSection
	GlobalSection(ProjectConfigurationPlatforms) = postSolution
	EndGlobalSection
	GlobalSection(SolutionProperties) = preSolution
		HideSolutionNode = FALSE
	EndGlobalSection
	GlobalSection(ExtensibilityGlobals) = postSolution
		SolutionGuid = {BA2F7D79-3028-46F4-AE3C-31ACE3CBC85B}
	EndGlobalSection
EndGlobal
