Microsoft Visual Studio Solution File, Format Version 12.00
# Visual Studio Version 17
Project("{FAE04EC0-301F-11D3-BF4B-00C04F79EFBC}") = "DijkstraScholtenAlgorithm", "DijkstraScholtenAlgorithm\DijkstraScholtenAlgorithm.csproj", "{DCAA2219-F25A-412E-B739-6A9859D5E8AB}"
EndProject
Project("{FAE04EC0-301F-11D3-BF4B-00C04F79EFBC}") = "DijkstraScholtenAlgorithmTest", "DijkstraScholtenAlgorithmTest\DijkstraScholtenAlgorithmTest.csproj", "{F2D2A3FA-2B03-4ED6-A2D3-EA4D43937F68}"
EndProject
Global
	GlobalSection(SolutionConfigurationPlatforms) = preSolution
	EndGlobalSection
	GlobalSection(ProjectConfigurationPlatforms) = postSolution
	EndGlobalSection
	GlobalSection(SolutionProperties) = preSolution
		HideSolutionNode = FALSE
	EndGlobalSection
	GlobalSection(ExtensibilityGlobals) = postSolution
		SolutionGuid = {865514F9-D7E8-4DA9-A741-BB296478A448}
	EndGlobalSection
EndGlobal
