Microsoft Visual Studio Solution File, Format Version 12.00
# Visual Studio Version 17
Project("{FAE04EC0-301F-11D3-BF4B-00C04F79EFBC}") = "LeastSlackTime", "LeastSlackTime\LeastSlackTime.csproj", "{CF349F7F-7D9C-4CE8-AEEF-7D1DA50829D2}"
EndProject
Project("{FAE04EC0-301F-11D3-BF4B-00C04F79EFBC}") = "LeastSlackTimeTest", "LeastSlackTimeTest\LeastSlackTimeTest.csproj", "{9CB6293B-1DD4-41B7-8EE8-CE7BEED81962}"
EndProject
Global
	GlobalSection(SolutionConfigurationPlatforms) = preSolution
	EndGlobalSection
	GlobalSection(ProjectConfigurationPlatforms) = postSolution
	EndGlobalSection
	GlobalSection(SolutionProperties) = preSolution
		HideSolutionNode = FALSE
	EndGlobalSection
	GlobalSection(ExtensibilityGlobals) = postSolution
		SolutionGuid = {6A95B4EF-954F-4941-AD4D-1EDE15CE485C}
	EndGlobalSection
EndGlobal
