Microsoft Visual Studio Solution File, Format Version 12.00
# Visual Studio Version 17
Project("{FAE04EC0-301F-11D3-BF4B-00C04F79EFBC}") = "BaileyBorweinPlouffe", "BaileyBorweinPlouffe\BaileyBorweinPlouffe.csproj", "{EAFE20C9-949F-48B4-AFCD-0CEDFD40EF46}"
EndProject
Project("{FAE04EC0-301F-11D3-BF4B-00C04F79EFBC}") = "BaileyBorweinPlouffeTest", "BaileyBorweinPlouffeTest\BaileyBorweinPlouffeTest.csproj", "{866D7F97-5851-49C2-B971-0C0A0CA6055F}"
EndProject
Global
	GlobalSection(SolutionConfigurationPlatforms) = preSolution
	EndGlobalSection
	GlobalSection(ProjectConfigurationPlatforms) = postSolution
	EndGlobalSection
	GlobalSection(SolutionProperties) = preSolution
		HideSolutionNode = FALSE
	EndGlobalSection
	GlobalSection(ExtensibilityGlobals) = postSolution
		SolutionGuid = {3DF9F121-005B-4E39-B874-397FCEAA5C49}
	EndGlobalSection
EndGlobal
