Microsoft Visual Studio Solution File, Format Version 12.00
# Visual Studio Version 17
Project("{FAE04EC0-301F-11D3-BF4B-00C04F79EFBC}") = "KalmanFilter", "KalmanFilter\KalmanFilter.csproj", "{991FF3C7-ABCF-42BB-B3A0-26EA780227D8}"
EndProject
Project("{FAE04EC0-301F-11D3-BF4B-00C04F79EFBC}") = "KalmanFilterTest", "KalmanFilterTest\KalmanFilterTest.csproj", "{E8A00178-4AF9-4E46-AD79-BC94220D35CE}"
EndProject
Global
	GlobalSection(SolutionConfigurationPlatforms) = preSolution
	EndGlobalSection
	GlobalSection(ProjectConfigurationPlatforms) = postSolution
	EndGlobalSection
	GlobalSection(SolutionProperties) = preSolution
		HideSolutionNode = FALSE
	EndGlobalSection
	GlobalSection(ExtensibilityGlobals) = postSolution
		SolutionGuid = {1C125906-5B24-49B6-B994-4C21B414EC0C}
	EndGlobalSection
EndGlobal
