Microsoft Visual Studio Solution File, Format Version 12.00
# Visual Studio Version 17
Project("{FAE04EC0-301F-11D3-BF4B-00C04F79EFBC}") = "ViterbiAlgorithm", "ViterbiAlgorithm\ViterbiAlgorithm.csproj", "{587373BC-2308-4CEB-905D-1084EBC2F44C}"
EndProject
Project("{FAE04EC0-301F-11D3-BF4B-00C04F79EFBC}") = "ViterbiAlgorithmTest", "ViterbiAlgorithmTest\ViterbiAlgorithmTest.csproj", "{71FD70C1-0948-4465-B406-85FFC56B6DBD}"
EndProject
Global
	GlobalSection(SolutionConfigurationPlatforms) = preSolution
	EndGlobalSection
	GlobalSection(ProjectConfigurationPlatforms) = postSolution
	EndGlobalSection
	GlobalSection(SolutionProperties) = preSolution
		HideSolutionNode = FALSE
	EndGlobalSection
	GlobalSection(ExtensibilityGlobals) = postSolution
		SolutionGuid = {902742FA-6CA8-4B8B-AADB-4B518DC42F63}
	EndGlobalSection
EndGlobal
