Microsoft Visual Studio Solution File, Format Version 12.00
# Visual Studio Version 17
Project("{FAE04EC0-301F-11D3-BF4B-00C04F79EFBC}") = "LanczosIteration", "LanczosIteration\LanczosIteration.csproj", "{3AE8FFCA-3303-4DC5-A15A-A0FAEEB452D2}"
EndProject
Project("{FAE04EC0-301F-11D3-BF4B-00C04F79EFBC}") = "LanczosIterationTest", "LanczosIterationTest\LanczosIterationTest.csproj", "{0051BFCA-BEBF-4479-A0CB-83E06290E20E}"
EndProject
Global
	GlobalSection(SolutionConfigurationPlatforms) = preSolution
	EndGlobalSection
	GlobalSection(ProjectConfigurationPlatforms) = postSolution
	EndGlobalSection
	GlobalSection(SolutionProperties) = preSolution
		HideSolutionNode = FALSE
	EndGlobalSection
	GlobalSection(ExtensibilityGlobals) = postSolution
		SolutionGuid = {7F7EFFC0-9A70-402F-A090-0B2FCDC99F32}
	EndGlobalSection
EndGlobal
