Microsoft Visual Studio Solution File, Format Version 12.00
# Visual Studio Version 17
Project("{FAE04EC0-301F-11D3-BF4B-00C04F79EFBC}") = "DifferentialEvolution", "DifferentialEvolution\DifferentialEvolution.csproj", "{A873B867-40A4-41C5-9F06-ED6783B9A754}"
EndProject
Project("{FAE04EC0-301F-11D3-BF4B-00C04F79EFBC}") = "DifferentialEvolutionTest", "DifferentialEvolutionTest\DifferentialEvolutionTest.csproj", "{AB4D51BE-943C-4239-B2B2-88C7699FD1E0}"
EndProject
Global
	GlobalSection(SolutionConfigurationPlatforms) = preSolution
	EndGlobalSection
	GlobalSection(ProjectConfigurationPlatforms) = postSolution
	EndGlobalSection
	GlobalSection(SolutionProperties) = preSolution
		HideSolutionNode = FALSE
	EndGlobalSection
	GlobalSection(ExtensibilityGlobals) = postSolution
		SolutionGuid = {B1793F0E-EC42-49A0-9848-75272247A4A6}
	EndGlobalSection
EndGlobal
