Microsoft Visual Studio Solution File, Format Version 12.00
# Visual Studio Version 17
Project("{FAE04EC0-301F-11D3-BF4B-00C04F79EFBC}") = "SimonsAlgorithm", "SimonsAlgorithm\SimonsAlgorithm.csproj", "{9187AC07-746D-4AA6-8C9E-057FD03E6FBF}"
EndProject
Project("{FAE04EC0-301F-11D3-BF4B-00C04F79EFBC}") = "SimonsAlgorithmTest", "SimonsAlgorithmTest\SimonsAlgorithmTest.csproj", "{42A6BEBD-11F2-4171-86E5-961656B288FD}"
EndProject
Global
	GlobalSection(SolutionConfigurationPlatforms) = preSolution
	EndGlobalSection
	GlobalSection(ProjectConfigurationPlatforms) = postSolution
	EndGlobalSection
	GlobalSection(SolutionProperties) = preSolution
		HideSolutionNode = FALSE
	EndGlobalSection
	GlobalSection(ExtensibilityGlobals) = postSolution
		SolutionGuid = {4D9AFECB-21D9-43D8-B4D6-0ADD01D002D0}
	EndGlobalSection
EndGlobal
