Microsoft Visual Studio Solution File, Format Version 12.00
# Visual Studio Version 17
Project("{FAE04EC0-301F-11D3-BF4B-00C04F79EFBC}") = "EvolutionStrategy", "EvolutionStrategy\EvolutionStrategy.csproj", "{92DD3B52-ADD1-434C-AE34-F08DE299B99C}"
EndProject
Project("{FAE04EC0-301F-11D3-BF4B-00C04F79EFBC}") = "EvolutionStrategyTest", "EvolutionStrategyTest\EvolutionStrategyTest.csproj", "{3EB5AEC4-D329-4A09-81DD-95E150A1D80E}"
EndProject
Global
	GlobalSection(SolutionConfigurationPlatforms) = preSolution
	EndGlobalSection
	GlobalSection(ProjectConfigurationPlatforms) = postSolution
	EndGlobalSection
	GlobalSection(SolutionProperties) = preSolution
		HideSolutionNode = FALSE
	EndGlobalSection
	GlobalSection(ExtensibilityGlobals) = postSolution
		SolutionGuid = {9CCFFF5B-2E1C-4887-9351-DE90A997C1B6}
	EndGlobalSection
EndGlobal
