Microsoft Visual Studio Solution File, Format Version 12.00
# Visual Studio Version 17
Project("{FAE04EC0-301F-11D3-BF4B-00C04F79EFBC}") = "PackratParser", "PackratParser\PackratParser.csproj", "{693FE584-5AAF-4C64-AC5C-110763D2B7A4}"
EndProject
Project("{FAE04EC0-301F-11D3-BF4B-00C04F79EFBC}") = "PackratParserTest", "PackratParserTest\PackratParserTest.csproj", "{C24381CD-1A07-49F7-9FA4-C55E7680FD42}"
EndProject
Global
	GlobalSection(SolutionConfigurationPlatforms) = preSolution
	EndGlobalSection
	GlobalSection(ProjectConfigurationPlatforms) = postSolution
	EndGlobalSection
	GlobalSection(SolutionProperties) = preSolution
		HideSolutionNode = FALSE
	EndGlobalSection
	GlobalSection(ExtensibilityGlobals) = postSolution
		SolutionGuid = {848F7A85-C24D-49D4-A299-CAE8EED49B58}
	EndGlobalSection
EndGlobal
