Microsoft Visual Studio Solution File, Format Version 12.00
# Visual Studio Version 17
Project("{FAE04EC0-301F-11D3-BF4B-00C04F79EFBC}") = "JumpSearch", "JumpSearch\JumpSearch.csproj", "{973AC9C1-0685-467E-9079-5F7EFFA60244}"
EndProject
Project("{FAE04EC0-301F-11D3-BF4B-00C04F79EFBC}") = "JumpSearchTest", "JumpSearchTest\JumpSearchTest.csproj", "{539A4783-F91B-4872-87E2-E7C0B48D624F}"
EndProject
Global
	GlobalSection(SolutionConfigurationPlatforms) = preSolution
	EndGlobalSection
	GlobalSection(ProjectConfigurationPlatforms) = postSolution
	EndGlobalSection
	GlobalSection(SolutionProperties) = preSolution
		HideSolutionNode = FALSE
	EndGlobalSection
	GlobalSection(ExtensibilityGlobals) = postSolution
		SolutionGuid = {6C611A99-2F8D-4ABA-BE29-890D1822ED1C}
	EndGlobalSection
EndGlobal
