Microsoft Visual Studio Solution File, Format Version 12.00
# Visual Studio Version 17
Project("{FAE04EC0-301F-11D3-BF4B-00C04F79EFBC}") = "PostmanSort", "PostmanSort\PostmanSort.csproj", "{EF229465-7EF6-47EF-91A1-C76986D37C07}"
EndProject
Project("{FAE04EC0-301F-11D3-BF4B-00C04F79EFBC}") = "PostmanSortTest", "PostmanSortTest\PostmanSortTest.csproj", "{13A70F8B-062B-4E88-BBA6-437C6740E15C}"
EndProject
Global
	GlobalSection(SolutionConfigurationPlatforms) = preSolution
	EndGlobalSection
	GlobalSection(ProjectConfigurationPlatforms) = postSolution
	EndGlobalSection
	GlobalSection(SolutionProperties) = preSolution
		HideSolutionNode = FALSE
	EndGlobalSection
	GlobalSection(ExtensibilityGlobals) = postSolution
		SolutionGuid = {A610B747-F94B-4F1C-99BF-6D732199E06E}
	EndGlobalSection
EndGlobal
