Microsoft Visual Studio Solution File, Format Version 12.00
# Visual Studio Version 17
Project("{FAE04EC0-301F-11D3-BF4B-00C04F79EFBC}") = "ZeroAttributeRule", "ZeroAttributeRule\ZeroAttributeRule.csproj", "{95CE8B53-FF23-4151-9F01-682B4B661DA7}"
EndProject
Project("{FAE04EC0-301F-11D3-BF4B-00C04F79EFBC}") = "ZeroAttributeRuleTest", "ZeroAttributeRuleTest\ZeroAttributeRuleTest.csproj", "{D7022D65-709C-4FB3-917B-CA768D15118E}"
EndProject
Global
	GlobalSection(SolutionConfigurationPlatforms) = preSolution
	EndGlobalSection
	GlobalSection(ProjectConfigurationPlatforms) = postSolution
	EndGlobalSection
	GlobalSection(SolutionProperties) = preSolution
		HideSolutionNode = FALSE
	EndGlobalSection
	GlobalSection(ExtensibilityGlobals) = postSolution
		SolutionGuid = {5C91558D-B27C-4F08-A6C9-4CB27108F9C5}
	EndGlobalSection
EndGlobal
