Microsoft Visual Studio Solution File, Format Version 12.00
# Visual Studio Version 17
Project("{FAE04EC0-301F-11D3-BF4B-00C04F79EFBC}") = "FastFoldingAlgorithm", "FastFoldingAlgorithm\FastFoldingAlgorithm.csproj", "{B0BB77D8-E8CC-48F0-8801-5EEBFEA405C2}"
EndProject
Project("{FAE04EC0-301F-11D3-BF4B-00C04F79EFBC}") = "FastFoldingAlgorithmTest", "FastFoldingAlgorithmTest\FastFoldingAlgorithmTest.csproj", "{4501F673-3CEF-4A4E-855E-D79619AF771B}"
EndProject
Global
	GlobalSection(SolutionConfigurationPlatforms) = preSolution
	EndGlobalSection
	GlobalSection(ProjectConfigurationPlatforms) = postSolution
	EndGlobalSection
	GlobalSection(SolutionProperties) = preSolution
		HideSolutionNode = FALSE
	EndGlobalSection
	GlobalSection(ExtensibilityGlobals) = postSolution
		SolutionGuid = {7522D0B5-8D96-4C82-95C0-31FE0F822DB5}
	EndGlobalSection
EndGlobal
