Microsoft Visual Studio Solution File, Format Version 12.00
# Visual Studio Version 17
Project("{FAE04EC0-301F-11D3-BF4B-00C04F79EFBC}") = "TemporalDifferenceLearning", "TemporalDifferenceLearning\TemporalDifferenceLearning.csproj", "{878D3BD6-8344-4EE6-850A-0652C1A3BADC}"
EndProject
Project("{FAE04EC0-301F-11D3-BF4B-00C04F79EFBC}") = "TemporalDifferenceLearningTest", "TemporalDifferenceLearningTest\TemporalDifferenceLearningTest.csproj", "{CB13D4C9-3366-47B9-A089-A5F2BCD06E83}"
EndProject
Global
	GlobalSection(SolutionConfigurationPlatforms) = preSolution
	EndGlobalSection
	GlobalSection(ProjectConfigurationPlatforms) = postSolution
	EndGlobalSection
	GlobalSection(SolutionProperties) = preSolution
		HideSolutionNode = FALSE
	EndGlobalSection
	GlobalSection(ExtensibilityGlobals) = postSolution
		SolutionGuid = {CCFF56D4-77AA-4467-A718-035890B691C3}
	EndGlobalSection
EndGlobal
