Microsoft Visual Studio Solution File, Format Version 12.00
# Visual Studio Version 17
Project("{FAE04EC0-301F-11D3-BF4B-00C04F79EFBC}") = "HuffmanCoding", "HuffmanCoding\HuffmanCoding.csproj", "{BA207E6B-9143-4269-A56B-B233A508AE6D}"
EndProject
Project("{FAE04EC0-301F-11D3-BF4B-00C04F79EFBC}") = "HuffmanCodingTest", "HuffmanCodingTest\HuffmanCodingTest.csproj", "{3B7C8DA5-B693-4DA6-9C4A-61DB7F3F2743}"
EndProject
Global
	GlobalSection(SolutionConfigurationPlatforms) = preSolution
	EndGlobalSection
	GlobalSection(ProjectConfigurationPlatforms) = postSolution
	EndGlobalSection
	GlobalSection(SolutionProperties) = preSolution
		HideSolutionNode = FALSE
	EndGlobalSection
	GlobalSection(ExtensibilityGlobals) = postSolution
		SolutionGuid = {AF50B36A-4ABB-4E81-A7E9-BB5EF42AF9D4}
	EndGlobalSection
EndGlobal
