Microsoft Visual Studio Solution File, Format Version 12.00
# Visual Studio Version 17
Project("{FAE04EC0-301F-11D3-BF4B-00C04F79EFBC}") = "SortingSignedReversals", "SortingSignedReversals\SortingSignedReversals.csproj", "{1CB22E03-CDFE-490C-B1B2-633E697B7891}"
EndProject
Project("{FAE04EC0-301F-11D3-BF4B-00C04F79EFBC}") = "SortingSignedReversalsTest", "SortingSignedReversalsTest\SortingSignedReversalsTest.csproj", "{C80BADBD-3FE3-45F3-BD47-B9D03E973E90}"
EndProject
Global
	GlobalSection(SolutionConfigurationPlatforms) = preSolution
	EndGlobalSection
	GlobalSection(ProjectConfigurationPlatforms) = postSolution
	EndGlobalSection
	GlobalSection(SolutionProperties) = preSolution
		HideSolutionNode = FALSE
	EndGlobalSection
	GlobalSection(ExtensibilityGlobals) = postSolution
		SolutionGuid = {19DC70D3-9CCA-462F-8381-121CB2494C40}
	EndGlobalSection
EndGlobal
