Microsoft Visual Studio Solution File, Format Version 12.00
# Visual Studio Version 17
Project("{FAE04EC0-301F-11D3-BF4B-00C04F79EFBC}") = "Md5Collisions", "Md5Collisions\Md5Collisions.csproj", "{90AA3669-814F-4C4F-9F21-1ECC5A22DE15}"
EndProject
Project("{FAE04EC0-301F-11D3-BF4B-00C04F79EFBC}") = "Md5CollisionsTest", "Md5CollisionsTest\Md5CollisionsTest.csproj", "{32266D89-93CE-4A7B-8CBC-64019E87146A}"
EndProject
Global
	GlobalSection(SolutionConfigurationPlatforms) = preSolution
	EndGlobalSection
	GlobalSection(ProjectConfigurationPlatforms) = postSolution
	EndGlobalSection
	GlobalSection(SolutionProperties) = preSolution
		HideSolutionNode = FALSE
	EndGlobalSection
	GlobalSection(ExtensibilityGlobals) = postSolution
		SolutionGuid = {25997CBE-BCF2-4F6E-8C64-0472E9FEFF7A}
	EndGlobalSection
EndGlobal
