Microsoft Visual Studio Solution File, Format Version 12.00
# Visual Studio Version 17
Project("{FAE04EC0-301F-11D3-BF4B-00C04F79EFBC}") = "DataEncryptionStandard", "DataEncryptionStandard\DataEncryptionStandard.csproj", "{9A614369-4D38-46E6-B589-E6E4CA078FC2}"
EndProject
Project("{FAE04EC0-301F-11D3-BF4B-00C04F79EFBC}") = "DataEncryptionStandardTest", "DataEncryptionStandardTest\DataEncryptionStandardTest.csproj", "{6DBC5067-3568-46B4-BF5E-07108C318CFB}"
EndProject
Global
	GlobalSection(SolutionConfigurationPlatforms) = preSolution
	EndGlobalSection
	GlobalSection(ProjectConfigurationPlatforms) = postSolution
	EndGlobalSection
	GlobalSection(SolutionProperties) = preSolution
		HideSolutionNode = FALSE
	EndGlobalSection
	GlobalSection(ExtensibilityGlobals) = postSolution
		SolutionGuid = {033D460A-C9F2-4E32-9A32-E722D49B248E}
	EndGlobalSection
EndGlobal
