Microsoft Visual Studio Solution File, Format Version 12.00
# Visual Studio Version 17
Project("{FAE04EC0-301F-11D3-BF4B-00C04F79EFBC}") = "DixonAlgorithm", "DixonAlgorithm\DixonAlgorithm.csproj", "{8A90BE59-FB5A-40AF-831A-AD92F48DFEC7}"
EndProject
Project("{FAE04EC0-301F-11D3-BF4B-00C04F79EFBC}") = "DixonAlgorithmTest", "DixonAlgorithmTest\DixonAlgorithmTest.csproj", "{E1915BF9-36B7-45F3-AB72-E8242463E7D8}"
EndProject
Global
	GlobalSection(SolutionConfigurationPlatforms) = preSolution
	EndGlobalSection
	GlobalSection(ProjectConfigurationPlatforms) = postSolution
	EndGlobalSection
	GlobalSection(SolutionProperties) = preSolution
		HideSolutionNode = FALSE
	EndGlobalSection
	GlobalSection(ExtensibilityGlobals) = postSolution
		SolutionGuid = {D1382330-A8F8-420E-9B97-120341A89686}
	EndGlobalSection
EndGlobal
