Microsoft Visual Studio Solution File, Format Version 12.00
# Visual Studio Version 17
Project("{FAE04EC0-301F-11D3-BF4B-00C04F79EFBC}") = "EliasDeltaCoding", "EliasDeltaCoding\EliasDeltaCoding.csproj", "{976C512E-BD21-4B97-8261-CF418D41292A}"
EndProject
Project("{FAE04EC0-301F-11D3-BF4B-00C04F79EFBC}") = "EliasDeltaCodingTest", "EliasDeltaCodingTest\EliasDeltaCodingTest.csproj", "{D44CFD80-9E61-4A11-97F6-7B755F10E9AA}"
EndProject
Global
	GlobalSection(SolutionConfigurationPlatforms) = preSolution
	EndGlobalSection
	GlobalSection(ProjectConfigurationPlatforms) = postSolution
	EndGlobalSection
	GlobalSection(SolutionProperties) = preSolution
		HideSolutionNode = FALSE
	EndGlobalSection
	GlobalSection(ExtensibilityGlobals) = postSolution
		SolutionGuid = {B29FE650-8CCD-4825-B8CD-FF26009CD2D2}
	EndGlobalSection
EndGlobal
