Microsoft Visual Studio Solution File, Format Version 12.00
# Visual Studio Version 17
Project("{FAE04EC0-301F-11D3-BF4B-00C04F79EFBC}") = "DeltaEncoding", "DeltaEncoding\DeltaEncoding.csproj", "{798CCFCD-4BF9-4953-9737-7126B8C9F6F0}"
EndProject
Project("{FAE04EC0-301F-11D3-BF4B-00C04F79EFBC}") = "DeltaEncodingTest", "DeltaEncodingTest\DeltaEncodingTest.csproj", "{586BAC29-9F7D-4C8F-93A7-91081B545F9D}"
EndProject
Global
	GlobalSection(SolutionConfigurationPlatforms) = preSolution
	EndGlobalSection
	GlobalSection(ProjectConfigurationPlatforms) = postSolution
	EndGlobalSection
	GlobalSection(SolutionProperties) = preSolution
		HideSolutionNode = FALSE
	EndGlobalSection
	GlobalSection(ExtensibilityGlobals) = postSolution
		SolutionGuid = {7D6C0FAE-046A-4C25-93A8-BCF7FD8F88DC}
	EndGlobalSection
EndGlobal
