Microsoft Visual Studio Solution File, Format Version 12.00
# Visual Studio Version 17
Project("{FAE04EC0-301F-11D3-BF4B-00C04F79EFBC}") = "AprioriAlgorithm", "AprioriAlgorithm\AprioriAlgorithm.csproj", "{FF44935C-265D-4878-B53E-D8FEE76E703A}"
EndProject
Project("{FAE04EC0-301F-11D3-BF4B-00C04F79EFBC}") = "AprioriAlgorithmTest", "AprioriAlgorithmTest\AprioriAlgorithmTest.csproj", "{75F9FBE0-8C08-4814-A7F6-127124B21C65}"
EndProject
Global
	GlobalSection(SolutionConfigurationPlatforms) = preSolution
	EndGlobalSection
	GlobalSection(ProjectConfigurationPlatforms) = postSolution
	EndGlobalSection
	GlobalSection(SolutionProperties) = preSolution
		HideSolutionNode = FALSE
	EndGlobalSection
	GlobalSection(ExtensibilityGlobals) = postSolution
		SolutionGuid = {AF0C3101-7EAC-4B6C-9618-BB3AAEC29362}
	EndGlobalSection
EndGlobal
