Microsoft Visual Studio Solution File, Format Version 12.00
# Visual Studio Version 17
Project("{FAE04EC0-301F-11D3-BF4B-00C04F79EFBC}") = "StructuredSvmPredictor", "StructuredSvmPredictor\StructuredSvmPredictor.csproj", "{AA9FE526-9968-45A2-B81D-55A500F7CD48}"
EndProject
Project("{FAE04EC0-301F-11D3-BF4B-00C04F79EFBC}") = "StructuredSvmPredictorTest", "StructuredSvmPredictorTest\StructuredSvmPredictorTest.csproj", "{A0DB5F6A-4D2E-435F-9662-E60C263E057B}"
EndProject
Global
	GlobalSection(SolutionConfigurationPlatforms) = preSolution
	EndGlobalSection
	GlobalSection(ProjectConfigurationPlatforms) = postSolution
	EndGlobalSection
	GlobalSection(SolutionProperties) = preSolution
		HideSolutionNode = FALSE
	EndGlobalSection
	GlobalSection(ExtensibilityGlobals) = postSolution
		SolutionGuid = {D82A94FB-A1A2-44A4-9349-69DB98DF462C}
	EndGlobalSection
EndGlobal
