Microsoft Visual Studio Solution File, Format Version 12.00
# Visual Studio Version 17
Project("{FAE04EC0-301F-11D3-BF4B-00C04F79EFBC}") = "CuttingPlaneMethod", "CuttingPlaneMethod\CuttingPlaneMethod.csproj", "{082E90D7-9B80-4CA3-BB62-3697EC77914C}"
EndProject
Project("{FAE04EC0-301F-11D3-BF4B-00C04F79EFBC}") = "CuttingPlaneMethodTest", "CuttingPlaneMethodTest\CuttingPlaneMethodTest.csproj", "{EBCA2C74-6083-4C67-A5DE-620AD98F0171}"
EndProject
Global
	GlobalSection(SolutionConfigurationPlatforms) = preSolution
	EndGlobalSection
	GlobalSection(ProjectConfigurationPlatforms) = postSolution
	EndGlobalSection
	GlobalSection(SolutionProperties) = preSolution
		HideSolutionNode = FALSE
	EndGlobalSection
	GlobalSection(ExtensibilityGlobals) = postSolution
		SolutionGuid = {0DBC796C-398A-4CD9-AA69-81A66BA8E932}
	EndGlobalSection
EndGlobal
