Microsoft Visual Studio Solution File, Format Version 12.00
# Visual Studio Version 17
Project("{FAE04EC0-301F-11D3-BF4B-00C04F79EFBC}") = "TabuSearchAlgorithm", "TabuSearchAlgorithm\TabuSearchAlgorithm.csproj", "{A6FD3852-963F-4B60-820F-15204E3B31FB}"
EndProject
Project("{FAE04EC0-301F-11D3-BF4B-00C04F79EFBC}") = "TabuSearchAlgorithmTest", "TabuSearchAlgorithmTest\TabuSearchAlgorithmTest.csproj", "{DEF14F2E-C3B9-4CCF-B134-46B24994A6DA}"
EndProject
Global
	GlobalSection(SolutionConfigurationPlatforms) = preSolution
	EndGlobalSection
	GlobalSection(ProjectConfigurationPlatforms) = postSolution
	EndGlobalSection
	GlobalSection(SolutionProperties) = preSolution
		HideSolutionNode = FALSE
	EndGlobalSection
	GlobalSection(ExtensibilityGlobals) = postSolution
		SolutionGuid = {0AC84F02-F44E-4B2E-9E44-40DB04229C33}
	EndGlobalSection
EndGlobal
