Microsoft Visual Studio Solution File, Format Version 12.00
# Visual Studio Version 17
Project("{FAE04EC0-301F-11D3-BF4B-00C04F79EFBC}") = "StochasticTunnelingAlgorithm", "StochasticTunnelingAlgorithm\StochasticTunnelingAlgorithm.csproj", "{18739D35-F3D4-49B3-8D58-E41DBA606D24}"
EndProject
Project("{FAE04EC0-301F-11D3-BF4B-00C04F79EFBC}") = "StochasticTunnelingAlgorithmTest", "StochasticTunnelingAlgorithmTest\StochasticTunnelingAlgorithmTest.csproj", "{E84DD1C8-2F83-4FD1-938E-D6F99DE87D30}"
EndProject
Global
	GlobalSection(SolutionConfigurationPlatforms) = preSolution
	EndGlobalSection
	GlobalSection(ProjectConfigurationPlatforms) = postSolution
	EndGlobalSection
	GlobalSection(SolutionProperties) = preSolution
		HideSolutionNode = FALSE
	EndGlobalSection
	GlobalSection(ExtensibilityGlobals) = postSolution
		SolutionGuid = {D9C5C0E9-AC41-4B7F-B544-561D9C322AC1}
	EndGlobalSection
EndGlobal
