Microsoft Visual Studio Solution File, Format Version 12.00
# Visual Studio Version 17
Project("{FAE04EC0-301F-11D3-BF4B-00C04F79EFBC}") = "VelvetAlgorithmSuite", "VelvetAlgorithmSuite\VelvetAlgorithmSuite.csproj", "{D4498687-F0A5-49BC-9D66-8ED306185429}"
EndProject
Project("{FAE04EC0-301F-11D3-BF4B-00C04F79EFBC}") = "VelvetAlgorithmSuiteTest", "VelvetAlgorithmSuiteTest\VelvetAlgorithmSuiteTest.csproj", "{50EF066B-BE57-4C4A-AC9E-BF59CF02971B}"
EndProject
Global
	GlobalSection(SolutionConfigurationPlatforms) = preSolution
	EndGlobalSection
	GlobalSection(ProjectConfigurationPlatforms) = postSolution
	EndGlobalSection
	GlobalSection(SolutionProperties) = preSolution
		HideSolutionNode = FALSE
	EndGlobalSection
	GlobalSection(ExtensibilityGlobals) = postSolution
		SolutionGuid = {38A2E5FB-97EB-4FB3-90C0-6C01137A5B68}
	EndGlobalSection
EndGlobal
