Microsoft Visual Studio Solution File, Format Version 12.00
# Visual Studio Version 17
Project("{FAE04EC0-301F-11D3-BF4B-00C04F79EFBC}") = "IterativeDeepeningSearch", "IterativeDeepeningSearch\IterativeDeepeningSearch.csproj", "{5BCB3C80-A59E-4012-8430-593D978E6315}"
EndProject
Project("{FAE04EC0-301F-11D3-BF4B-00C04F79EFBC}") = "IterativeDeepeningSearchTest", "IterativeDeepeningSearchTest\IterativeDeepeningSearchTest.csproj", "{536E065C-1AC5-4D02-872D-6EFEE7983300}"
EndProject
Global
	GlobalSection(SolutionConfigurationPlatforms) = preSolution
	EndGlobalSection
	GlobalSection(ProjectConfigurationPlatforms) = postSolution
	EndGlobalSection
	GlobalSection(SolutionProperties) = preSolution
		HideSolutionNode = FALSE
	EndGlobalSection
	GlobalSection(ExtensibilityGlobals) = postSolution
		SolutionGuid = {B17AEF0D-27F2-49D8-8E1E-16EC8D92C1EA}
	EndGlobalSection
EndGlobal
