Microsoft Visual Studio Solution File, Format Version 12.00
# Visual Studio Version 17
Project("{FAE04EC0-301F-11D3-BF4B-00C04F79EFBC}") = "FaugereF4Algorithm", "FaugereF4Algorithm\FaugereF4Algorithm.csproj", "{E514FB69-604A-47BC-83FB-76099CB9CD93}"
EndProject
Project("{FAE04EC0-301F-11D3-BF4B-00C04F79EFBC}") = "FaugereF4AlgorithmTest", "FaugereF4AlgorithmTest\FaugereF4AlgorithmTest.csproj", "{484F122B-3382-4ACE-B0B6-87A21F6AA802}"
EndProject
Global
	GlobalSection(SolutionConfigurationPlatforms) = preSolution
	EndGlobalSection
	GlobalSection(ProjectConfigurationPlatforms) = postSolution
	EndGlobalSection
	GlobalSection(SolutionProperties) = preSolution
		HideSolutionNode = FALSE
	EndGlobalSection
	GlobalSection(ExtensibilityGlobals) = postSolution
		SolutionGuid = {901D303B-F5D1-43D9-8456-B1C53F856FB4}
	EndGlobalSection
EndGlobal
