Microsoft Visual Studio Solution File, Format Version 12.00
# Visual Studio Version 17
Project("{FAE04EC0-301F-11D3-BF4B-00C04F79EFBC}") = "BinaryTreeSort", "BinaryTreeSort\BinaryTreeSort.csproj", "{5589F9C6-C6E3-4C38-A9CA-9D76A6F522A0}"
EndProject
Project("{FAE04EC0-301F-11D3-BF4B-00C04F79EFBC}") = "BinaryTreeSortTest", "BinaryTreeSortTest\BinaryTreeSortTest.csproj", "{5B086BD3-8D23-42FC-967E-60A2135C738C}"
EndProject
Global
	GlobalSection(SolutionConfigurationPlatforms) = preSolution
	EndGlobalSection
	GlobalSection(ProjectConfigurationPlatforms) = postSolution
	EndGlobalSection
	GlobalSection(SolutionProperties) = preSolution
		HideSolutionNode = FALSE
	EndGlobalSection
	GlobalSection(ExtensibilityGlobals) = postSolution
		SolutionGuid = {3DB91C33-9611-4F5C-8657-A88A18FB3BF5}
	EndGlobalSection
EndGlobal
