Microsoft Visual Studio Solution File, Format Version 12.00
# Visual Studio Version 17
Project("{FAE04EC0-301F-11D3-BF4B-00C04F79EFBC}") = "TopNodesAlgorithm", "TopNodesAlgorithm\TopNodesAlgorithm.csproj", "{98C7D082-3AD1-40B8-AB09-873E0D7B1D87}"
EndProject
Project("{FAE04EC0-301F-11D3-BF4B-00C04F79EFBC}") = "TopNodesAlgorithmTest", "TopNodesAlgorithmTest\TopNodesAlgorithmTest.csproj", "{F98B898E-EBED-4BFA-B5D7-1C1A429443C7}"
EndProject
Global
	GlobalSection(SolutionConfigurationPlatforms) = preSolution
	EndGlobalSection
	GlobalSection(ProjectConfigurationPlatforms) = postSolution
	EndGlobalSection
	GlobalSection(SolutionProperties) = preSolution
		HideSolutionNode = FALSE
	EndGlobalSection
	GlobalSection(ExtensibilityGlobals) = postSolution
		SolutionGuid = {F021700A-B470-44C5-95CB-8ED88F282DAE}
	EndGlobalSection
EndGlobal
