Microsoft Visual Studio Solution File, Format Version 12.00
# Visual Studio Version 17
Project("{FAE04EC0-301F-11D3-BF4B-00C04F79EFBC}") = "TruncatedExponentialBackoff", "TruncatedExponentialBackoff\TruncatedExponentialBackoff.csproj", "{85A867AC-3F77-46B7-B015-F1EE6C13856B}"
EndProject
Project("{FAE04EC0-301F-11D3-BF4B-00C04F79EFBC}") = "TruncatedExponentialBackoffTest", "TruncatedExponentialBackoffTest\TruncatedExponentialBackoffTest.csproj", "{4A2DC9DD-28E2-44FA-9283-11E51C103CB3}"
EndProject
Global
	GlobalSection(SolutionConfigurationPlatforms) = preSolution
	EndGlobalSection
	GlobalSection(ProjectConfigurationPlatforms) = postSolution
	EndGlobalSection
	GlobalSection(SolutionProperties) = preSolution
		HideSolutionNode = FALSE
	EndGlobalSection
	GlobalSection(ExtensibilityGlobals) = postSolution
		SolutionGuid = {B66980DE-59C5-40A7-B8A2-D962027D7C21}
	EndGlobalSection
EndGlobal
