Microsoft Visual Studio Solution File, Format Version 12.00
# Visual Studio Version 17
Project("{FAE04EC0-301F-11D3-BF4B-00C04F79EFBC}") = "RuzzoTompaAlgorithm", "RuzzoTompaAlgorithm\RuzzoTompaAlgorithm.csproj", "{1A3280D8-6276-4391-887E-EA1AC5730704}"
EndProject
Project("{FAE04EC0-301F-11D3-BF4B-00C04F79EFBC}") = "RuzzoTompaAlgorithmTest", "RuzzoTompaAlgorithmTest\RuzzoTompaAlgorithmTest.csproj", "{2AC30EE9-F869-4104-B9E4-E80A5A5B6996}"
EndProject
Global
	GlobalSection(SolutionConfigurationPlatforms) = preSolution
	EndGlobalSection
	GlobalSection(ProjectConfigurationPlatforms) = postSolution
	EndGlobalSection
	GlobalSection(SolutionProperties) = preSolution
		HideSolutionNode = FALSE
	EndGlobalSection
	GlobalSection(ExtensibilityGlobals) = postSolution
		SolutionGuid = {16A419DA-E00F-44C1-B548-C8EB421F84D1}
	EndGlobalSection
EndGlobal
