Microsoft Visual Studio Solution File, Format Version 12.00
# Visual Studio Version 17
Project("{FAE04EC0-301F-11D3-BF4B-00C04F79EFBC}") = "EllipticCurveDH", "EllipticCurveDH\EllipticCurveDH.csproj", "{8F746755-1669-4328-BE67-C2ACB2AFF767}"
EndProject
Project("{FAE04EC0-301F-11D3-BF4B-00C04F79EFBC}") = "EllipticCurveDHTest", "EllipticCurveDHTest\EllipticCurveDHTest.csproj", "{96FD66BA-6B6A-47FF-BA77-21BE7167ADCC}"
EndProject
Global
	GlobalSection(SolutionConfigurationPlatforms) = preSolution
	EndGlobalSection
	GlobalSection(ProjectConfigurationPlatforms) = postSolution
	EndGlobalSection
	GlobalSection(SolutionProperties) = preSolution
		HideSolutionNode = FALSE
	EndGlobalSection
	GlobalSection(ExtensibilityGlobals) = postSolution
		SolutionGuid = {60C7B9B9-E443-4189-BAF3-CEBA9491D604}
	EndGlobalSection
EndGlobal
