Microsoft Visual Studio Solution File, Format Version 12.00
# Visual Studio Version 17
Project("{FAE04EC0-301F-11D3-BF4B-00C04F79EFBC}") = "LempelZivMarkov", "LempelZivMarkov\LempelZivMarkov.csproj", "{8FAD623F-9349-4EB7-BC4A-3F037BACC1D3}"
EndProject
Project("{FAE04EC0-301F-11D3-BF4B-00C04F79EFBC}") = "LempelZivMarkovTest", "LempelZivMarkovTest\LempelZivMarkovTest.csproj", "{064DC7B6-2D2A-4395-99F4-2C7C2ED5C32E}"
EndProject
Global
	GlobalSection(SolutionConfigurationPlatforms) = preSolution
	EndGlobalSection
	GlobalSection(ProjectConfigurationPlatforms) = postSolution
	EndGlobalSection
	GlobalSection(SolutionProperties) = preSolution
		HideSolutionNode = FALSE
	EndGlobalSection
	GlobalSection(ExtensibilityGlobals) = postSolution
		SolutionGuid = {F8FF8B52-8E14-4359-9990-7142C14248EA}
	EndGlobalSection
EndGlobal
