Microsoft Visual Studio Solution File, Format Version 12.00
# Visual Studio Version 17
Project("{FAE04EC0-301F-11D3-BF4B-00C04F79EFBC}") = "BinarySplitting", "BinarySplitting\BinarySplitting.csproj", "{951E2FAD-C242-4177-93FA-98D56820F487}"
EndProject
Project("{FAE04EC0-301F-11D3-BF4B-00C04F79EFBC}") = "BinarySplittingTest", "BinarySplittingTest\BinarySplittingTest.csproj", "{C0EB673C-D600-4BDC-9043-62A9E3371839}"
EndProject
Global
	GlobalSection(SolutionConfigurationPlatforms) = preSolution
	EndGlobalSection
	GlobalSection(ProjectConfigurationPlatforms) = postSolution
	EndGlobalSection
	GlobalSection(SolutionProperties) = preSolution
		HideSolutionNode = FALSE
	EndGlobalSection
	GlobalSection(ExtensibilityGlobals) = postSolution
		SolutionGuid = {078A5285-70F2-4284-A39B-741CF437B1D2}
	EndGlobalSection
EndGlobal
