Microsoft Visual Studio Solution File, Format Version 12.00
# Visual Studio Version 17
Project("{FAE04EC0-301F-11D3-BF4B-00C04F79EFBC}") = "NewtonRaphsonDivision", "NewtonRaphsonDivision\NewtonRaphsonDivision.csproj", "{47CB6DFD-EA97-4920-B860-8A54E7CAACB0}"
EndProject
Project("{FAE04EC0-301F-11D3-BF4B-00C04F79EFBC}") = "NewtonRaphsonDivisionTest", "NewtonRaphsonDivisionTest\NewtonRaphsonDivisionTest.csproj", "{744094C4-D256-441A-8EC0-E1E5040BD758}"
EndProject
Global
	GlobalSection(SolutionConfigurationPlatforms) = preSolution
	EndGlobalSection
	GlobalSection(ProjectConfigurationPlatforms) = postSolution
	EndGlobalSection
	GlobalSection(SolutionProperties) = preSolution
		HideSolutionNode = FALSE
	EndGlobalSection
	GlobalSection(ExtensibilityGlobals) = postSolution
		SolutionGuid = {8772BB61-B444-4C5E-BF93-84DAF2CB6C3A}
	EndGlobalSection
EndGlobal
