Microsoft Visual Studio Solution File, Format Version 12.00
# Visual Studio Version 17
Project("{FAE04EC0-301F-11D3-BF4B-00C04F79EFBC}") = "EspressoHeuristicMinimizer", "EspressoHeuristicMinimizer\EspressoHeuristicMinimizer.csproj", "{71AD1198-894C-43BE-A499-527B3EC30ADC}"
EndProject
Project("{FAE04EC0-301F-11D3-BF4B-00C04F79EFBC}") = "EspressoHeuristicMinimizerTest", "EspressoHeuristicMinimizerTest\EspressoHeuristicMinimizerTest.csproj", "{B33D442F-E42B-435F-B1BC-668E5F115072}"
EndProject
Global
	GlobalSection(SolutionConfigurationPlatforms) = preSolution
	EndGlobalSection
	GlobalSection(ProjectConfigurationPlatforms) = postSolution
	EndGlobalSection
	GlobalSection(SolutionProperties) = preSolution
		HideSolutionNode = FALSE
	EndGlobalSection
	GlobalSection(ExtensibilityGlobals) = postSolution
		SolutionGuid = {3896C741-121B-4A94-8AA5-BA1891D13CDF}
	EndGlobalSection
EndGlobal
