Microsoft Visual Studio Solution File, Format Version 12.00
# Visual Studio Version 17
Project("{FAE04EC0-301F-11D3-BF4B-00C04F79EFBC}") = "SequiturAlgorithm", "SequiturAlgorithm\SequiturAlgorithm.csproj", "{A3E6C547-A8AF-4CAA-844C-4DD27820DF12}"
EndProject
Project("{FAE04EC0-301F-11D3-BF4B-00C04F79EFBC}") = "SequiturAlgorithmTest", "SequiturAlgorithmTest\SequiturAlgorithmTest.csproj", "{9BAD750F-3BE3-4960-B1BF-0C7BDBC7A974}"
EndProject
Global
	GlobalSection(SolutionConfigurationPlatforms) = preSolution
	EndGlobalSection
	GlobalSection(ProjectConfigurationPlatforms) = postSolution
	EndGlobalSection
	GlobalSection(SolutionProperties) = preSolution
		HideSolutionNode = FALSE
	EndGlobalSection
	GlobalSection(ExtensibilityGlobals) = postSolution
		SolutionGuid = {E9CFAF7E-9BEF-48D8-AC19-BA3A353652F2}
	EndGlobalSection
EndGlobal
