Microsoft Visual Studio Solution File, Format Version 12.00
# Visual Studio Version 17
Project("{FAE04EC0-301F-11D3-BF4B-00C04F79EFBC}") = "BerlekampMasseyAlgorithm", "BerlekampMasseyAlgorithm\BerlekampMasseyAlgorithm.csproj", "{F4CBDF80-83DD-46B5-A87F-1C21FA34CF30}"
EndProject
Project("{FAE04EC0-301F-11D3-BF4B-00C04F79EFBC}") = "BerlekampMasseyAlgorithmTest", "BerlekampMasseyAlgorithmTest\BerlekampMasseyAlgorithmTest.csproj", "{4D634A27-6BEA-4FDF-A578-63E159BB9692}"
EndProject
Global
	GlobalSection(SolutionConfigurationPlatforms) = preSolution
	EndGlobalSection
	GlobalSection(ProjectConfigurationPlatforms) = postSolution
	EndGlobalSection
	GlobalSection(SolutionProperties) = preSolution
		HideSolutionNode = FALSE
	EndGlobalSection
	GlobalSection(ExtensibilityGlobals) = postSolution
		SolutionGuid = {CEF6C62B-6302-4940-BD0C-9F47A1105042}
	EndGlobalSection
EndGlobal
