Microsoft Visual Studio Solution File, Format Version 12.00
# Visual Studio Version 17
Project("{FAE04EC0-301F-11D3-BF4B-00C04F79EFBC}") = "DynamicTimeWarping", "DynamicTimeWarping\DynamicTimeWarping.csproj", "{69574BBE-057C-421D-820F-1061C7281610}"
EndProject
Project("{FAE04EC0-301F-11D3-BF4B-00C04F79EFBC}") = "DynamicTimeWarpingTest", "DynamicTimeWarpingTest\DynamicTimeWarpingTest.csproj", "{27F4B494-C6BB-4430-B0B6-E940DB702103}"
EndProject
Global
	GlobalSection(SolutionConfigurationPlatforms) = preSolution
	EndGlobalSection
	GlobalSection(ProjectConfigurationPlatforms) = postSolution
	EndGlobalSection
	GlobalSection(SolutionProperties) = preSolution
		HideSolutionNode = FALSE
	EndGlobalSection
	GlobalSection(ExtensibilityGlobals) = postSolution
		SolutionGuid = {92184861-13E5-434B-8AD3-DB59BE8EF7BA}
	EndGlobalSection
EndGlobal
