Microsoft Visual Studio Solution File, Format Version 12.00
# Visual Studio Version 17
Project("{FAE04EC0-301F-11D3-BF4B-00C04F79EFBC}") = "ChudnovskyAlgorithm", "ChudnovskyAlgorithm\ChudnovskyAlgorithm.csproj", "{27A50822-DDD9-46C6-A06A-F784CACAA195}"
EndProject
Project("{FAE04EC0-301F-11D3-BF4B-00C04F79EFBC}") = "ChudnovskyAlgorithmTest", "ChudnovskyAlgorithmTest\ChudnovskyAlgorithmTest.csproj", "{4039F800-D525-42F2-B23D-287CCB7CCEAB}"
EndProject
Global
	GlobalSection(SolutionConfigurationPlatforms) = preSolution
	EndGlobalSection
	GlobalSection(ProjectConfigurationPlatforms) = postSolution
	EndGlobalSection
	GlobalSection(SolutionProperties) = preSolution
		HideSolutionNode = FALSE
	EndGlobalSection
	GlobalSection(ExtensibilityGlobals) = postSolution
		SolutionGuid = {820B3569-9B18-470A-ADCB-8A930D35C7F1}
	EndGlobalSection
EndGlobal
