Microsoft Visual Studio Solution File, Format Version 12.00
# Visual Studio Version 17
Project("{FAE04EC0-301F-11D3-BF4B-00C04F79EFBC}") = "KhopcaClusteringAlgorithm", "KhopcaClusteringAlgorithm\KhopcaClusteringAlgorithm.csproj", "{101B4709-1693-4A2B-A8ED-5E8F4E24EEBE}"
EndProject
Project("{FAE04EC0-301F-11D3-BF4B-00C04F79EFBC}") = "KhopcaClusteringAlgorithmTest", "KhopcaClusteringAlgorithmTest\KhopcaClusteringAlgorithmTest.csproj", "{BEBD2ED1-96A8-45C2-BF8B-FD1F3F2E2BE8}"
EndProject
Global
	GlobalSection(SolutionConfigurationPlatforms) = preSolution
	EndGlobalSection
	GlobalSection(ProjectConfigurationPlatforms) = postSolution
	EndGlobalSection
	GlobalSection(SolutionProperties) = preSolution
		HideSolutionNode = FALSE
	EndGlobalSection
	GlobalSection(ExtensibilityGlobals) = postSolution
		SolutionGuid = {F2499A6D-B792-45FA-B0C3-5E9DD46B9B44}
	EndGlobalSection
EndGlobal
