Microsoft Visual Studio Solution File, Format Version 12.00
# Visual Studio Version 17
Project("{FAE04EC0-301F-11D3-BF4B-00C04F79EFBC}") = "SteinhausJohnsonTrotter", "SteinhausJohnsonTrotter\SteinhausJohnsonTrotter.csproj", "{DA178D5C-8593-4C8D-9406-A45DD9E9D3CD}"
EndProject
Project("{FAE04EC0-301F-11D3-BF4B-00C04F79EFBC}") = "SteinhausJohnsonTrotterTest", "SteinhausJohnsonTrotterTest\SteinhausJohnsonTrotterTest.csproj", "{572A67A5-0E0C-4CE6-9A5F-9793B7329C8E}"
EndProject
Global
	GlobalSection(SolutionConfigurationPlatforms) = preSolution
	EndGlobalSection
	GlobalSection(ProjectConfigurationPlatforms) = postSolution
	EndGlobalSection
	GlobalSection(SolutionProperties) = preSolution
		HideSolutionNode = FALSE
	EndGlobalSection
	GlobalSection(ExtensibilityGlobals) = postSolution
		SolutionGuid = {5E6436F6-3ADB-443D-8B07-725DFC7ED383}
	EndGlobalSection
EndGlobal
