Microsoft Visual Studio Solution File, Format Version 12.00
# Visual Studio Version 17
Project("{FAE04EC0-301F-11D3-BF4B-00C04F79EFBC}") = "GoldschmidtDivision", "GoldschmidtDivision\GoldschmidtDivision.csproj", "{A7160768-14A8-495A-A4C9-A5858FEBDD46}"
EndProject
Project("{FAE04EC0-301F-11D3-BF4B-00C04F79EFBC}") = "GoldschmidtDivisionTest", "GoldschmidtDivisionTest\GoldschmidtDivisionTest.csproj", "{85A8CD0A-FA1D-4966-A263-301028DAA75C}"
EndProject
Global
	GlobalSection(SolutionConfigurationPlatforms) = preSolution
	EndGlobalSection
	GlobalSection(ProjectConfigurationPlatforms) = postSolution
	EndGlobalSection
	GlobalSection(SolutionProperties) = preSolution
		HideSolutionNode = FALSE
	EndGlobalSection
	GlobalSection(ExtensibilityGlobals) = postSolution
		SolutionGuid = {73AA7762-48D9-4968-B5AE-B331CDC5A3F7}
	EndGlobalSection
EndGlobal
