Microsoft Visual Studio Solution File, Format Version 12.00
# Visual Studio Version 17
Project("{FAE04EC0-301F-11D3-BF4B-00C04F79EFBC}") = "KosarajuAlgorithm", "KosarajuAlgorithm\KosarajuAlgorithm.csproj", "{2DB9EB36-4A8C-49A7-BE99-6883B31D954D}"
EndProject
Project("{FAE04EC0-301F-11D3-BF4B-00C04F79EFBC}") = "KosarajuAlgorithmTest", "KosarajuAlgorithmTest\KosarajuAlgorithmTest.csproj", "{04163CE6-5DD0-42DB-BE46-B37639F907C6}"
EndProject
Global
	GlobalSection(SolutionConfigurationPlatforms) = preSolution
	EndGlobalSection
	GlobalSection(ProjectConfigurationPlatforms) = postSolution
	EndGlobalSection
	GlobalSection(SolutionProperties) = preSolution
		HideSolutionNode = FALSE
	EndGlobalSection
	GlobalSection(ExtensibilityGlobals) = postSolution
		SolutionGuid = {69E9DFBE-7E4E-454F-9578-3C049D103690}
	EndGlobalSection
EndGlobal
