Microsoft Visual Studio Solution File, Format Version 12.00
# Visual Studio Version 17
Project("{FAE04EC0-301F-11D3-BF4B-00C04F79EFBC}") = "SchenstedAlgorithm", "SchenstedAlgorithm\SchenstedAlgorithm.csproj", "{0A9DBED7-22CE-4D26-81EF-3ABECDA9A61D}"
EndProject
Project("{FAE04EC0-301F-11D3-BF4B-00C04F79EFBC}") = "SchenstedAlgorithmTest", "SchenstedAlgorithmTest\SchenstedAlgorithmTest.csproj", "{C5600771-D57F-4488-BB17-3406C9A7E932}"
EndProject
Global
	GlobalSection(SolutionConfigurationPlatforms) = preSolution
	EndGlobalSection
	GlobalSection(ProjectConfigurationPlatforms) = postSolution
	EndGlobalSection
	GlobalSection(SolutionProperties) = preSolution
		HideSolutionNode = FALSE
	EndGlobalSection
	GlobalSection(ExtensibilityGlobals) = postSolution
		SolutionGuid = {00D50645-658B-43B0-B484-E3C2B01DE9A3}
	EndGlobalSection
EndGlobal
