Microsoft Visual Studio Solution File, Format Version 12.00
# Visual Studio Version 17
Project("{FAE04EC0-301F-11D3-BF4B-00C04F79EFBC}") = "EarleyParserAlgorithm", "EarleyParserAlgorithm\EarleyParserAlgorithm.csproj", "{25AE29F8-8FC1-45F9-81A3-85F7D43FA67D}"
EndProject
Project("{FAE04EC0-301F-11D3-BF4B-00C04F79EFBC}") = "EarleyParserAlgorithmTest", "EarleyParserAlgorithmTest\EarleyParserAlgorithmTest.csproj", "{9F311205-DB1E-4F9B-92B0-B710EBE149ED}"
EndProject
Global
	GlobalSection(SolutionConfigurationPlatforms) = preSolution
	EndGlobalSection
	GlobalSection(ProjectConfigurationPlatforms) = postSolution
	EndGlobalSection
	GlobalSection(SolutionProperties) = preSolution
		HideSolutionNode = FALSE
	EndGlobalSection
	GlobalSection(ExtensibilityGlobals) = postSolution
		SolutionGuid = {7BC694F8-6EFF-460A-A9CD-BBC8A4DD195A}
	EndGlobalSection
EndGlobal
