Microsoft Visual Studio Solution File, Format Version 12.00
# Visual Studio Version 17
Project("{FAE04EC0-301F-11D3-BF4B-00C04F79EFBC}") = "StoogeSort", "StoogeSort\StoogeSort.csproj", "{BAE479AF-8215-4537-866A-C0F1EDF21854}"
EndProject
Project("{FAE04EC0-301F-11D3-BF4B-00C04F79EFBC}") = "StoogeSortTest", "StoogeSortTest\StoogeSortTest.csproj", "{7DBED6E3-594B-4C68-AE2A-BC93E9CE36AA}"
EndProject
Global
	GlobalSection(SolutionConfigurationPlatforms) = preSolution
	EndGlobalSection
	GlobalSection(ProjectConfigurationPlatforms) = postSolution
	EndGlobalSection
	GlobalSection(SolutionProperties) = preSolution
		HideSolutionNode = FALSE
	EndGlobalSection
	GlobalSection(ExtensibilityGlobals) = postSolution
		SolutionGuid = {B7047613-6387-46B8-8D43-45F84F6D84A8}
	EndGlobalSection
EndGlobal
