Microsoft Visual Studio Solution File, Format Version 12.00
# Visual Studio Version 17
Project("{FAE04EC0-301F-11D3-BF4B-00C04F79EFBC}") = "InsideOutsideAlgorithm", "InsideOutsideAlgorithm\InsideOutsideAlgorithm.csproj", "{21FDBF6B-4389-4085-AB8E-1251F2F873D5}"
EndProject
Project("{FAE04EC0-301F-11D3-BF4B-00C04F79EFBC}") = "InsideOutsideAlgorithmTest", "InsideOutsideAlgorithmTest\InsideOutsideAlgorithmTest.csproj", "{D0C385B3-B39D-452B-9055-7157183B0E67}"
EndProject
Global
	GlobalSection(SolutionConfigurationPlatforms) = preSolution
	EndGlobalSection
	GlobalSection(ProjectConfigurationPlatforms) = postSolution
	EndGlobalSection
	GlobalSection(SolutionProperties) = preSolution
		HideSolutionNode = FALSE
	EndGlobalSection
	GlobalSection(ExtensibilityGlobals) = postSolution
		SolutionGuid = {56ED1785-E6AC-4A15-924D-E8E8C39264D2}
	EndGlobalSection
EndGlobal
