Microsoft Visual Studio Solution File, Format Version 12.00
# Visual Studio Version 17
Project("{FAE04EC0-301F-11D3-BF4B-00C04F79EFBC}") = "RandomForest", "RandomForest\RandomForest.csproj", "{8218F189-DBA8-4EDC-80F3-6E8752EEDC10}"
EndProject
Project("{FAE04EC0-301F-11D3-BF4B-00C04F79EFBC}") = "RandomForestTest", "RandomForestTest\RandomForestTest.csproj", "{8D04EA1A-6022-45BA-B363-4B2769096E81}"
EndProject
Global
	GlobalSection(SolutionConfigurationPlatforms) = preSolution
	EndGlobalSection
	GlobalSection(ProjectConfigurationPlatforms) = postSolution
	EndGlobalSection
	GlobalSection(SolutionProperties) = preSolution
		HideSolutionNode = FALSE
	EndGlobalSection
	GlobalSection(ExtensibilityGlobals) = postSolution
		SolutionGuid = {B535D704-BA39-46E4-B1C9-8CFC2D2A5CA1}
	EndGlobalSection
EndGlobal
