Microsoft Visual Studio Solution File, Format Version 12.00
# Visual Studio Version 17
Project("{FAE04EC0-301F-11D3-BF4B-00C04F79EFBC}") = "UnicodeCollationAlgorithm", "UnicodeCollationAlgorithm\UnicodeCollationAlgorithm.csproj", "{7EA6FD70-8E87-4539-A9A6-2BFC1792A374}"
EndProject
Project("{FAE04EC0-301F-11D3-BF4B-00C04F79EFBC}") = "UnicodeCollationAlgorithmTest", "UnicodeCollationAlgorithmTest\UnicodeCollationAlgorithmTest.csproj", "{0F28E337-6556-4AFF-8256-3C2B7AF85982}"
EndProject
Global
	GlobalSection(SolutionConfigurationPlatforms) = preSolution
	EndGlobalSection
	GlobalSection(ProjectConfigurationPlatforms) = postSolution
	EndGlobalSection
	GlobalSection(SolutionProperties) = preSolution
		HideSolutionNode = FALSE
	EndGlobalSection
	GlobalSection(ExtensibilityGlobals) = postSolution
		SolutionGuid = {63A260E4-B4C5-4AEE-BDF9-8FB899B06D9D}
	EndGlobalSection
EndGlobal
