Microsoft Visual Studio Solution File, Format Version 12.00
# Visual Studio Version 17
Project("{FAE04EC0-301F-11D3-BF4B-00C04F79EFBC}") = "LuhnModN", "LuhnModN\LuhnModN.csproj", "{5BAA4407-C110-4436-991B-68E2DC3FC9CE}"
EndProject
Project("{FAE04EC0-301F-11D3-BF4B-00C04F79EFBC}") = "LuhnModNTest", "LuhnModNTest\LuhnModNTest.csproj", "{BFD9832C-360E-4E3B-9AB3-05BE84A62D00}"
EndProject
Global
	GlobalSection(SolutionConfigurationPlatforms) = preSolution
	EndGlobalSection
	GlobalSection(ProjectConfigurationPlatforms) = postSolution
	EndGlobalSection
	GlobalSection(SolutionProperties) = preSolution
		HideSolutionNode = FALSE
	EndGlobalSection
	GlobalSection(ExtensibilityGlobals) = postSolution
		SolutionGuid = {C92065CD-92BD-49B6-A0FD-4679397D0A60}
	EndGlobalSection
EndGlobal
