Microsoft Visual Studio Solution File, Format Version 12.00
# Visual Studio Version 17
Project("{FAE04EC0-301F-11D3-BF4B-00C04F79EFBC}") = "PearsonHash", "PearsonHash\PearsonHash.csproj", "{07503348-3C35-4EDC-88F3-7D03DAEEBD95}"
EndProject
Project("{FAE04EC0-301F-11D3-BF4B-00C04F79EFBC}") = "PearsonHashTest", "PearsonHashTest\PearsonHashTest.csproj", "{7860FDE1-512C-4D0F-B19D-37C5AA91EF53}"
EndProject
Global
	GlobalSection(SolutionConfigurationPlatforms) = preSolution
	EndGlobalSection
	GlobalSection(ProjectConfigurationPlatforms) = postSolution
	EndGlobalSection
	GlobalSection(SolutionProperties) = preSolution
		HideSolutionNode = FALSE
	EndGlobalSection
	GlobalSection(ExtensibilityGlobals) = postSolution
		SolutionGuid = {1C57773F-DD64-4B19-97C1-156B74BCCC17}
	EndGlobalSection
EndGlobal
