Microsoft Visual Studio Solution File, Format Version 12.00
# Visual Studio Version 17
Project("{FAE04EC0-301F-11D3-BF4B-00C04F79EFBC}") = "GerchbergSaxtonAlgorithm", "GerchbergSaxtonAlgorithm\GerchbergSaxtonAlgorithm.csproj", "{AB47536B-5E42-446B-A891-396A51F1D9EB}"
EndProject
Project("{FAE04EC0-301F-11D3-BF4B-00C04F79EFBC}") = "GerchbergSaxtonAlgorithmTest", "GerchbergSaxtonAlgorithmTest\GerchbergSaxtonAlgorithmTest.csproj", "{1AD0946F-5CCA-43AA-ACDF-4E0EB4BC6DC7}"
EndProject
Global
	GlobalSection(SolutionConfigurationPlatforms) = preSolution
	EndGlobalSection
	GlobalSection(ProjectConfigurationPlatforms) = postSolution
	EndGlobalSection
	GlobalSection(SolutionProperties) = preSolution
		HideSolutionNode = FALSE
	EndGlobalSection
	GlobalSection(ExtensibilityGlobals) = postSolution
		SolutionGuid = {7005DC50-205E-4297-9FFD-831F6ABB0A11}
	EndGlobalSection
EndGlobal
