Microsoft Visual Studio Solution File, Format Version 12.00
# Visual Studio Version 17
Project("{FAE04EC0-301F-11D3-BF4B-00C04F79EFBC}") = "Sha3Variants", "Sha3Variants\Sha3Variants.csproj", "{FB6BBDF2-3C05-4108-B014-68A839133F5C}"
EndProject
Project("{FAE04EC0-301F-11D3-BF4B-00C04F79EFBC}") = "Sha3VariantsTest", "Sha3VariantsTest\Sha3VariantsTest.csproj", "{50CECB54-B4CA-4844-BC50-609011583EB6}"
EndProject
Global
	GlobalSection(SolutionConfigurationPlatforms) = preSolution
	EndGlobalSection
	GlobalSection(ProjectConfigurationPlatforms) = postSolution
	EndGlobalSection
	GlobalSection(SolutionProperties) = preSolution
		HideSolutionNode = FALSE
	EndGlobalSection
	GlobalSection(ExtensibilityGlobals) = postSolution
		SolutionGuid = {6E37B2A3-2683-4640-B427-0880033D09AC}
	EndGlobalSection
EndGlobal
