Microsoft Visual Studio Solution File, Format Version 12.00
# Visual Studio Version 17
Project("{FAE04EC0-301F-11D3-BF4B-00C04F79EFBC}") = "StochasticUniversalSampling", "StochasticUniversalSampling\StochasticUniversalSampling.csproj", "{5C15E83B-C00D-459F-BEB1-09BB4DD72381}"
EndProject
Project("{FAE04EC0-301F-11D3-BF4B-00C04F79EFBC}") = "StochasticUniversalSamplingTest", "StochasticUniversalSamplingTest\StochasticUniversalSamplingTest.csproj", "{3C5C054B-93CD-4D3A-8228-2F61BA0A1D7F}"
EndProject
Global
	GlobalSection(SolutionConfigurationPlatforms) = preSolution
	EndGlobalSection
	GlobalSection(ProjectConfigurationPlatforms) = postSolution
	EndGlobalSection
	GlobalSection(SolutionProperties) = preSolution
		HideSolutionNode = FALSE
	EndGlobalSection
	GlobalSection(ExtensibilityGlobals) = postSolution
		SolutionGuid = {B94099CD-6830-4389-ACD1-6739FF7EF457}
	EndGlobalSection
EndGlobal
