Microsoft Visual Studio Solution File, Format Version 12.00
# Visual Studio Version 17
Project("{FAE04EC0-301F-11D3-BF4B-00C04F79EFBC}") = "DiscreteFourierTransform", "DiscreteFourierTransform\DiscreteFourierTransform.csproj", "{3B620D03-F537-4E77-B518-2D02D40A634D}"
EndProject
Project("{FAE04EC0-301F-11D3-BF4B-00C04F79EFBC}") = "DiscreteFourierTransformTest", "DiscreteFourierTransformTest\DiscreteFourierTransformTest.csproj", "{5BEA3F93-6BEC-4A5A-BF70-2445D8435DF9}"
EndProject
Global
	GlobalSection(SolutionConfigurationPlatforms) = preSolution
	EndGlobalSection
	GlobalSection(ProjectConfigurationPlatforms) = postSolution
	EndGlobalSection
	GlobalSection(SolutionProperties) = preSolution
		HideSolutionNode = FALSE
	EndGlobalSection
	GlobalSection(ExtensibilityGlobals) = postSolution
		SolutionGuid = {E18CB511-1820-44C4-BBF5-85CB08DDA248}
	EndGlobalSection
EndGlobal
