Microsoft Visual Studio Solution File, Format Version 12.00
# Visual Studio Version 17
Project("{FAE04EC0-301F-11D3-BF4B-00C04F79EFBC}") = "CombSort", "CombSort\CombSort.csproj", "{64E7BD9E-4F01-42E1-92F7-02CB624EF6DD}"
EndProject
Project("{FAE04EC0-301F-11D3-BF4B-00C04F79EFBC}") = "CombSortTest", "CombSortTest\CombSortTest.csproj", "{9C0ACCC2-73B9-400E-AD87-24E6A91BEFA3}"
EndProject
Global
	GlobalSection(SolutionConfigurationPlatforms) = preSolution
	EndGlobalSection
	GlobalSection(ProjectConfigurationPlatforms) = postSolution
	EndGlobalSection
	GlobalSection(SolutionProperties) = preSolution
		HideSolutionNode = FALSE
	EndGlobalSection
	GlobalSection(ExtensibilityGlobals) = postSolution
		SolutionGuid = {462C728E-E9B0-4280-B0A6-211B6BE96F9D}
	EndGlobalSection
EndGlobal
