Microsoft Visual Studio Solution File, Format Version 12.00
# Visual Studio Version 17
Project("{FAE04EC0-301F-11D3-BF4B-00C04F79EFBC}") = "FastCosineTransform", "FastCosineTransform\FastCosineTransform.csproj", "{79855AAA-E165-44D4-AB49-0E4F1C7B0CC0}"
EndProject
Project("{FAE04EC0-301F-11D3-BF4B-00C04F79EFBC}") = "FastCosineTransformTest", "FastCosineTransformTest\FastCosineTransformTest.csproj", "{78680AF2-72FC-4548-8C04-6719B488FC49}"
EndProject
Global
	GlobalSection(SolutionConfigurationPlatforms) = preSolution
	EndGlobalSection
	GlobalSection(ProjectConfigurationPlatforms) = postSolution
	EndGlobalSection
	GlobalSection(SolutionProperties) = preSolution
		HideSolutionNode = FALSE
	EndGlobalSection
	GlobalSection(ExtensibilityGlobals) = postSolution
		SolutionGuid = {279820CF-EEBF-4E69-ADC4-56804DCDCB38}
	EndGlobalSection
EndGlobal
