Microsoft Visual Studio Solution File, Format Version 12.00
# Visual Studio Version 17
Project("{FAE04EC0-301F-11D3-BF4B-00C04F79EFBC}") = "KargersAlgorithm", "KargersAlgorithm\KargersAlgorithm.csproj", "{A7235EF4-2B95-4789-BA31-FF48D749C499}"
EndProject
Project("{FAE04EC0-301F-11D3-BF4B-00C04F79EFBC}") = "KargersAlgorithmTest", "KargersAlgorithmTest\KargersAlgorithmTest.csproj", "{5F285030-C69A-44FB-86AC-E190E6141D0D}"
EndProject
Global
	GlobalSection(SolutionConfigurationPlatforms) = preSolution
	EndGlobalSection
	GlobalSection(ProjectConfigurationPlatforms) = postSolution
	EndGlobalSection
	GlobalSection(SolutionProperties) = preSolution
		HideSolutionNode = FALSE
	EndGlobalSection
	GlobalSection(ExtensibilityGlobals) = postSolution
		SolutionGuid = {1F84D48C-1238-4A84-93AF-76463A889786}
	EndGlobalSection
EndGlobal
