Microsoft Visual Studio Solution File, Format Version 12.00
# Visual Studio Version 17
Project("{FAE04EC0-301F-11D3-BF4B-00C04F79EFBC}") = "PowerIteration", "PowerIteration\PowerIteration.csproj", "{C0E2E945-7403-491A-A5CD-02E63467D179}"
EndProject
Project("{FAE04EC0-301F-11D3-BF4B-00C04F79EFBC}") = "PowerIterationTest", "PowerIterationTest\PowerIterationTest.csproj", "{7137BE83-4265-4F09-A280-810D84B05E48}"
EndProject
Global
	GlobalSection(SolutionConfigurationPlatforms) = preSolution
	EndGlobalSection
	GlobalSection(ProjectConfigurationPlatforms) = postSolution
	EndGlobalSection
	GlobalSection(SolutionProperties) = preSolution
		HideSolutionNode = FALSE
	EndGlobalSection
	GlobalSection(ExtensibilityGlobals) = postSolution
		SolutionGuid = {1611FB36-5F3D-449C-A24A-DB514550B0DD}
	EndGlobalSection
EndGlobal
