Microsoft Visual Studio Solution File, Format Version 12.00
# Visual Studio Version 17
Project("{FAE04EC0-301F-11D3-BF4B-00C04F79EFBC}") = "FermatsFactorizationMethod", "FermatsFactorizationMethod\FermatsFactorizationMethod.csproj", "{191C14D1-10F0-4CA7-9C1C-003DB9B9E917}"
EndProject
Project("{FAE04EC0-301F-11D3-BF4B-00C04F79EFBC}") = "FermatsFactorizationMethodTest", "FermatsFactorizationMethodTest\FermatsFactorizationMethodTest.csproj", "{B167771B-517E-425E-97FD-822B3C5174EE}"
EndProject
Global
	GlobalSection(SolutionConfigurationPlatforms) = preSolution
	EndGlobalSection
	GlobalSection(ProjectConfigurationPlatforms) = postSolution
	EndGlobalSection
	GlobalSection(SolutionProperties) = preSolution
		HideSolutionNode = FALSE
	EndGlobalSection
	GlobalSection(ExtensibilityGlobals) = postSolution
		SolutionGuid = {558B660C-EB07-464D-AB85-C81215943525}
	EndGlobalSection
EndGlobal
