Microsoft Visual Studio Solution File, Format Version 12.00
# Visual Studio Version 17
Project("{FAE04EC0-301F-11D3-BF4B-00C04F79EFBC}") = "ExponentiatingBySquaring", "ExponentiatingBySquaring\ExponentiatingBySquaring.csproj", "{4CD1C3B0-B46D-4BE8-A691-0C7519E08787}"
EndProject
Project("{FAE04EC0-301F-11D3-BF4B-00C04F79EFBC}") = "ExponentiatingBySquaringTest", "ExponentiatingBySquaringTest\ExponentiatingBySquaringTest.csproj", "{515D2F9D-4A4E-4BA8-94A4-A2FE926CF7AA}"
EndProject
Global
	GlobalSection(SolutionConfigurationPlatforms) = preSolution
	EndGlobalSection
	GlobalSection(ProjectConfigurationPlatforms) = postSolution
	EndGlobalSection
	GlobalSection(SolutionProperties) = preSolution
		HideSolutionNode = FALSE
	EndGlobalSection
	GlobalSection(ExtensibilityGlobals) = postSolution
		SolutionGuid = {E22C7FF9-4128-4E97-A3C3-B16790FBA36A}
	EndGlobalSection
EndGlobal
