Microsoft Visual Studio Solution File, Format Version 12.00
# Visual Studio Version 17
Project("{FAE04EC0-301F-11D3-BF4B-00C04F79EFBC}") = "LempelZivBonwick", "LempelZivBonwick\LempelZivBonwick.csproj", "{C1FC9513-FD13-4FA7-8B25-7058FB0690BD}"
EndProject
Project("{FAE04EC0-301F-11D3-BF4B-00C04F79EFBC}") = "LempelZivBonwickTest", "LempelZivBonwickTest\LempelZivBonwickTest.csproj", "{B4368FCA-14BD-4204-A93F-737C64012AE8}"
EndProject
Global
	GlobalSection(SolutionConfigurationPlatforms) = preSolution
	EndGlobalSection
	GlobalSection(ProjectConfigurationPlatforms) = postSolution
	EndGlobalSection
	GlobalSection(SolutionProperties) = preSolution
		HideSolutionNode = FALSE
	EndGlobalSection
	GlobalSection(ExtensibilityGlobals) = postSolution
		SolutionGuid = {10D3388F-65AB-4CA3-B52D-3BA74A25382E}
	EndGlobalSection
EndGlobal
