Microsoft Visual Studio Solution File, Format Version 12.00
# Visual Studio Version 17
Project("{FAE04EC0-301F-11D3-BF4B-00C04F79EFBC}") = "MillerRabinTest", "MillerRabinTest\MillerRabinTest.csproj", "{AC788C63-1AD8-462A-890A-5C9DA64FFB42}"
EndProject
Project("{FAE04EC0-301F-11D3-BF4B-00C04F79EFBC}") = "MillerRabinTestTest", "MillerRabinTestTest\MillerRabinTestTest.csproj", "{D7A6B745-6E6F-4217-82D1-9E0155D4A66D}"
EndProject
Global
	GlobalSection(SolutionConfigurationPlatforms) = preSolution
	EndGlobalSection
	GlobalSection(ProjectConfigurationPlatforms) = postSolution
	EndGlobalSection
	GlobalSection(SolutionProperties) = preSolution
		HideSolutionNode = FALSE
	EndGlobalSection
	GlobalSection(ExtensibilityGlobals) = postSolution
		SolutionGuid = {E567833E-318F-48C6-BC4D-B03071A41FFA}
	EndGlobalSection
EndGlobal
