Microsoft Visual Studio Solution File, Format Version 12.00
# Visual Studio Version 17
Project("{FAE04EC0-301F-11D3-BF4B-00C04F79EFBC}") = "RandomSampleConsensus", "RandomSampleConsensus\RandomSampleConsensus.csproj", "{8407E828-4C53-4FD7-9303-E5D9B1E5E110}"
EndProject
Project("{FAE04EC0-301F-11D3-BF4B-00C04F79EFBC}") = "RandomSampleConsensusTest", "RandomSampleConsensusTest\RandomSampleConsensusTest.csproj", "{1A3692D3-BF7F-421E-9672-6286013E055A}"
EndProject
Global
	GlobalSection(SolutionConfigurationPlatforms) = preSolution
	EndGlobalSection
	GlobalSection(ProjectConfigurationPlatforms) = postSolution
	EndGlobalSection
	GlobalSection(SolutionProperties) = preSolution
		HideSolutionNode = FALSE
	EndGlobalSection
	GlobalSection(ExtensibilityGlobals) = postSolution
		SolutionGuid = {17E1719D-6B91-4BC1-AF4A-FDB562401356}
	EndGlobalSection
EndGlobal
