Microsoft Visual Studio Solution File, Format Version 12.00
# Visual Studio Version 17
Project("{FAE04EC0-301F-11D3-BF4B-00C04F79EFBC}") = "RayleighQuotientIteration", "RayleighQuotientIteration\RayleighQuotientIteration.csproj", "{A91DBBDB-99FC-4B80-B16C-FEF80BA8EEEF}"
EndProject
Project("{FAE04EC0-301F-11D3-BF4B-00C04F79EFBC}") = "RayleighQuotientIterationTest", "RayleighQuotientIterationTest\RayleighQuotientIterationTest.csproj", "{272770E4-B6D0-426E-A0F4-5CDCB75942F9}"
EndProject
Global
	GlobalSection(SolutionConfigurationPlatforms) = preSolution
	EndGlobalSection
	GlobalSection(ProjectConfigurationPlatforms) = postSolution
	EndGlobalSection
	GlobalSection(SolutionProperties) = preSolution
		HideSolutionNode = FALSE
	EndGlobalSection
	GlobalSection(ExtensibilityGlobals) = postSolution
		SolutionGuid = {6C09C3FE-7E62-4F1E-9CF5-3B24E94EDF79}
	EndGlobalSection
EndGlobal
