Microsoft Visual Studio Solution File, Format Version 12.00
# Visual Studio Version 17
Project("{FAE04EC0-301F-11D3-BF4B-00C04F79EFBC}") = "LenstraEllipticFactorization", "LenstraEllipticFactorization\LenstraEllipticFactorization.csproj", "{7275B7EF-CD89-4222-A58E-BFF9F670C8BE}"
EndProject
Project("{FAE04EC0-301F-11D3-BF4B-00C04F79EFBC}") = "LenstraEllipticFactorizationTest", "LenstraEllipticFactorizationTest\LenstraEllipticFactorizationTest.csproj", "{C714BD46-AFFE-4752-8E44-729E6C9BC6DF}"
EndProject
Global
	GlobalSection(SolutionConfigurationPlatforms) = preSolution
	EndGlobalSection
	GlobalSection(ProjectConfigurationPlatforms) = postSolution
	EndGlobalSection
	GlobalSection(SolutionProperties) = preSolution
		HideSolutionNode = FALSE
	EndGlobalSection
	GlobalSection(ExtensibilityGlobals) = postSolution
		SolutionGuid = {53F76502-AEB6-48E1-89C6-C858FE6F25E1}
	EndGlobalSection
EndGlobal
