Microsoft Visual Studio Solution File, Format Version 12.00
# Visual Studio Version 17
Project("{FAE04EC0-301F-11D3-BF4B-00C04F79EFBC}") = "GeneExpressionProgramming", "GeneExpressionProgramming\GeneExpressionProgramming.csproj", "{41155AAE-D5BD-4D29-A1EC-CF7FFD363375}"
EndProject
Project("{FAE04EC0-301F-11D3-BF4B-00C04F79EFBC}") = "GeneExpressionProgrammingTest", "GeneExpressionProgrammingTest\GeneExpressionProgrammingTest.csproj", "{2D15DC6C-C987-4E78-BFDA-809507144842}"
EndProject
Global
	GlobalSection(SolutionConfigurationPlatforms) = preSolution
	EndGlobalSection
	GlobalSection(ProjectConfigurationPlatforms) = postSolution
	EndGlobalSection
	GlobalSection(SolutionProperties) = preSolution
		HideSolutionNode = FALSE
	EndGlobalSection
	GlobalSection(ExtensibilityGlobals) = postSolution
		SolutionGuid = {938E096A-DE41-4A44-88F5-685E37FB2B01}
	EndGlobalSection
EndGlobal
