Microsoft Visual Studio Solution File, Format Version 12.00
# Visual Studio Version 17
Project("{FAE04EC0-301F-11D3-BF4B-00C04F79EFBC}") = "BlockLoopJoin", "BlockLoopJoin\BlockLoopJoin.csproj", "{52E5F70E-5127-43CD-A7C8-7B5FE49928A8}"
EndProject
Project("{FAE04EC0-301F-11D3-BF4B-00C04F79EFBC}") = "BlockLoopJoinTest", "BlockLoopJoinTest\BlockLoopJoinTest.csproj", "{8110C556-F6E6-468E-B0AA-0076BF0F8089}"
EndProject
Global
	GlobalSection(SolutionConfigurationPlatforms) = preSolution
	EndGlobalSection
	GlobalSection(ProjectConfigurationPlatforms) = postSolution
	EndGlobalSection
	GlobalSection(SolutionProperties) = preSolution
		HideSolutionNode = FALSE
	EndGlobalSection
	GlobalSection(ExtensibilityGlobals) = postSolution
		SolutionGuid = {BE0342F8-3231-4314-BB85-960427EC8557}
	EndGlobalSection
EndGlobal
