Microsoft Visual Studio Solution File, Format Version 12.00
# Visual Studio Version 17
Project("{FAE04EC0-301F-11D3-BF4B-00C04F79EFBC}") = "BeadSort", "BeadSort\BeadSort.csproj", "{64BDCB7E-555E-43B3-B4BF-B143EA036EB6}"
EndProject
Project("{FAE04EC0-301F-11D3-BF4B-00C04F79EFBC}") = "BeadSortTest", "BeadSortTest\BeadSortTest.csproj", "{5D6D00CD-C0BE-4146-9F56-2D29EA24C351}"
EndProject
Global
	GlobalSection(SolutionConfigurationPlatforms) = preSolution
	EndGlobalSection
	GlobalSection(ProjectConfigurationPlatforms) = postSolution
	EndGlobalSection
	GlobalSection(SolutionProperties) = preSolution
		HideSolutionNode = FALSE
	EndGlobalSection
	GlobalSection(ExtensibilityGlobals) = postSolution
		SolutionGuid = {E8C563CE-478F-4E4B-BB29-7CE669E156F2}
	EndGlobalSection
EndGlobal
