Microsoft Visual Studio Solution File, Format Version 12.00
# Visual Studio Version 17
Project("{FAE04EC0-301F-11D3-BF4B-00C04F79EFBC}") = "ShuntingYardAlgorithm", "ShuntingYardAlgorithm\ShuntingYardAlgorithm.csproj", "{ED22D006-D725-4665-AF64-4B464C58941D}"
EndProject
Project("{FAE04EC0-301F-11D3-BF4B-00C04F79EFBC}") = "ShuntingYardAlgorithmTest", "ShuntingYardAlgorithmTest\ShuntingYardAlgorithmTest.csproj", "{3EB5B5B7-4377-4BA7-8721-E08C7CBA212B}"
EndProject
Global
	GlobalSection(SolutionConfigurationPlatforms) = preSolution
	EndGlobalSection
	GlobalSection(ProjectConfigurationPlatforms) = postSolution
	EndGlobalSection
	GlobalSection(SolutionProperties) = preSolution
		HideSolutionNode = FALSE
	EndGlobalSection
	GlobalSection(ExtensibilityGlobals) = postSolution
		SolutionGuid = {F1F727DA-A908-4CDF-A193-A734ACD958FA}
	EndGlobalSection
EndGlobal
