Microsoft Visual Studio Solution File, Format Version 12.00
# Visual Studio Version 17
Project("{FAE04EC0-301F-11D3-BF4B-00C04F79EFBC}") = "ApproximateCountingAlgorithm", "ApproximateCountingAlgorithm\ApproximateCountingAlgorithm.csproj", "{EC83CEDF-F0C8-4926-8DFE-E7E74D89A410}"
EndProject
Project("{FAE04EC0-301F-11D3-BF4B-00C04F79EFBC}") = "ApproximateCountingAlgorithmTest", "ApproximateCountingAlgorithmTest\ApproximateCountingAlgorithmTest.csproj", "{BEAF113A-8C97-4C6F-A412-0B3D5920742F}"
EndProject
Global
	GlobalSection(SolutionConfigurationPlatforms) = preSolution
	EndGlobalSection
	GlobalSection(ProjectConfigurationPlatforms) = postSolution
	EndGlobalSection
	GlobalSection(SolutionProperties) = preSolution
		HideSolutionNode = FALSE
	EndGlobalSection
	GlobalSection(ExtensibilityGlobals) = postSolution
		SolutionGuid = {BF9C239D-2489-49D7-8F15-A363865899E3}
	EndGlobalSection
EndGlobal
