Microsoft Visual Studio Solution File, Format Version 12.00
# Visual Studio Version 17
Project("{FAE04EC0-301F-11D3-BF4B-00C04F79EFBC}") = "KWayMergeAlgorithm", "KWayMergeAlgorithm\KWayMergeAlgorithm.csproj", "{1A40D70F-CD78-4F62-AE01-9C8207AB3063}"
EndProject
Project("{FAE04EC0-301F-11D3-BF4B-00C04F79EFBC}") = "KWayMergeAlgorithmTest", "KWayMergeAlgorithmTest\KWayMergeAlgorithmTest.csproj", "{28919B71-5BCD-4FD5-9D92-578AE93D47E7}"
EndProject
Global
	GlobalSection(SolutionConfigurationPlatforms) = preSolution
	EndGlobalSection
	GlobalSection(ProjectConfigurationPlatforms) = postSolution
	EndGlobalSection
	GlobalSection(SolutionProperties) = preSolution
		HideSolutionNode = FALSE
	EndGlobalSection
	GlobalSection(ExtensibilityGlobals) = postSolution
		SolutionGuid = {4CBC3AD1-8EC8-4EA4-9236-C078642F1C85}
	EndGlobalSection
EndGlobal
