Microsoft Visual Studio Solution File, Format Version 12.00
# Visual Studio Version 17
Project("{FAE04EC0-301F-11D3-BF4B-00C04F79EFBC}") = "MedianFiltering", "MedianFiltering\MedianFiltering.csproj", "{D3183572-4A8D-44DD-99B3-87B2C80C7A97}"
EndProject
Project("{FAE04EC0-301F-11D3-BF4B-00C04F79EFBC}") = "MedianFilteringTest", "MedianFilteringTest\MedianFilteringTest.csproj", "{71D69E59-1A76-4647-B99D-5D0E15A61838}"
EndProject
Global
	GlobalSection(SolutionConfigurationPlatforms) = preSolution
	EndGlobalSection
	GlobalSection(ProjectConfigurationPlatforms) = postSolution
	EndGlobalSection
	GlobalSection(SolutionProperties) = preSolution
		HideSolutionNode = FALSE
	EndGlobalSection
	GlobalSection(ExtensibilityGlobals) = postSolution
		SolutionGuid = {7053A5D0-70E5-40CE-AEB6-4685E712A147}
	EndGlobalSection
EndGlobal
