Microsoft Visual Studio Solution File, Format Version 12.00
# Visual Studio Version 17
Project("{FAE04EC0-301F-11D3-BF4B-00C04F79EFBC}") = "RelevanceVectorMachine", "RelevanceVectorMachine\RelevanceVectorMachine.csproj", "{57A5B297-4778-4A87-99D4-22F75FCC507C}"
EndProject
Project("{FAE04EC0-301F-11D3-BF4B-00C04F79EFBC}") = "RelevanceVectorMachineTest", "RelevanceVectorMachineTest\RelevanceVectorMachineTest.csproj", "{F3C8C2C6-CD6A-46C9-B326-E70CB07FD19E}"
EndProject
Global
	GlobalSection(SolutionConfigurationPlatforms) = preSolution
	EndGlobalSection
	GlobalSection(ProjectConfigurationPlatforms) = postSolution
	EndGlobalSection
	GlobalSection(SolutionProperties) = preSolution
		HideSolutionNode = FALSE
	EndGlobalSection
	GlobalSection(ExtensibilityGlobals) = postSolution
		SolutionGuid = {5B644A43-E939-4B07-B7B8-7236D8C5DE2A}
	EndGlobalSection
EndGlobal
