Microsoft Visual Studio Solution File, Format Version 12.00
# Visual Studio Version 17
Project("{FAE04EC0-301F-11D3-BF4B-00C04F79EFBC}") = "LongestIncreasingSubsequence", "LongestIncreasingSubsequence\LongestIncreasingSubsequence.csproj", "{FD98D2BA-0893-48AE-9A3D-16B2D6EA6A55}"
EndProject
Project("{FAE04EC0-301F-11D3-BF4B-00C04F79EFBC}") = "LongestIncreasingSubsequenceTest", "LongestIncreasingSubsequenceTest\LongestIncreasingSubsequenceTest.csproj", "{5CF741A5-818A-4834-94AB-DE8A82A2B994}"
EndProject
Global
	GlobalSection(SolutionConfigurationPlatforms) = preSolution
	EndGlobalSection
	GlobalSection(ProjectConfigurationPlatforms) = postSolution
	EndGlobalSection
	GlobalSection(SolutionProperties) = preSolution
		HideSolutionNode = FALSE
	EndGlobalSection
	GlobalSection(ExtensibilityGlobals) = postSolution
		SolutionGuid = {46A544B0-786C-41E3-BF28-A330C621E4E3}
	EndGlobalSection
EndGlobal
