Microsoft Visual Studio Solution File, Format Version 12.00
# Visual Studio Version 17
Project("{FAE04EC0-301F-11D3-BF4B-00C04F79EFBC}") = "FletchersChecksum", "FletchersChecksum\FletchersChecksum.csproj", "{8EB87AC0-C649-48E3-BC67-6D3D641F51F7}"
EndProject
Project("{FAE04EC0-301F-11D3-BF4B-00C04F79EFBC}") = "FletchersChecksumTest", "FletchersChecksumTest\FletchersChecksumTest.csproj", "{5E584A2A-1E8E-4C04-9F22-CC684C76E036}"
EndProject
Global
	GlobalSection(SolutionConfigurationPlatforms) = preSolution
	EndGlobalSection
	GlobalSection(ProjectConfigurationPlatforms) = postSolution
	EndGlobalSection
	GlobalSection(SolutionProperties) = preSolution
		HideSolutionNode = FALSE
	EndGlobalSection
	GlobalSection(ExtensibilityGlobals) = postSolution
		SolutionGuid = {F68DEA78-72E9-41B2-8F98-D7FC1286A08D}
	EndGlobalSection
EndGlobal
