Microsoft Visual Studio Solution File, Format Version 12.00
# Visual Studio Version 17
Project("{FAE04EC0-301F-11D3-BF4B-00C04F79EFBC}") = "NthRootAlgorithm", "NthRootAlgorithm\NthRootAlgorithm.csproj", "{E3B660C1-43C6-408A-919E-D71C611ECDAD}"
EndProject
Project("{FAE04EC0-301F-11D3-BF4B-00C04F79EFBC}") = "NthRootAlgorithmTest", "NthRootAlgorithmTest\NthRootAlgorithmTest.csproj", "{E6A79F5C-B4BB-40A9-BC93-98EEE1A12F38}"
EndProject
Global
	GlobalSection(SolutionConfigurationPlatforms) = preSolution
	EndGlobalSection
	GlobalSection(ProjectConfigurationPlatforms) = postSolution
	EndGlobalSection
	GlobalSection(SolutionProperties) = preSolution
		HideSolutionNode = FALSE
	EndGlobalSection
	GlobalSection(ExtensibilityGlobals) = postSolution
		SolutionGuid = {4FBF960C-1CD5-4DE2-B442-4F82ECF9352C}
	EndGlobalSection
EndGlobal
