Microsoft Visual Studio Solution File, Format Version 12.00
# Visual Studio Version 17
Project("{FAE04EC0-301F-11D3-BF4B-00C04F79EFBC}") = "RestoringDivisionAlgorithm", "RestoringDivisionAlgorithm\RestoringDivisionAlgorithm.csproj", "{05870DC6-84B0-4853-91AB-F388C941F636}"
EndProject
Project("{FAE04EC0-301F-11D3-BF4B-00C04F79EFBC}") = "RestoringDivisionAlgorithmTest", "RestoringDivisionAlgorithmTest\RestoringDivisionAlgorithmTest.csproj", "{D94039CE-368B-4410-BFCC-D6294F436C59}"
EndProject
Global
	GlobalSection(SolutionConfigurationPlatforms) = preSolution
	EndGlobalSection
	GlobalSection(ProjectConfigurationPlatforms) = postSolution
	EndGlobalSection
	GlobalSection(SolutionProperties) = preSolution
		HideSolutionNode = FALSE
	EndGlobalSection
	GlobalSection(ExtensibilityGlobals) = postSolution
		SolutionGuid = {13373F09-85C1-434C-B140-F48FEAA30AC3}
	EndGlobalSection
EndGlobal
