Microsoft Visual Studio Solution File, Format Version 12.00
# Visual Studio Version 17
Project("{FAE04EC0-301F-11D3-BF4B-00C04F79EFBC}") = "SimpleLrParser", "SimpleLrParser\SimpleLrParser.csproj", "{9D1578B6-D34A-4A7E-AF78-DABBBD058A12}"
EndProject
Project("{FAE04EC0-301F-11D3-BF4B-00C04F79EFBC}") = "SimpleLrParserTest", "SimpleLrParserTest\SimpleLrParserTest.csproj", "{D1EDB1C1-4D77-4B0F-8995-F77326E16B76}"
EndProject
Global
	GlobalSection(SolutionConfigurationPlatforms) = preSolution
	EndGlobalSection
	GlobalSection(ProjectConfigurationPlatforms) = postSolution
	EndGlobalSection
	GlobalSection(SolutionProperties) = preSolution
		HideSolutionNode = FALSE
	EndGlobalSection
	GlobalSection(ExtensibilityGlobals) = postSolution
		SolutionGuid = {DB205151-E618-4A96-8F9B-3204D89E5AFA}
	EndGlobalSection
EndGlobal
