Microsoft Visual Studio Solution File, Format Version 12.00
# Visual Studio Version 17
Project("{FAE04EC0-301F-11D3-BF4B-00C04F79EFBC}") = "UnaryCoding", "UnaryCoding\UnaryCoding.csproj", "{EA39F506-BB22-45F2-A9DD-77872CD9BAA0}"
EndProject
Project("{FAE04EC0-301F-11D3-BF4B-00C04F79EFBC}") = "UnaryCodingTest", "UnaryCodingTest\UnaryCodingTest.csproj", "{02D708B7-E221-477B-A9BF-248463C42EBE}"
EndProject
Global
	GlobalSection(SolutionConfigurationPlatforms) = preSolution
	EndGlobalSection
	GlobalSection(ProjectConfigurationPlatforms) = postSolution
	EndGlobalSection
	GlobalSection(SolutionProperties) = preSolution
		HideSolutionNode = FALSE
	EndGlobalSection
	GlobalSection(ExtensibilityGlobals) = postSolution
		SolutionGuid = {1FF0FA99-E6E8-4774-A879-F77FC8C83E57}
	EndGlobalSection
EndGlobal
