Microsoft Visual Studio Solution File, Format Version 12.00
# Visual Studio Version 17
Project("{FAE04EC0-301F-11D3-BF4B-00C04F79EFBC}") = "FrankWolfeAlgorithm", "FrankWolfeAlgorithm\FrankWolfeAlgorithm.csproj", "{9B794300-6CE8-4485-B6D2-6341BDDFBBD0}"
EndProject
Project("{FAE04EC0-301F-11D3-BF4B-00C04F79EFBC}") = "FrankWolfeAlgorithmTest", "FrankWolfeAlgorithmTest\FrankWolfeAlgorithmTest.csproj", "{4C0FEBE8-6260-4860-A2BB-2D9A7E951275}"
EndProject
Global
	GlobalSection(SolutionConfigurationPlatforms) = preSolution
	EndGlobalSection
	GlobalSection(ProjectConfigurationPlatforms) = postSolution
	EndGlobalSection
	GlobalSection(SolutionProperties) = preSolution
		HideSolutionNode = FALSE
	EndGlobalSection
	GlobalSection(ExtensibilityGlobals) = postSolution
		SolutionGuid = {C7AC3CB8-7F05-4AF6-A499-C7879FD8D3F9}
	EndGlobalSection
EndGlobal
