Microsoft Visual Studio Solution File, Format Version 12.00
# Visual Studio Version 17
Project("{FAE04EC0-301F-11D3-BF4B-00C04F79EFBC}") = "HybridBfgsMethod", "HybridBfgsMethod\HybridBfgsMethod.csproj", "{832CF865-992F-4B02-A4E3-8D3AF0D4F860}"
EndProject
Project("{FAE04EC0-301F-11D3-BF4B-00C04F79EFBC}") = "HybridBfgsMethodTest", "HybridBfgsMethodTest\HybridBfgsMethodTest.csproj", "{C63658D9-2985-429D-A89A-17ECF4AEA6A3}"
EndProject
Global
	GlobalSection(SolutionConfigurationPlatforms) = preSolution
	EndGlobalSection
	GlobalSection(ProjectConfigurationPlatforms) = postSolution
	EndGlobalSection
	GlobalSection(SolutionProperties) = preSolution
		HideSolutionNode = FALSE
	EndGlobalSection
	GlobalSection(ExtensibilityGlobals) = postSolution
		SolutionGuid = {FBACE42C-E751-4664-AAF3-0B8994405DDD}
	EndGlobalSection
EndGlobal
