Microsoft Visual Studio Solution File, Format Version 12.00
# Visual Studio Version 17
Project("{FAE04EC0-301F-11D3-BF4B-00C04F79EFBC}") = "GeneralProblemSolver", "GeneralProblemSolver\GeneralProblemSolver.csproj", "{A9A94853-9EBD-436B-9E01-4DC9BCE6DBE9}"
EndProject
Project("{FAE04EC0-301F-11D3-BF4B-00C04F79EFBC}") = "GeneralProblemSolverTest", "GeneralProblemSolverTest\GeneralProblemSolverTest.csproj", "{A02ED609-69B4-4704-AFC8-A58A72FE61A2}"
EndProject
Global
	GlobalSection(SolutionConfigurationPlatforms) = preSolution
	EndGlobalSection
	GlobalSection(ProjectConfigurationPlatforms) = postSolution
	EndGlobalSection
	GlobalSection(SolutionProperties) = preSolution
		HideSolutionNode = FALSE
	EndGlobalSection
	GlobalSection(ExtensibilityGlobals) = postSolution
		SolutionGuid = {400C75D7-F8C7-485C-B6EE-32D89339555A}
	EndGlobalSection
EndGlobal
