Microsoft Visual Studio Solution File, Format Version 12.00
# Visual Studio Version 17
Project("{FAE04EC0-301F-11D3-BF4B-00C04F79EFBC}") = "TruncationSelection", "TruncationSelection\TruncationSelection.csproj", "{FB896ED3-67F0-4F57-9A83-AD182FF03879}"
EndProject
Project("{FAE04EC0-301F-11D3-BF4B-00C04F79EFBC}") = "TruncationSelectionTest", "TruncationSelectionTest\TruncationSelectionTest.csproj", "{3BC700AD-2F51-4986-A066-6E2C6536DA48}"
EndProject
Global
	GlobalSection(SolutionConfigurationPlatforms) = preSolution
	EndGlobalSection
	GlobalSection(ProjectConfigurationPlatforms) = postSolution
	EndGlobalSection
	GlobalSection(SolutionProperties) = preSolution
		HideSolutionNode = FALSE
	EndGlobalSection
	GlobalSection(ExtensibilityGlobals) = postSolution
		SolutionGuid = {8468D460-369B-4FA2-83CC-14EF6F433393}
	EndGlobalSection
EndGlobal
