Microsoft Visual Studio Solution File, Format Version 12.00
# Visual Studio Version 17
Project("{FAE04EC0-301F-11D3-BF4B-00C04F79EFBC}") = "WarnsdorffsRule", "WarnsdorffsRule\WarnsdorffsRule.csproj", "{B8BECA40-7314-4729-89D5-0E07FD95DF74}"
EndProject
Project("{FAE04EC0-301F-11D3-BF4B-00C04F79EFBC}") = "WarnsdorffsRuleTest", "WarnsdorffsRuleTest\WarnsdorffsRuleTest.csproj", "{31BC91CB-8637-4447-97C6-E9200389CED6}"
EndProject
Global
	GlobalSection(SolutionConfigurationPlatforms) = preSolution
	EndGlobalSection
	GlobalSection(ProjectConfigurationPlatforms) = postSolution
	EndGlobalSection
	GlobalSection(SolutionProperties) = preSolution
		HideSolutionNode = FALSE
	EndGlobalSection
	GlobalSection(ExtensibilityGlobals) = postSolution
		SolutionGuid = {BA774457-93B1-4C5E-B8C6-426760C493EF}
	EndGlobalSection
EndGlobal
