Microsoft Visual Studio Solution File, Format Version 12.00
# Visual Studio Version 17
Project("{FAE04EC0-301F-11D3-BF4B-00C04F79EFBC}") = "HuangAlgorithm", "HuangAlgorithm\HuangAlgorithm.csproj", "{6B701FFD-D79C-4F10-842C-E088AAD17655}"
EndProject
Project("{FAE04EC0-301F-11D3-BF4B-00C04F79EFBC}") = "HuangAlgorithmTest", "HuangAlgorithmTest\HuangAlgorithmTest.csproj", "{3E1110BF-AF2C-46FE-B622-03556A071CFF}"
EndProject
Global
	GlobalSection(SolutionConfigurationPlatforms) = preSolution
	EndGlobalSection
	GlobalSection(ProjectConfigurationPlatforms) = postSolution
	EndGlobalSection
	GlobalSection(SolutionProperties) = preSolution
		HideSolutionNode = FALSE
	EndGlobalSection
	GlobalSection(ExtensibilityGlobals) = postSolution
		SolutionGuid = {A40DDBCC-ACD6-48CE-80E1-3B210BFEB5B8}
	EndGlobalSection
EndGlobal
