Microsoft Visual Studio Solution File, Format Version 12.00
# Visual Studio Version 17
Project("{FAE04EC0-301F-11D3-BF4B-00C04F79EFBC}") = "Sha2Variants", "Sha2Variants\Sha2Variants.csproj", "{BCD41363-AF1B-4A83-8DC9-56AC7E890FA5}"
EndProject
Project("{FAE04EC0-301F-11D3-BF4B-00C04F79EFBC}") = "Sha2VariantsTest", "Sha2VariantsTest\Sha2VariantsTest.csproj", "{8B635080-354D-4700-9BAD-26C30AB5B5FD}"
EndProject
Global
	GlobalSection(SolutionConfigurationPlatforms) = preSolution
	EndGlobalSection
	GlobalSection(ProjectConfigurationPlatforms) = postSolution
	EndGlobalSection
	GlobalSection(SolutionProperties) = preSolution
		HideSolutionNode = FALSE
	EndGlobalSection
	GlobalSection(ExtensibilityGlobals) = postSolution
		SolutionGuid = {6D3D68F7-A3EF-43ED-A440-46DAFB4B3B13}
	EndGlobalSection
EndGlobal
