Microsoft Visual Studio Solution File, Format Version 12.00
# Visual Studio Version 17
Project("{FAE04EC0-301F-11D3-BF4B-00C04F79EFBC}") = "TonelliShanksAlgorithm", "TonelliShanksAlgorithm\TonelliShanksAlgorithm.csproj", "{0B4B541D-C877-4DE8-8BDF-8C92AF08406A}"
EndProject
Project("{FAE04EC0-301F-11D3-BF4B-00C04F79EFBC}") = "TonelliShanksAlgorithmTest", "TonelliShanksAlgorithmTest\TonelliShanksAlgorithmTest.csproj", "{7B9CFB58-A887-45F5-BDFD-F4461D28C315}"
EndProject
Global
	GlobalSection(SolutionConfigurationPlatforms) = preSolution
	EndGlobalSection
	GlobalSection(ProjectConfigurationPlatforms) = postSolution
	EndGlobalSection
	GlobalSection(SolutionProperties) = preSolution
		HideSolutionNode = FALSE
	EndGlobalSection
	GlobalSection(ExtensibilityGlobals) = postSolution
		SolutionGuid = {F2CDFBE8-DE12-4A57-88F0-39774609FD63}
	EndGlobalSection
EndGlobal
