Microsoft Visual Studio Solution File, Format Version 12.00
# Visual Studio Version 17
Project("{FAE04EC0-301F-11D3-BF4B-00C04F79EFBC}") = "LamportsBakeryAlgorithm", "LamportsBakeryAlgorithm\LamportsBakeryAlgorithm.csproj", "{93294CAB-B36F-4A32-BE9A-29F2CCB66B53}"
EndProject
Project("{FAE04EC0-301F-11D3-BF4B-00C04F79EFBC}") = "LamportsBakeryAlgorithmTest", "LamportsBakeryAlgorithmTest\LamportsBakeryAlgorithmTest.csproj", "{0C2F69CC-579F-44B0-AC54-5970CA1270AA}"
EndProject
Global
	GlobalSection(SolutionConfigurationPlatforms) = preSolution
	EndGlobalSection
	GlobalSection(ProjectConfigurationPlatforms) = postSolution
	EndGlobalSection
	GlobalSection(SolutionProperties) = preSolution
		HideSolutionNode = FALSE
	EndGlobalSection
	GlobalSection(ExtensibilityGlobals) = postSolution
		SolutionGuid = {3E62A2CD-3CAB-4889-84EA-A568A16D854D}
	EndGlobalSection
EndGlobal
