Microsoft Visual Studio Solution File, Format Version 12.00
# Visual Studio Version 17
Project("{FAE04EC0-301F-11D3-BF4B-00C04F79EFBC}") = "ChaseDependency", "ChaseDependency\ChaseDependency.csproj", "{4DC595FF-A6E3-4D9D-AB82-D97D14E973D8}"
EndProject
Project("{FAE04EC0-301F-11D3-BF4B-00C04F79EFBC}") = "ChaseDependencyTest", "ChaseDependencyTest\ChaseDependencyTest.csproj", "{175D275E-B8C6-4D00-8710-DD6EA15D07CD}"
EndProject
Global
	GlobalSection(SolutionConfigurationPlatforms) = preSolution
	EndGlobalSection
	GlobalSection(ProjectConfigurationPlatforms) = postSolution
	EndGlobalSection
	GlobalSection(SolutionProperties) = preSolution
		HideSolutionNode = FALSE
	EndGlobalSection
	GlobalSection(ExtensibilityGlobals) = postSolution
		SolutionGuid = {B3087E61-D105-403C-A1FD-4F5FA90C9B19}
	EndGlobalSection
EndGlobal
