Microsoft Visual Studio Solution File, Format Version 12.00
# Visual Studio Version 17
Project("{FAE04EC0-301F-11D3-BF4B-00C04F79EFBC}") = "ToomCookMultiplication", "ToomCookMultiplication\ToomCookMultiplication.csproj", "{26BB7E49-1167-4323-B0A8-AB22601B64C9}"
EndProject
Project("{FAE04EC0-301F-11D3-BF4B-00C04F79EFBC}") = "ToomCookMultiplicationTest", "ToomCookMultiplicationTest\ToomCookMultiplicationTest.csproj", "{6FF5D17E-8277-491D-96D2-761DE1EA6028}"
EndProject
Global
	GlobalSection(SolutionConfigurationPlatforms) = preSolution
	EndGlobalSection
	GlobalSection(ProjectConfigurationPlatforms) = postSolution
	EndGlobalSection
	GlobalSection(SolutionProperties) = preSolution
		HideSolutionNode = FALSE
	EndGlobalSection
	GlobalSection(ExtensibilityGlobals) = postSolution
		SolutionGuid = {D4576D27-BDD3-4162-B97D-25EE9D7CCCFF}
	EndGlobalSection
EndGlobal
