Microsoft Visual Studio Solution File, Format Version 12.00
# Visual Studio Version 17
Project("{FAE04EC0-301F-11D3-BF4B-00C04F79EFBC}") = "LPBoost", "LPBoost\LPBoost.csproj", "{DB5C4AF4-889F-48C7-9EB7-1E88D2F684F5}"
EndProject
Project("{FAE04EC0-301F-11D3-BF4B-00C04F79EFBC}") = "LPBoostTest", "LPBoostTest\LPBoostTest.csproj", "{5B0FC90A-B025-476E-A440-E00615C8BC1A}"
EndProject
Global
	GlobalSection(SolutionConfigurationPlatforms) = preSolution
	EndGlobalSection
	GlobalSection(ProjectConfigurationPlatforms) = postSolution
	EndGlobalSection
	GlobalSection(SolutionProperties) = preSolution
		HideSolutionNode = FALSE
	EndGlobalSection
	GlobalSection(ExtensibilityGlobals) = postSolution
		SolutionGuid = {55B5DA5E-6A1B-49AB-8A03-19CF0BFA22E9}
	EndGlobalSection
EndGlobal
