Microsoft Visual Studio Solution File, Format Version 12.00
# Visual Studio Version 17
Project("{FAE04EC0-301F-11D3-BF4B-00C04F79EFBC}") = "SimplexAlgorithm", "SimplexAlgorithm\SimplexAlgorithm.csproj", "{E0DCCE6C-25F9-4ACF-8B12-F43B3C40CD4A}"
EndProject
Project("{FAE04EC0-301F-11D3-BF4B-00C04F79EFBC}") = "SimplexAlgorithmTest", "SimplexAlgorithmTest\SimplexAlgorithmTest.csproj", "{3BF56885-9865-4AE1-966F-7E578845E907}"
EndProject
Global
	GlobalSection(SolutionConfigurationPlatforms) = preSolution
	EndGlobalSection
	GlobalSection(ProjectConfigurationPlatforms) = postSolution
	EndGlobalSection
	GlobalSection(SolutionProperties) = preSolution
		HideSolutionNode = FALSE
	EndGlobalSection
	GlobalSection(ExtensibilityGlobals) = postSolution
		SolutionGuid = {C2167CE7-57F4-47C0-A07A-8686FE28B924}
	EndGlobalSection
EndGlobal
