Microsoft Visual Studio Solution File, Format Version 12.00
# Visual Studio Version 17
Project("{FAE04EC0-301F-11D3-BF4B-00C04F79EFBC}") = "SipHash", "SipHash\SipHash.csproj", "{7734AC2E-C4EB-4379-ADDD-20440F2C982E}"
EndProject
Project("{FAE04EC0-301F-11D3-BF4B-00C04F79EFBC}") = "SipHashTest", "SipHashTest\SipHashTest.csproj", "{AA4A07E8-3892-4495-858E-A835CD800DAE}"
EndProject
Global
	GlobalSection(SolutionConfigurationPlatforms) = preSolution
	EndGlobalSection
	GlobalSection(ProjectConfigurationPlatforms) = postSolution
	EndGlobalSection
	GlobalSection(SolutionProperties) = preSolution
		HideSolutionNode = FALSE
	EndGlobalSection
	GlobalSection(ExtensibilityGlobals) = postSolution
		SolutionGuid = {235EA7B7-9BC4-45E4-B9BC-E61E257BDCE7}
	EndGlobalSection
EndGlobal
