Microsoft Visual Studio Solution File, Format Version 12.00
# Visual Studio Version 17
Project("{FAE04EC0-301F-11D3-BF4B-00C04F79EFBC}") = "VectorQuantization", "VectorQuantization\VectorQuantization.csproj", "{2AEEA9CC-626A-4CE0-87E1-8E7EBDD57F1E}"
EndProject
Project("{FAE04EC0-301F-11D3-BF4B-00C04F79EFBC}") = "VectorQuantizationTest", "VectorQuantizationTest\VectorQuantizationTest.csproj", "{5B02EA02-12F6-4FA3-ABE6-6D8FDC828DAC}"
EndProject
Global
	GlobalSection(SolutionConfigurationPlatforms) = preSolution
	EndGlobalSection
	GlobalSection(ProjectConfigurationPlatforms) = postSolution
	EndGlobalSection
	GlobalSection(SolutionProperties) = preSolution
		HideSolutionNode = FALSE
	EndGlobalSection
	GlobalSection(ExtensibilityGlobals) = postSolution
		SolutionGuid = {17BA0DEF-BF48-4974-B96A-54B8CAFBA493}
	EndGlobalSection
EndGlobal
