Microsoft Visual Studio Solution File, Format Version 12.00
# Visual Studio Version 17
Project("{FAE04EC0-301F-11D3-BF4B-00C04F79EFBC}") = "ExponentialGolombCoding", "ExponentialGolombCoding\ExponentialGolombCoding.csproj", "{673D1179-EF73-4D83-A3A3-70E21A5C483A}"
EndProject
Project("{FAE04EC0-301F-11D3-BF4B-00C04F79EFBC}") = "ExponentialGolombCodingTest", "ExponentialGolombCodingTest\ExponentialGolombCodingTest.csproj", "{420B69DA-1F9B-430D-852D-0EF440A9A389}"
EndProject
Global
	GlobalSection(SolutionConfigurationPlatforms) = preSolution
	EndGlobalSection
	GlobalSection(ProjectConfigurationPlatforms) = postSolution
	EndGlobalSection
	GlobalSection(SolutionProperties) = preSolution
		HideSolutionNode = FALSE
	EndGlobalSection
	GlobalSection(ExtensibilityGlobals) = postSolution
		SolutionGuid = {CCCEF513-F0B7-4B37-9CBA-3D03FBFA8DC9}
	EndGlobalSection
EndGlobal
