Microsoft Visual Studio Solution File, Format Version 12.00
# Visual Studio Version 17
Project("{FAE04EC0-301F-11D3-BF4B-00C04F79EFBC}") = "RichSalzWildmat", "RichSalzWildmat\RichSalzWildmat.csproj", "{FDF5C9B6-4AC9-4C32-9496-53FDFB9AF4FE}"
EndProject
Project("{FAE04EC0-301F-11D3-BF4B-00C04F79EFBC}") = "RichSalzWildmatTest", "RichSalzWildmatTest\RichSalzWildmatTest.csproj", "{21DB5E64-12EC-4CA2-8C62-5A5DED04AEE8}"
EndProject
Global
	GlobalSection(SolutionConfigurationPlatforms) = preSolution
	EndGlobalSection
	GlobalSection(ProjectConfigurationPlatforms) = postSolution
	EndGlobalSection
	GlobalSection(SolutionProperties) = preSolution
		HideSolutionNode = FALSE
	EndGlobalSection
	GlobalSection(ExtensibilityGlobals) = postSolution
		SolutionGuid = {B92EFC2A-FB2A-48C7-954E-DD47BBDB7E86}
	EndGlobalSection
EndGlobal
