Microsoft Visual Studio Solution File, Format Version 12.00
# Visual Studio Version 17
Project("{FAE04EC0-301F-11D3-BF4B-00C04F79EFBC}") = "EscHeartFailure", "EscHeartFailure\EscHeartFailure.csproj", "{644ACD6D-D6C5-47CD-A3C2-0BAFD6AF08C3}"
EndProject
Project("{FAE04EC0-301F-11D3-BF4B-00C04F79EFBC}") = "EscHeartFailureTest", "EscHeartFailureTest\EscHeartFailureTest.csproj", "{52DBDE2C-B0A8-4A64-AC1B-A1BB2FB6962B}"
EndProject
Global
	GlobalSection(SolutionConfigurationPlatforms) = preSolution
	EndGlobalSection
	GlobalSection(ProjectConfigurationPlatforms) = postSolution
	EndGlobalSection
	GlobalSection(SolutionProperties) = preSolution
		HideSolutionNode = FALSE
	EndGlobalSection
	GlobalSection(ExtensibilityGlobals) = postSolution
		SolutionGuid = {5933730F-153A-4BB4-B301-E200922AC3CE}
	EndGlobalSection
EndGlobal
