Microsoft Visual Studio Solution File, Format Version 12.00
# Visual Studio Version 17
Project("{FAE04EC0-301F-11D3-BF4B-00C04F79EFBC}") = "FlameClustering", "FlameClustering\FlameClustering.csproj", "{CC8682C0-58FD-42A1-82FB-246C1BB95DB6}"
EndProject
Project("{FAE04EC0-301F-11D3-BF4B-00C04F79EFBC}") = "FlameClusteringTest", "FlameClusteringTest\FlameClusteringTest.csproj", "{FEA2462D-930A-4424-9868-1D2381A66D86}"
EndProject
Global
	GlobalSection(SolutionConfigurationPlatforms) = preSolution
	EndGlobalSection
	GlobalSection(ProjectConfigurationPlatforms) = postSolution
	EndGlobalSection
	GlobalSection(SolutionProperties) = preSolution
		HideSolutionNode = FALSE
	EndGlobalSection
	GlobalSection(ExtensibilityGlobals) = postSolution
		SolutionGuid = {643E035D-DB06-4407-929A-715EB3DB5876}
	EndGlobalSection
EndGlobal
