Microsoft Visual Studio Solution File, Format Version 12.00
# Visual Studio Version 17
Project("{FAE04EC0-301F-11D3-BF4B-00C04F79EFBC}") = "FordFulkersonAlgorithm", "FordFulkersonAlgorithm\FordFulkersonAlgorithm.csproj", "{EC7F033F-F179-4D04-9DBC-37388C103713}"
EndProject
Project("{FAE04EC0-301F-11D3-BF4B-00C04F79EFBC}") = "FordFulkersonAlgorithmTest", "FordFulkersonAlgorithmTest\FordFulkersonAlgorithmTest.csproj", "{73989768-F18A-435B-9785-23E54735F311}"
EndProject
Global
	GlobalSection(SolutionConfigurationPlatforms) = preSolution
	EndGlobalSection
	GlobalSection(ProjectConfigurationPlatforms) = postSolution
	EndGlobalSection
	GlobalSection(SolutionProperties) = preSolution
		HideSolutionNode = FALSE
	EndGlobalSection
	GlobalSection(ExtensibilityGlobals) = postSolution
		SolutionGuid = {759384D1-1E15-4F64-B4A6-9ACB930FD7F1}
	EndGlobalSection
EndGlobal
