Microsoft Visual Studio Solution File, Format Version 12.00
# Visual Studio Version 17
Project("{FAE04EC0-301F-11D3-BF4B-00C04F79EFBC}") = "BoyerMooreAlgorithm", "BoyerMooreAlgorithm\BoyerMooreAlgorithm.csproj", "{0FF16A22-CA9B-46A8-A28B-C8E6947946B7}"
EndProject
Project("{FAE04EC0-301F-11D3-BF4B-00C04F79EFBC}") = "BoyerMooreAlgorithmTest", "BoyerMooreAlgorithmTest\BoyerMooreAlgorithmTest.csproj", "{FE27078A-2500-4563-A171-66F15B795022}"
EndProject
Global
	GlobalSection(SolutionConfigurationPlatforms) = preSolution
	EndGlobalSection
	GlobalSection(ProjectConfigurationPlatforms) = postSolution
	EndGlobalSection
	GlobalSection(SolutionProperties) = preSolution
		HideSolutionNode = FALSE
	EndGlobalSection
	GlobalSection(ExtensibilityGlobals) = postSolution
		SolutionGuid = {0D0AFAFD-9969-4190-9B5D-5946D29EC78B}
	EndGlobalSection
EndGlobal
