Microsoft Visual Studio Solution File, Format Version 12.00
# Visual Studio Version 17
Project("{FAE04EC0-301F-11D3-BF4B-00C04F79EFBC}") = "LongestCommonSubstring", "LongestCommonSubstring\LongestCommonSubstring.csproj", "{E6FAE3A9-85AB-4C0D-A9EC-023A805CBF1F}"
EndProject
Project("{FAE04EC0-301F-11D3-BF4B-00C04F79EFBC}") = "LongestCommonSubstringTest", "LongestCommonSubstringTest\LongestCommonSubstringTest.csproj", "{11CA9BFD-54C3-44F8-BD4B-13057FD5932D}"
EndProject
Global
	GlobalSection(SolutionConfigurationPlatforms) = preSolution
	EndGlobalSection
	GlobalSection(ProjectConfigurationPlatforms) = postSolution
	EndGlobalSection
	GlobalSection(SolutionProperties) = preSolution
		HideSolutionNode = FALSE
	EndGlobalSection
	GlobalSection(ExtensibilityGlobals) = postSolution
		SolutionGuid = {A4EB3A37-0980-48F2-9F4B-A87AC0E0A13C}
	EndGlobalSection
EndGlobal
