Microsoft Visual Studio Solution File, Format Version 12.00
# Visual Studio Version 17
Project("{FAE04EC0-301F-11D3-BF4B-00C04F79EFBC}") = "QLearningAlgorithm", "QLearningAlgorithm\QLearningAlgorithm.csproj", "{ECF99496-4039-40B1-A156-39CA095A79CD}"
EndProject
Project("{FAE04EC0-301F-11D3-BF4B-00C04F79EFBC}") = "QLearningAlgorithmTest", "QLearningAlgorithmTest\QLearningAlgorithmTest.csproj", "{F8AA4066-B13D-41B8-B6C7-41E76CE961C5}"
EndProject
Global
	GlobalSection(SolutionConfigurationPlatforms) = preSolution
	EndGlobalSection
	GlobalSection(ProjectConfigurationPlatforms) = postSolution
	EndGlobalSection
	GlobalSection(SolutionProperties) = preSolution
		HideSolutionNode = FALSE
	EndGlobalSection
	GlobalSection(ExtensibilityGlobals) = postSolution
		SolutionGuid = {838A463F-FDBB-48A1-9B8B-08080A660DAE}
	EndGlobalSection
EndGlobal
