Microsoft Visual Studio Solution File, Format Version 12.00
# Visual Studio Version 17
Project("{FAE04EC0-301F-11D3-BF4B-00C04F79EFBC}") = "BuchbergerAlgorithm", "BuchbergerAlgorithm\BuchbergerAlgorithm.csproj", "{021D0796-18B8-4DE2-B921-C01AE339543A}"
EndProject
Project("{FAE04EC0-301F-11D3-BF4B-00C04F79EFBC}") = "BuchbergerAlgorithmTest", "BuchbergerAlgorithmTest\BuchbergerAlgorithmTest.csproj", "{EDDC627D-4A57-4BDC-AC65-8801ED8BBCC2}"
EndProject
Global
	GlobalSection(SolutionConfigurationPlatforms) = preSolution
	EndGlobalSection
	GlobalSection(ProjectConfigurationPlatforms) = postSolution
	EndGlobalSection
	GlobalSection(SolutionProperties) = preSolution
		HideSolutionNode = FALSE
	EndGlobalSection
	GlobalSection(ExtensibilityGlobals) = postSolution
		SolutionGuid = {5347F9F3-5F86-4E37-9A99-8284FEED2DB4}
	EndGlobalSection
EndGlobal
