Microsoft Visual Studio Solution File, Format Version 12.00
# Visual Studio Version 17
Project("{FAE04EC0-301F-11D3-BF4B-00C04F79EFBC}") = "PetricksMethod", "PetricksMethod\PetricksMethod.csproj", "{A71133D7-E8CA-4DED-996A-DFD314263E6C}"
EndProject
Project("{FAE04EC0-301F-11D3-BF4B-00C04F79EFBC}") = "PetricksMethodTest", "PetricksMethodTest\PetricksMethodTest.csproj", "{497A9309-B1BA-4A83-85AE-453C355042F1}"
EndProject
Global
	GlobalSection(SolutionConfigurationPlatforms) = preSolution
	EndGlobalSection
	GlobalSection(ProjectConfigurationPlatforms) = postSolution
	EndGlobalSection
	GlobalSection(SolutionProperties) = preSolution
		HideSolutionNode = FALSE
	EndGlobalSection
	GlobalSection(ExtensibilityGlobals) = postSolution
		SolutionGuid = {1768B156-D370-4C9C-982D-224CF8596A34}
	EndGlobalSection
EndGlobal
