Microsoft Visual Studio Solution File, Format Version 12.00
# Visual Studio Version 17
Project("{FAE04EC0-301F-11D3-BF4B-00C04F79EFBC}") = "YarrowAlgorithm", "YarrowAlgorithm\YarrowAlgorithm.csproj", "{63F6DD03-85EB-42D5-AC85-8CD44E8AFC58}"
EndProject
Project("{FAE04EC0-301F-11D3-BF4B-00C04F79EFBC}") = "YarrowAlgorithmTest", "YarrowAlgorithmTest\YarrowAlgorithmTest.csproj", "{13F3E769-672D-49F9-95EE-9E71C8BC0B25}"
EndProject
Global
	GlobalSection(SolutionConfigurationPlatforms) = preSolution
	EndGlobalSection
	GlobalSection(ProjectConfigurationPlatforms) = postSolution
	EndGlobalSection
	GlobalSection(SolutionProperties) = preSolution
		HideSolutionNode = FALSE
	EndGlobalSection
	GlobalSection(ExtensibilityGlobals) = postSolution
		SolutionGuid = {2DAD4893-F4C8-4FFB-982D-3259C4BB0830}
	EndGlobalSection
EndGlobal
