Microsoft Visual Studio Solution File, Format Version 12.00
# Visual Studio Version 17
Project("{FAE04EC0-301F-11D3-BF4B-00C04F79EFBC}") = "FuzzyClustering", "FuzzyClustering\FuzzyClustering.csproj", "{C0DA4616-4AF8-44D0-BB63-FB90A7DACD23}"
EndProject
Project("{FAE04EC0-301F-11D3-BF4B-00C04F79EFBC}") = "FuzzyClusteringTest", "FuzzyClusteringTest\FuzzyClusteringTest.csproj", "{EC3F9483-8C2F-48B4-AD60-4392623E98C9}"
EndProject
Global
	GlobalSection(SolutionConfigurationPlatforms) = preSolution
	EndGlobalSection
	GlobalSection(ProjectConfigurationPlatforms) = postSolution
	EndGlobalSection
	GlobalSection(SolutionProperties) = preSolution
		HideSolutionNode = FALSE
	EndGlobalSection
	GlobalSection(ExtensibilityGlobals) = postSolution
		SolutionGuid = {BEF87C16-2033-42E4-A832-F89B844C8CA1}
	EndGlobalSection
EndGlobal
