Microsoft Visual Studio Solution File, Format Version 12.00
# Visual Studio Version 17
Project("{FAE04EC0-301F-11D3-BF4B-00C04F79EFBC}") = "VerletIntegration", "VerletIntegration\VerletIntegration.csproj", "{F109FD12-FD49-4EEC-9331-EDEAD4B883A0}"
EndProject
Project("{FAE04EC0-301F-11D3-BF4B-00C04F79EFBC}") = "VerletIntegrationTest", "VerletIntegrationTest\VerletIntegrationTest.csproj", "{BE364CC5-6CEF-4F1A-B283-7E2E0C545174}"
EndProject
Global
	GlobalSection(SolutionConfigurationPlatforms) = preSolution
	EndGlobalSection
	GlobalSection(ProjectConfigurationPlatforms) = postSolution
	EndGlobalSection
	GlobalSection(SolutionProperties) = preSolution
		HideSolutionNode = FALSE
	EndGlobalSection
	GlobalSection(ExtensibilityGlobals) = postSolution
		SolutionGuid = {C1182242-11BD-4749-B04E-609437E1F5FB}
	EndGlobalSection
EndGlobal
