Microsoft Visual Studio Solution File, Format Version 12.00
# Visual Studio Version 17
Project("{FAE04EC0-301F-11D3-BF4B-00C04F79EFBC}") = "AlgorithmX", "AlgorithmX\AlgorithmX.csproj", "{A1D0F218-F860-4B64-9D06-F45346EB90FE}"
EndProject
Project("{FAE04EC0-301F-11D3-BF4B-00C04F79EFBC}") = "AlgorithmXTest", "AlgorithmXTest\AlgorithmXTest.csproj", "{3EB7A33E-3720-4A88-A88A-E073E05F968C}"
EndProject
Global
	GlobalSection(SolutionConfigurationPlatforms) = preSolution
	EndGlobalSection
	GlobalSection(ProjectConfigurationPlatforms) = postSolution
	EndGlobalSection
	GlobalSection(SolutionProperties) = preSolution
		HideSolutionNode = FALSE
	EndGlobalSection
	GlobalSection(ExtensibilityGlobals) = postSolution
		SolutionGuid = {98BDFE1F-8D5A-4F54-BACC-2E8CE45AF000}
	EndGlobalSection
EndGlobal
