Microsoft Visual Studio Solution File, Format Version 12.00
# Visual Studio Version 17
Project("{FAE04EC0-301F-11D3-BF4B-00C04F79EFBC}") = "CoppersmithWinogradAlgorithm", "CoppersmithWinogradAlgorithm\CoppersmithWinogradAlgorithm.csproj", "{E0B0352D-3B33-4626-A118-0AF3DE76E7A0}"
EndProject
Project("{FAE04EC0-301F-11D3-BF4B-00C04F79EFBC}") = "CoppersmithWinogradAlgorithmTest", "CoppersmithWinogradAlgorithmTest\CoppersmithWinogradAlgorithmTest.csproj", "{5F030868-96A4-4F18-9F27-72CF3494CB17}"
EndProject
Global
	GlobalSection(SolutionConfigurationPlatforms) = preSolution
	EndGlobalSection
	GlobalSection(ProjectConfigurationPlatforms) = postSolution
	EndGlobalSection
	GlobalSection(SolutionProperties) = preSolution
		HideSolutionNode = FALSE
	EndGlobalSection
	GlobalSection(ExtensibilityGlobals) = postSolution
		SolutionGuid = {3AA0E986-8164-40FF-8AE3-845036FDF7C9}
	EndGlobalSection
EndGlobal
