Microsoft Visual Studio Solution File, Format Version 12.00
# Visual Studio Version 17
Project("{FAE04EC0-301F-11D3-BF4B-00C04F79EFBC}") = "OddsAlgorithm", "OddsAlgorithm\OddsAlgorithm.csproj", "{0DB0560D-22BE-4F71-9768-6FC12525405C}"
EndProject
Project("{FAE04EC0-301F-11D3-BF4B-00C04F79EFBC}") = "OddsAlgorithmTest", "OddsAlgorithmTest\OddsAlgorithmTest.csproj", "{4E8E9029-A472-42FD-B145-172B4B72D3D7}"
EndProject
Global
	GlobalSection(SolutionConfigurationPlatforms) = preSolution
	EndGlobalSection
	GlobalSection(ProjectConfigurationPlatforms) = postSolution
	EndGlobalSection
	GlobalSection(SolutionProperties) = preSolution
		HideSolutionNode = FALSE
	EndGlobalSection
	GlobalSection(ExtensibilityGlobals) = postSolution
		SolutionGuid = {1522F36F-D549-4993-A800-E56EF38BE74F}
	EndGlobalSection
EndGlobal
