Microsoft Visual Studio Solution File, Format Version 12.00
# Visual Studio Version 17
Project("{FAE04EC0-301F-11D3-BF4B-00C04F79EFBC}") = "KMedoids", "KMedoids\KMedoids.csproj", "{8B8CF2F2-6756-44FA-95BC-7B5F88518C02}"
EndProject
Project("{FAE04EC0-301F-11D3-BF4B-00C04F79EFBC}") = "KMedoidsTest", "KMedoidsTest\KMedoidsTest.csproj", "{8F0EB4F9-6118-4B59-93FE-6EC447790C62}"
EndProject
Global
	GlobalSection(SolutionConfigurationPlatforms) = preSolution
	EndGlobalSection
	GlobalSection(ProjectConfigurationPlatforms) = postSolution
	EndGlobalSection
	GlobalSection(SolutionProperties) = preSolution
		HideSolutionNode = FALSE
	EndGlobalSection
	GlobalSection(ExtensibilityGlobals) = postSolution
		SolutionGuid = {32B057C1-3679-4888-B467-8F2A921670AE}
	EndGlobalSection
EndGlobal
