Microsoft Visual Studio Solution File, Format Version 12.00
# Visual Studio Version 17
Project("{FAE04EC0-301F-11D3-BF4B-00C04F79EFBC}") = "BacktrackingSearch", "BacktrackingSearch\BacktrackingSearch.csproj", "{DBE9788B-20C7-43A8-A132-3C15AFD69FC4}"
EndProject
Project("{FAE04EC0-301F-11D3-BF4B-00C04F79EFBC}") = "BacktrackingSearchTest", "BacktrackingSearchTest\BacktrackingSearchTest.csproj", "{5B8291F2-75BF-45FA-8D08-3760379CFE96}"
EndProject
Global
	GlobalSection(SolutionConfigurationPlatforms) = preSolution
	EndGlobalSection
	GlobalSection(ProjectConfigurationPlatforms) = postSolution
	EndGlobalSection
	GlobalSection(SolutionProperties) = preSolution
		HideSolutionNode = FALSE
	EndGlobalSection
	GlobalSection(ExtensibilityGlobals) = postSolution
		SolutionGuid = {1DD36760-6E98-4712-A2A4-6913C33C83E7}
	EndGlobalSection
EndGlobal
