Microsoft Visual Studio Solution File, Format Version 12.00
# Visual Studio Version 17
Project("{FAE04EC0-301F-11D3-BF4B-00C04F79EFBC}") = "KthLargest", "KthLargest\KthLargest.csproj", "{267D4B79-4DC6-4CED-AB14-23DF2EEA7ECE}"
EndProject
Project("{FAE04EC0-301F-11D3-BF4B-00C04F79EFBC}") = "KthLargestTest", "KthLargestTest\KthLargestTest.csproj", "{BABE8487-0980-45F8-8BD8-12E869A3D42E}"
EndProject
Global
	GlobalSection(SolutionConfigurationPlatforms) = preSolution
	EndGlobalSection
	GlobalSection(ProjectConfigurationPlatforms) = postSolution
	EndGlobalSection
	GlobalSection(SolutionProperties) = preSolution
		HideSolutionNode = FALSE
	EndGlobalSection
	GlobalSection(ExtensibilityGlobals) = postSolution
		SolutionGuid = {08FFD722-83DD-4EB9-8711-ED8B6E8D8767}
	EndGlobalSection
EndGlobal
