Microsoft Visual Studio Solution File, Format Version 12.00
# Visual Studio Version 17
Project("{FAE04EC0-301F-11D3-BF4B-00C04F79EFBC}") = "DiffieHellmanExchange", "DiffieHellmanExchange\DiffieHellmanExchange.csproj", "{74C93350-AD1F-467D-9EEE-F67990C1F695}"
EndProject
Project("{FAE04EC0-301F-11D3-BF4B-00C04F79EFBC}") = "DiffieHellmanExchangeTest", "DiffieHellmanExchangeTest\DiffieHellmanExchangeTest.csproj", "{46A31FE3-1586-412B-8644-4836B3D5CA86}"
EndProject
Global
	GlobalSection(SolutionConfigurationPlatforms) = preSolution
	EndGlobalSection
	GlobalSection(ProjectConfigurationPlatforms) = postSolution
	EndGlobalSection
	GlobalSection(SolutionProperties) = preSolution
		HideSolutionNode = FALSE
	EndGlobalSection
	GlobalSection(ExtensibilityGlobals) = postSolution
		SolutionGuid = {2A3CE672-1496-4F4F-B44E-BD73FFB5279E}
	EndGlobalSection
EndGlobal
