Microsoft Visual Studio Solution File, Format Version 12.00
# Visual Studio Version 17
Project("{FAE04EC0-301F-11D3-BF4B-00C04F79EFBC}") = "MultivariateDivisionAlgorithm", "MultivariateDivisionAlgorithm\MultivariateDivisionAlgorithm.csproj", "{4271E7BE-9314-4B1B-B0D6-C237B88F1697}"
EndProject
Project("{FAE04EC0-301F-11D3-BF4B-00C04F79EFBC}") = "MultivariateDivisionAlgorithmTest", "MultivariateDivisionAlgorithmTest\MultivariateDivisionAlgorithmTest.csproj", "{7AF2DD8F-7E43-4BF7-8ACE-67F18E4335BD}"
EndProject
Global
	GlobalSection(SolutionConfigurationPlatforms) = preSolution
	EndGlobalSection
	GlobalSection(ProjectConfigurationPlatforms) = postSolution
	EndGlobalSection
	GlobalSection(SolutionProperties) = preSolution
		HideSolutionNode = FALSE
	EndGlobalSection
	GlobalSection(ExtensibilityGlobals) = postSolution
		SolutionGuid = {B5B6BF24-7783-4295-98F6-C014B67BED56}
	EndGlobalSection
EndGlobal
