Microsoft Visual Studio Solution File, Format Version 12.00
# Visual Studio Version 17
Project("{FAE04EC0-301F-11D3-BF4B-00C04F79EFBC}") = "ShannonFanoCoding", "ShannonFanoCoding\ShannonFanoCoding.csproj", "{C8E30A7E-02A3-4135-9568-BA007AEF7A80}"
EndProject
Project("{FAE04EC0-301F-11D3-BF4B-00C04F79EFBC}") = "ShannonFanoCodingTest", "ShannonFanoCodingTest\ShannonFanoCodingTest.csproj", "{E120539B-4567-45CC-87A1-3D8C8F97C353}"
EndProject
Global
	GlobalSection(SolutionConfigurationPlatforms) = preSolution
	EndGlobalSection
	GlobalSection(ProjectConfigurationPlatforms) = postSolution
	EndGlobalSection
	GlobalSection(SolutionProperties) = preSolution
		HideSolutionNode = FALSE
	EndGlobalSection
	GlobalSection(ExtensibilityGlobals) = postSolution
		SolutionGuid = {52D3EC96-0B2E-46E9-A1F1-C93E241D515A}
	EndGlobalSection
EndGlobal
