Microsoft Visual Studio Solution File, Format Version 12.00
# Visual Studio Version 17
Project("{FAE04EC0-301F-11D3-BF4B-00C04F79EFBC}") = "BytePairEncoding", "BytePairEncoding\BytePairEncoding.csproj", "{DB067A87-CC0F-4C2C-8935-E8735950EA92}"
EndProject
Project("{FAE04EC0-301F-11D3-BF4B-00C04F79EFBC}") = "BytePairEncodingTest", "BytePairEncodingTest\BytePairEncodingTest.csproj", "{A024BA1D-3C26-462E-A1FC-29F7ABBCAFE5}"
EndProject
Global
	GlobalSection(SolutionConfigurationPlatforms) = preSolution
	EndGlobalSection
	GlobalSection(ProjectConfigurationPlatforms) = postSolution
	EndGlobalSection
	GlobalSection(SolutionProperties) = preSolution
		HideSolutionNode = FALSE
	EndGlobalSection
	GlobalSection(ExtensibilityGlobals) = postSolution
		SolutionGuid = {481ADC76-FC46-4D91-A922-AAB89A9887C3}
	EndGlobalSection
EndGlobal
