Microsoft Visual Studio Solution File, Format Version 12.00
# Visual Studio Version 17
Project("{FAE04EC0-301F-11D3-BF4B-00C04F79EFBC}") = "AC3Algorithm", "AC3Algorithm\AC3Algorithm.csproj", "{69B8F25D-E616-4A22-A236-0394212721BC}"
EndProject
Project("{FAE04EC0-301F-11D3-BF4B-00C04F79EFBC}") = "AC3AlgorithmTest", "AC3AlgorithmTest\AC3AlgorithmTest.csproj", "{7078195A-0D63-4B9B-89B3-FDA86E97B44C}"
EndProject
Global
	GlobalSection(SolutionConfigurationPlatforms) = preSolution
	EndGlobalSection
	GlobalSection(ProjectConfigurationPlatforms) = postSolution
	EndGlobalSection
	GlobalSection(SolutionProperties) = preSolution
		HideSolutionNode = FALSE
	EndGlobalSection
	GlobalSection(ExtensibilityGlobals) = postSolution
		SolutionGuid = {D337309A-2E60-48CA-AF47-ED1C5904D351}
	EndGlobalSection
EndGlobal
