Microsoft Visual Studio Solution File, Format Version 12.00
# Visual Studio Version 17
Project("{FAE04EC0-301F-11D3-BF4B-00C04F79EFBC}") = "UniformCostSearch", "UniformCostSearch\UniformCostSearch.csproj", "{A79896DC-DEC3-49B8-9F35-CA3DE6504836}"
EndProject
Project("{FAE04EC0-301F-11D3-BF4B-00C04F79EFBC}") = "UniformCostSearchTest", "UniformCostSearchTest\UniformCostSearchTest.csproj", "{D67EBCAD-DD0B-4842-B3B6-454FE1C3A58B}"
EndProject
Global
	GlobalSection(SolutionConfigurationPlatforms) = preSolution
	EndGlobalSection
	GlobalSection(ProjectConfigurationPlatforms) = postSolution
	EndGlobalSection
	GlobalSection(SolutionProperties) = preSolution
		HideSolutionNode = FALSE
	EndGlobalSection
	GlobalSection(ExtensibilityGlobals) = postSolution
		SolutionGuid = {26FC0E52-18DD-4CB0-A077-B055384029A6}
	EndGlobalSection
EndGlobal
