Microsoft Visual Studio Solution File, Format Version 12.00
# Visual Studio Version 17
Project("{FAE04EC0-301F-11D3-BF4B-00C04F79EFBC}") = "ShortestCommonSupersequence", "ShortestCommonSupersequence\ShortestCommonSupersequence.csproj", "{7EEF2832-084A-46B9-A585-6624702D0C19}"
EndProject
Project("{FAE04EC0-301F-11D3-BF4B-00C04F79EFBC}") = "ShortestCommonSupersequenceTest", "ShortestCommonSupersequenceTest\ShortestCommonSupersequenceTest.csproj", "{43D52C29-937D-4D21-A15E-3D27BA801BBE}"
EndProject
Global
	GlobalSection(SolutionConfigurationPlatforms) = preSolution
	EndGlobalSection
	GlobalSection(ProjectConfigurationPlatforms) = postSolution
	EndGlobalSection
	GlobalSection(SolutionProperties) = preSolution
		HideSolutionNode = FALSE
	EndGlobalSection
	GlobalSection(ExtensibilityGlobals) = postSolution
		SolutionGuid = {9F515120-3909-4A8E-891D-8EB4CE6B1341}
	EndGlobalSection
EndGlobal
