Microsoft Visual Studio Solution File, Format Version 12.00
# Visual Studio Version 17
Project("{FAE04EC0-301F-11D3-BF4B-00C04F79EFBC}") = "AssociationRuleLearning", "AssociationRuleLearning\AssociationRuleLearning.csproj", "{487FAA60-70FC-4CF8-899F-6FE508B1B9B7}"
EndProject
Project("{FAE04EC0-301F-11D3-BF4B-00C04F79EFBC}") = "AssociationRuleLearningTest", "AssociationRuleLearningTest\AssociationRuleLearningTest.csproj", "{B0179531-B7CD-488D-822B-D33DCFD6CCCB}"
EndProject
Global
	GlobalSection(SolutionConfigurationPlatforms) = preSolution
	EndGlobalSection
	GlobalSection(ProjectConfigurationPlatforms) = postSolution
	EndGlobalSection
	GlobalSection(SolutionProperties) = preSolution
		HideSolutionNode = FALSE
	EndGlobalSection
	GlobalSection(ExtensibilityGlobals) = postSolution
		SolutionGuid = {122E3904-83FA-43FE-BC74-158505D1BF4E}
	EndGlobalSection
EndGlobal
