Microsoft Visual Studio Solution File, Format Version 12.00
# Visual Studio Version 17
Project("{FAE04EC0-301F-11D3-BF4B-00C04F79EFBC}") = "StoneMethodSIP", "StoneMethodSIP\StoneMethodSIP.csproj", "{74D31BC6-6922-45A3-9167-7DFE1F744EE6}"
EndProject
Project("{FAE04EC0-301F-11D3-BF4B-00C04F79EFBC}") = "StoneMethodSIPTest", "StoneMethodSIPTest\StoneMethodSIPTest.csproj", "{A547EE46-6332-43E2-BAC6-C2E7B511D7F1}"
EndProject
Global
	GlobalSection(SolutionConfigurationPlatforms) = preSolution
	EndGlobalSection
	GlobalSection(ProjectConfigurationPlatforms) = postSolution
	EndGlobalSection
	GlobalSection(SolutionProperties) = preSolution
		HideSolutionNode = FALSE
	EndGlobalSection
	GlobalSection(ExtensibilityGlobals) = postSolution
		SolutionGuid = {CB691A39-B1B7-4A8D-95BF-35DB24689E21}
	EndGlobalSection
EndGlobal
