Microsoft Visual Studio Solution File, Format Version 12.00
# Visual Studio Version 17
Project("{FAE04EC0-301F-11D3-BF4B-00C04F79EFBC}") = "LindeBuzoGray", "LindeBuzoGray\LindeBuzoGray.csproj", "{75393FAC-7FD0-41AB-8E88-3D737DB3ACF5}"
EndProject
Project("{FAE04EC0-301F-11D3-BF4B-00C04F79EFBC}") = "LindeBuzoGrayTest", "LindeBuzoGrayTest\LindeBuzoGrayTest.csproj", "{A2FBCE21-C9DD-489D-8502-52DAFD3934AC}"
EndProject
Global
	GlobalSection(SolutionConfigurationPlatforms) = preSolution
	EndGlobalSection
	GlobalSection(ProjectConfigurationPlatforms) = postSolution
	EndGlobalSection
	GlobalSection(SolutionProperties) = preSolution
		HideSolutionNode = FALSE
	EndGlobalSection
	GlobalSection(ExtensibilityGlobals) = postSolution
		SolutionGuid = {02797FBF-1B69-422B-997A-BC1E10E3019D}
	EndGlobalSection
EndGlobal
