Microsoft Visual Studio Solution File, Format Version 12.00
# Visual Studio Version 17
Project("{FAE04EC0-301F-11D3-BF4B-00C04F79EFBC}") = "PrimsAlgorithm", "PrimsAlgorithm\PrimsAlgorithm.csproj", "{42C69FCB-290D-4BB4-AB9D-7DDC291AC478}"
EndProject
Project("{FAE04EC0-301F-11D3-BF4B-00C04F79EFBC}") = "PrimsAlgorithmTest", "PrimsAlgorithmTest\PrimsAlgorithmTest.csproj", "{F60C7F34-987C-4B02-A11F-095D09B95873}"
EndProject
Global
	GlobalSection(SolutionConfigurationPlatforms) = preSolution
	EndGlobalSection
	GlobalSection(ProjectConfigurationPlatforms) = postSolution
	EndGlobalSection
	GlobalSection(SolutionProperties) = preSolution
		HideSolutionNode = FALSE
	EndGlobalSection
	GlobalSection(ExtensibilityGlobals) = postSolution
		SolutionGuid = {384628C8-D828-43C7-A0B4-4BE8A7C83AE1}
	EndGlobalSection
EndGlobal
