Microsoft Visual Studio Solution File, Format Version 12.00
# Visual Studio Version 17
Project("{FAE04EC0-301F-11D3-BF4B-00C04F79EFBC}") = "HopfieldNet", "HopfieldNet\HopfieldNet.csproj", "{1C268D04-C329-4B32-8531-4E0D0FC0220A}"
EndProject
Project("{FAE04EC0-301F-11D3-BF4B-00C04F79EFBC}") = "HopfieldNetTest", "HopfieldNetTest\HopfieldNetTest.csproj", "{26CF8871-28E1-4956-9EC7-150337686231}"
EndProject
Global
	GlobalSection(SolutionConfigurationPlatforms) = preSolution
	EndGlobalSection
	GlobalSection(ProjectConfigurationPlatforms) = postSolution
	EndGlobalSection
	GlobalSection(SolutionProperties) = preSolution
		HideSolutionNode = FALSE
	EndGlobalSection
	GlobalSection(ExtensibilityGlobals) = postSolution
		SolutionGuid = {74C3AFFA-0755-45C9-B7AD-E6DD714BE9E0}
	EndGlobalSection
EndGlobal
