Microsoft Visual Studio Solution File, Format Version 12.00
# Visual Studio Version 17
Project("{FAE04EC0-301F-11D3-BF4B-00C04F79EFBC}") = "ChandyLamportAlgorithm", "ChandyLamportAlgorithm\ChandyLamportAlgorithm.csproj", "{38206B13-1A39-4F44-8F6E-61AB2BA55DEA}"
EndProject
Project("{FAE04EC0-301F-11D3-BF4B-00C04F79EFBC}") = "ChandyLamportAlgorithmTest", "ChandyLamportAlgorithmTest\ChandyLamportAlgorithmTest.csproj", "{EFB73705-7222-40EF-9FF4-73D8E252D53E}"
EndProject
Global
	GlobalSection(SolutionConfigurationPlatforms) = preSolution
	EndGlobalSection
	GlobalSection(ProjectConfigurationPlatforms) = postSolution
	EndGlobalSection
	GlobalSection(SolutionProperties) = preSolution
		HideSolutionNode = FALSE
	EndGlobalSection
	GlobalSection(ExtensibilityGlobals) = postSolution
		SolutionGuid = {6B961FB3-2F88-4A0F-A296-172B1224AB4C}
	EndGlobalSection
EndGlobal
