Microsoft Visual Studio Solution File, Format Version 12.00
# Visual Studio Version 17
Project("{FAE04EC0-301F-11D3-BF4B-00C04F79EFBC}") = "RidderMethod", "RidderMethod\RidderMethod.csproj", "{87590619-DCEE-40C1-B702-3D3356B61A8E}"
EndProject
Project("{FAE04EC0-301F-11D3-BF4B-00C04F79EFBC}") = "RidderMethodTest", "RidderMethodTest\RidderMethodTest.csproj", "{EFA7C869-02EF-4B63-A8A7-2D5A428E033F}"
EndProject
Global
	GlobalSection(SolutionConfigurationPlatforms) = preSolution
	EndGlobalSection
	GlobalSection(ProjectConfigurationPlatforms) = postSolution
	EndGlobalSection
	GlobalSection(SolutionProperties) = preSolution
		HideSolutionNode = FALSE
	EndGlobalSection
	GlobalSection(ExtensibilityGlobals) = postSolution
		SolutionGuid = {6ED070B6-0C5F-46F1-A077-1DDD640C2BC4}
	EndGlobalSection
EndGlobal
