Microsoft Visual Studio Solution File, Format Version 12.00
# Visual Studio Version 17
Project("{FAE04EC0-301F-11D3-BF4B-00C04F79EFBC}") = "EulerIntegration", "EulerIntegration\EulerIntegration.csproj", "{53EB35BD-F07E-4768-A4A3-1D40B57462D6}"
EndProject
Project("{FAE04EC0-301F-11D3-BF4B-00C04F79EFBC}") = "EulerIntegrationTest", "EulerIntegrationTest\EulerIntegrationTest.csproj", "{E486152E-490F-4F0C-98B2-D3B23AC92EFF}"
EndProject
Global
	GlobalSection(SolutionConfigurationPlatforms) = preSolution
	EndGlobalSection
	GlobalSection(ProjectConfigurationPlatforms) = postSolution
	EndGlobalSection
	GlobalSection(SolutionProperties) = preSolution
		HideSolutionNode = FALSE
	EndGlobalSection
	GlobalSection(ExtensibilityGlobals) = postSolution
		SolutionGuid = {561B837E-49AE-4E60-90BF-C21300B749AE}
	EndGlobalSection
EndGlobal
