Microsoft Visual Studio Solution File, Format Version 12.00
# Visual Studio Version 17
Project("{FAE04EC0-301F-11D3-BF4B-00C04F79EFBC}") = "HoughTransform", "HoughTransform\HoughTransform.csproj", "{DE631BA0-D8C3-4EC9-AED6-4F207EDF8668}"
EndProject
Project("{FAE04EC0-301F-11D3-BF4B-00C04F79EFBC}") = "HoughTransformTest", "HoughTransformTest\HoughTransformTest.csproj", "{B00C2345-6EE2-4300-9DE6-5A9D55D3943D}"
EndProject
Global
	GlobalSection(SolutionConfigurationPlatforms) = preSolution
	EndGlobalSection
	GlobalSection(ProjectConfigurationPlatforms) = postSolution
	EndGlobalSection
	GlobalSection(SolutionProperties) = preSolution
		HideSolutionNode = FALSE
	EndGlobalSection
	GlobalSection(ExtensibilityGlobals) = postSolution
		SolutionGuid = {3C7C7902-28DF-44AE-8EDC-085DF72C8210}
	EndGlobalSection
EndGlobal
