Microsoft Visual Studio Solution File, Format Version 12.00
# Visual Studio Version 17
Project("{FAE04EC0-301F-11D3-BF4B-00C04F79EFBC}") = "FiniteDifferenceMethod", "FiniteDifferenceMethod\FiniteDifferenceMethod.csproj", "{8EA10913-E89F-4AD9-AD75-0BE5DFB0E1F3}"
EndProject
Project("{FAE04EC0-301F-11D3-BF4B-00C04F79EFBC}") = "FiniteDifferenceMethodTest", "FiniteDifferenceMethodTest\FiniteDifferenceMethodTest.csproj", "{97A3407D-2BC9-4872-8FB1-81B681D4D8A6}"
EndProject
Global
	GlobalSection(SolutionConfigurationPlatforms) = preSolution
	EndGlobalSection
	GlobalSection(ProjectConfigurationPlatforms) = postSolution
	EndGlobalSection
	GlobalSection(SolutionProperties) = preSolution
		HideSolutionNode = FALSE
	EndGlobalSection
	GlobalSection(ExtensibilityGlobals) = postSolution
		SolutionGuid = {ABF33F4F-B490-4F62-9090-6477B2A523E2}
	EndGlobalSection
EndGlobal
