Microsoft Visual Studio Solution File, Format Version 12.00
# Visual Studio Version 17
Project("{FAE04EC0-301F-11D3-BF4B-00C04F79EFBC}") = "LeskAlgorithm", "LeskAlgorithm\LeskAlgorithm.csproj", "{A4874346-8098-471F-8300-69FA58FCCCCF}"
EndProject
Project("{FAE04EC0-301F-11D3-BF4B-00C04F79EFBC}") = "LeskAlgorithmTest", "LeskAlgorithmTest\LeskAlgorithmTest.csproj", "{15CBF11A-F126-41BA-AE0F-256F2F2DB58E}"
EndProject
Global
	GlobalSection(SolutionConfigurationPlatforms) = preSolution
	EndGlobalSection
	GlobalSection(ProjectConfigurationPlatforms) = postSolution
	EndGlobalSection
	GlobalSection(SolutionProperties) = preSolution
		HideSolutionNode = FALSE
	EndGlobalSection
	GlobalSection(ExtensibilityGlobals) = postSolution
		SolutionGuid = {7283B1D1-7AA2-4F3F-AF6A-8A52664F58E2}
	EndGlobalSection
EndGlobal
