Microsoft Visual Studio Solution File, Format Version 12.00
# Visual Studio Version 17
Project("{FAE04EC0-301F-11D3-BF4B-00C04F79EFBC}") = "AStarSearch", "AStarSearch\AStarSearch.csproj", "{679B2C19-6459-4FF1-A77B-7893BE51A286}"
EndProject
Project("{FAE04EC0-301F-11D3-BF4B-00C04F79EFBC}") = "AStarSearchTest", "AStarSearchTest\AStarSearchTest.csproj", "{79DEEDAF-EF27-4353-9A50-5CD0BFA1B969}"
EndProject
Global
	GlobalSection(SolutionConfigurationPlatforms) = preSolution
	EndGlobalSection
	GlobalSection(ProjectConfigurationPlatforms) = postSolution
	EndGlobalSection
	GlobalSection(SolutionProperties) = preSolution
		HideSolutionNode = FALSE
	EndGlobalSection
	GlobalSection(ExtensibilityGlobals) = postSolution
		SolutionGuid = {AA68B10E-461C-4A7C-8D63-CF75F2F98A2F}
	EndGlobalSection
EndGlobal
