Microsoft Visual Studio Solution File, Format Version 12.00
# Visual Studio Version 17
Project("{FAE04EC0-301F-11D3-BF4B-00C04F79EFBC}") = "SuccessiveOverRelaxation", "SuccessiveOverRelaxation\SuccessiveOverRelaxation.csproj", "{E73898CB-74F6-40B9-8252-236CB4E4EA7F}"
EndProject
Project("{FAE04EC0-301F-11D3-BF4B-00C04F79EFBC}") = "SuccessiveOverRelaxationTest", "SuccessiveOverRelaxationTest\SuccessiveOverRelaxationTest.csproj", "{867DA3DD-F918-457E-9F70-E115B3256379}"
EndProject
Global
	GlobalSection(SolutionConfigurationPlatforms) = preSolution
	EndGlobalSection
	GlobalSection(ProjectConfigurationPlatforms) = postSolution
	EndGlobalSection
	GlobalSection(SolutionProperties) = preSolution
		HideSolutionNode = FALSE
	EndGlobalSection
	GlobalSection(ExtensibilityGlobals) = postSolution
		SolutionGuid = {225E8FA2-596C-44F2-B1FD-57A15B47B619}
	EndGlobalSection
EndGlobal
