Microsoft Visual Studio Solution File, Format Version 12.00
# Visual Studio Version 17
Project("{FAE04EC0-301F-11D3-BF4B-00C04F79EFBC}") = "ChienSearch", "ChienSearch\ChienSearch.csproj", "{5C9D98CF-1B9A-4399-A422-DD7032FD777B}"
EndProject
Project("{FAE04EC0-301F-11D3-BF4B-00C04F79EFBC}") = "ChienSearchTest", "ChienSearchTest\ChienSearchTest.csproj", "{CFD2F21D-488D-41D6-AF54-213C2AE6541D}"
EndProject
Global
	GlobalSection(SolutionConfigurationPlatforms) = preSolution
	EndGlobalSection
	GlobalSection(ProjectConfigurationPlatforms) = postSolution
	EndGlobalSection
	GlobalSection(SolutionProperties) = preSolution
		HideSolutionNode = FALSE
	EndGlobalSection
	GlobalSection(ExtensibilityGlobals) = postSolution
		SolutionGuid = {215E57C7-4F0A-4E06-A3B8-45BEE5338808}
	EndGlobalSection
EndGlobal
