Microsoft Visual Studio Solution File, Format Version 12.00
# Visual Studio Version 17
Project("{FAE04EC0-301F-11D3-BF4B-00C04F79EFBC}") = "LZWLSyllableVariant", "LZWLSyllableVariant\LZWLSyllableVariant.csproj", "{22ACF0B0-10BE-4EA2-A00B-284DCCB04BFD}"
EndProject
Project("{FAE04EC0-301F-11D3-BF4B-00C04F79EFBC}") = "LZWLSyllableVariantTest", "LZWLSyllableVariantTest\LZWLSyllableVariantTest.csproj", "{2701038F-832B-40F4-AC7F-64D613BD346D}"
EndProject
Global
	GlobalSection(SolutionConfigurationPlatforms) = preSolution
	EndGlobalSection
	GlobalSection(ProjectConfigurationPlatforms) = postSolution
	EndGlobalSection
	GlobalSection(SolutionProperties) = preSolution
		HideSolutionNode = FALSE
	EndGlobalSection
	GlobalSection(ExtensibilityGlobals) = postSolution
		SolutionGuid = {583EF95A-8601-48E1-AED6-80D5F23BC9F5}
	EndGlobalSection
EndGlobal
