Microsoft Visual Studio Solution File, Format Version 12.00
# Visual Studio Version 17
Project("{FAE04EC0-301F-11D3-BF4B-00C04F79EFBC}") = "OperatorPrecedenceParser", "OperatorPrecedenceParser\OperatorPrecedenceParser.csproj", "{4BB59459-866E-47FA-AB72-0387E95EF718}"
EndProject
Project("{FAE04EC0-301F-11D3-BF4B-00C04F79EFBC}") = "OperatorPrecedenceParserTest", "OperatorPrecedenceParserTest\OperatorPrecedenceParserTest.csproj", "{6EE9A409-1B10-4079-96A3-3E16045F8CAA}"
EndProject
Global
	GlobalSection(SolutionConfigurationPlatforms) = preSolution
	EndGlobalSection
	GlobalSection(ProjectConfigurationPlatforms) = postSolution
	EndGlobalSection
	GlobalSection(SolutionProperties) = preSolution
		HideSolutionNode = FALSE
	EndGlobalSection
	GlobalSection(ExtensibilityGlobals) = postSolution
		SolutionGuid = {236C7BD0-6547-4C83-B52B-59777D7A3FA6}
	EndGlobalSection
EndGlobal
