Microsoft Visual Studio Solution File, Format Version 12.00
# Visual Studio Version 17
Project("{FAE04EC0-301F-11D3-BF4B-00C04F79EFBC}") = "RunLengthEncoding", "RunLengthEncoding\RunLengthEncoding.csproj", "{DE5B3C19-D2B5-49D6-A99A-ACA6F04B450B}"
EndProject
Project("{FAE04EC0-301F-11D3-BF4B-00C04F79EFBC}") = "RunLengthEncodingTest", "RunLengthEncodingTest\RunLengthEncodingTest.csproj", "{7BAD9653-BCCF-48D0-A59F-473CFFAF363E}"
EndProject
Global
	GlobalSection(SolutionConfigurationPlatforms) = preSolution
	EndGlobalSection
	GlobalSection(ProjectConfigurationPlatforms) = postSolution
	EndGlobalSection
	GlobalSection(SolutionProperties) = preSolution
		HideSolutionNode = FALSE
	EndGlobalSection
	GlobalSection(ExtensibilityGlobals) = postSolution
		SolutionGuid = {E9161200-9D20-44AC-A1CD-5049ECE10C95}
	EndGlobalSection
EndGlobal
