Microsoft Visual Studio Solution File, Format Version 12.00
# Visual Studio Version 17
Project("{FAE04EC0-301F-11D3-BF4B-00C04F79EFBC}") = "SymbolicCholeskyDecomposition", "SymbolicCholeskyDecomposition\SymbolicCholeskyDecomposition.csproj", "{1DECDAE1-B467-44A2-A1A8-C5144695A4BC}"
EndProject
Project("{FAE04EC0-301F-11D3-BF4B-00C04F79EFBC}") = "SymbolicCholeskyDecompositionTest", "SymbolicCholeskyDecompositionTest\SymbolicCholeskyDecompositionTest.csproj", "{7C7B4496-1423-4CD7-AD23-5FC3B47FE098}"
EndProject
Global
	GlobalSection(SolutionConfigurationPlatforms) = preSolution
	EndGlobalSection
	GlobalSection(ProjectConfigurationPlatforms) = postSolution
	EndGlobalSection
	GlobalSection(SolutionProperties) = preSolution
		HideSolutionNode = FALSE
	EndGlobalSection
	GlobalSection(ExtensibilityGlobals) = postSolution
		SolutionGuid = {ECDFFA34-886C-4033-AD22-7B1487EE90A3}
	EndGlobalSection
EndGlobal
