Microsoft Visual Studio Solution File, Format Version 12.00
# Visual Studio Version 17
Project("{FAE04EC0-301F-11D3-BF4B-00C04F79EFBC}") = "GeneralisedHoughTransform", "GeneralisedHoughTransform\GeneralisedHoughTransform.csproj", "{E7C65220-DC8D-4904-9FBE-FF89A38BCD3E}"
EndProject
Project("{FAE04EC0-301F-11D3-BF4B-00C04F79EFBC}") = "GeneralisedHoughTransformTest", "GeneralisedHoughTransformTest\GeneralisedHoughTransformTest.csproj", "{222D2931-14D9-4B87-B7E2-C81913B12472}"
EndProject
Global
	GlobalSection(SolutionConfigurationPlatforms) = preSolution
	EndGlobalSection
	GlobalSection(ProjectConfigurationPlatforms) = postSolution
	EndGlobalSection
	GlobalSection(SolutionProperties) = preSolution
		HideSolutionNode = FALSE
	EndGlobalSection
	GlobalSection(ExtensibilityGlobals) = postSolution
		SolutionGuid = {50E3400D-279C-438A-A4EB-CBB0FE3FB10A}
	EndGlobalSection
EndGlobal
