Microsoft Visual Studio Solution File, Format Version 12.00
# Visual Studio Version 17
Project("{FAE04EC0-301F-11D3-BF4B-00C04F79EFBC}") = "DoomsdayAlgorithm", "DoomsdayAlgorithm\DoomsdayAlgorithm.csproj", "{D4EDE57B-C35D-480F-95B6-BE0F88FBA045}"
EndProject
Project("{FAE04EC0-301F-11D3-BF4B-00C04F79EFBC}") = "DoomsdayAlgorithmTest", "DoomsdayAlgorithmTest\DoomsdayAlgorithmTest.csproj", "{187B4502-740A-444A-ADFB-7C56358C6868}"
EndProject
Global
	GlobalSection(SolutionConfigurationPlatforms) = preSolution
	EndGlobalSection
	GlobalSection(ProjectConfigurationPlatforms) = postSolution
	EndGlobalSection
	GlobalSection(SolutionProperties) = preSolution
		HideSolutionNode = FALSE
	EndGlobalSection
	GlobalSection(ExtensibilityGlobals) = postSolution
		SolutionGuid = {B4C0F6AD-083E-436F-A474-5E2CFF2DC416}
	EndGlobalSection
EndGlobal
