Microsoft Visual Studio Solution File, Format Version 12.00
# Visual Studio Version 17
Project("{FAE04EC0-301F-11D3-BF4B-00C04F79EFBC}") = "LogitBoost", "LogitBoost\LogitBoost.csproj", "{47CFE50B-D3A6-4745-BC96-F7D84102F47C}"
EndProject
Project("{FAE04EC0-301F-11D3-BF4B-00C04F79EFBC}") = "LogitBoostTest", "LogitBoostTest\LogitBoostTest.csproj", "{1D486D00-4714-4230-8B80-240E2BA245BF}"
EndProject
Global
	GlobalSection(SolutionConfigurationPlatforms) = preSolution
	EndGlobalSection
	GlobalSection(ProjectConfigurationPlatforms) = postSolution
	EndGlobalSection
	GlobalSection(SolutionProperties) = preSolution
		HideSolutionNode = FALSE
	EndGlobalSection
	GlobalSection(ExtensibilityGlobals) = postSolution
		SolutionGuid = {BB44434F-2321-450D-90DB-86C870627755}
	EndGlobalSection
EndGlobal
