Microsoft Visual Studio Solution File, Format Version 12.00
# Visual Studio Version 17
Project("{FAE04EC0-301F-11D3-BF4B-00C04F79EFBC}") = "CycleSortInPlace", "CycleSortInPlace\CycleSortInPlace.csproj", "{5F8CB7DB-9EA0-472E-BAED-876548CE7126}"
EndProject
Project("{FAE04EC0-301F-11D3-BF4B-00C04F79EFBC}") = "CycleSortInPlaceTest", "CycleSortInPlaceTest\CycleSortInPlaceTest.csproj", "{5A2F131F-ED79-454B-B8F4-B606F8426FF9}"
EndProject
Global
	GlobalSection(SolutionConfigurationPlatforms) = preSolution
	EndGlobalSection
	GlobalSection(ProjectConfigurationPlatforms) = postSolution
	EndGlobalSection
	GlobalSection(SolutionProperties) = preSolution
		HideSolutionNode = FALSE
	EndGlobalSection
	GlobalSection(ExtensibilityGlobals) = postSolution
		SolutionGuid = {F32EDD64-8B59-4B70-9871-5A61AFC0F1EB}
	EndGlobalSection
EndGlobal
