Microsoft Visual Studio Solution File, Format Version 12.00
# Visual Studio Version 17
Project("{FAE04EC0-301F-11D3-BF4B-00C04F79EFBC}") = "DbscanClustering", "DbscanClustering\DbscanClustering.csproj", "{C945EB99-0906-4F8E-94FD-E937E2A4489D}"
EndProject
Project("{FAE04EC0-301F-11D3-BF4B-00C04F79EFBC}") = "DbscanClusteringTest", "DbscanClusteringTest\DbscanClusteringTest.csproj", "{FF0B8C0B-1DEA-40D5-87F8-745E840FF5AD}"
EndProject
Global
	GlobalSection(SolutionConfigurationPlatforms) = preSolution
	EndGlobalSection
	GlobalSection(ProjectConfigurationPlatforms) = postSolution
	EndGlobalSection
	GlobalSection(SolutionProperties) = preSolution
		HideSolutionNode = FALSE
	EndGlobalSection
	GlobalSection(ExtensibilityGlobals) = postSolution
		SolutionGuid = {ED25F11D-CFD4-4AE1-8A00-295268AAA8D2}
	EndGlobalSection
EndGlobal
