Microsoft Visual Studio Solution File, Format Version 12.00
# Visual Studio Version 17
Project("{FAE04EC0-301F-11D3-BF4B-00C04F79EFBC}") = "NewtonMethod", "NewtonMethod\NewtonMethod.csproj", "{682245D1-5E31-4D1B-93DC-1C1FB732D81E}"
EndProject
Project("{FAE04EC0-301F-11D3-BF4B-00C04F79EFBC}") = "NewtonMethodTest", "NewtonMethodTest\NewtonMethodTest.csproj", "{11AF61DD-BEAE-49B2-847E-408E25CFEA6B}"
EndProject
Global
	GlobalSection(SolutionConfigurationPlatforms) = preSolution
	EndGlobalSection
	GlobalSection(ProjectConfigurationPlatforms) = postSolution
	EndGlobalSection
	GlobalSection(SolutionProperties) = preSolution
		HideSolutionNode = FALSE
	EndGlobalSection
	GlobalSection(ExtensibilityGlobals) = postSolution
		SolutionGuid = {BDB7B8FE-5689-4E0B-A8D7-3ADB83AA8D92}
	EndGlobalSection
EndGlobal
