Microsoft Visual Studio Solution File, Format Version 12.00
# Visual Studio Version 17
Project("{FAE04EC0-301F-11D3-BF4B-00C04F79EFBC}") = "MinimumDegreeAlgorithm", "MinimumDegreeAlgorithm\MinimumDegreeAlgorithm.csproj", "{AD0E9DC7-F8FB-4D54-99A8-DB79487EF55E}"
EndProject
Project("{FAE04EC0-301F-11D3-BF4B-00C04F79EFBC}") = "MinimumDegreeAlgorithmTest", "MinimumDegreeAlgorithmTest\MinimumDegreeAlgorithmTest.csproj", "{EF5D387E-5C72-45E3-B3D6-EDF1B7E7D590}"
EndProject
Global
	GlobalSection(SolutionConfigurationPlatforms) = preSolution
	EndGlobalSection
	GlobalSection(ProjectConfigurationPlatforms) = postSolution
	EndGlobalSection
	GlobalSection(SolutionProperties) = preSolution
		HideSolutionNode = FALSE
	EndGlobalSection
	GlobalSection(ExtensibilityGlobals) = postSolution
		SolutionGuid = {2911D1D4-7E39-4E0D-91AB-F2A9CB8857A8}
	EndGlobalSection
EndGlobal
