Microsoft Visual Studio Solution File, Format Version 12.00
# Visual Studio Version 17
Project("{FAE04EC0-301F-11D3-BF4B-00C04F79EFBC}") = "ClockAdaptiveReplacement", "ClockAdaptiveReplacement\ClockAdaptiveReplacement.csproj", "{89A2FE16-F3A9-49A0-A8AE-1B1D2657964B}"
EndProject
Project("{FAE04EC0-301F-11D3-BF4B-00C04F79EFBC}") = "ClockAdaptiveReplacementTest", "ClockAdaptiveReplacementTest\ClockAdaptiveReplacementTest.csproj", "{18000040-CEBF-4312-989E-E4207600AE6F}"
EndProject
Global
	GlobalSection(SolutionConfigurationPlatforms) = preSolution
	EndGlobalSection
	GlobalSection(ProjectConfigurationPlatforms) = postSolution
	EndGlobalSection
	GlobalSection(SolutionProperties) = preSolution
		HideSolutionNode = FALSE
	EndGlobalSection
	GlobalSection(ExtensibilityGlobals) = postSolution
		SolutionGuid = {56B5A111-6CCD-436F-B74A-2C8F3A2E03FB}
	EndGlobalSection
EndGlobal
