Microsoft Visual Studio Solution File, Format Version 12.00
# Visual Studio Version 17
Project("{FAE04EC0-301F-11D3-BF4B-00C04F79EFBC}") = "DeutschJozsaAlgorithm", "DeutschJozsaAlgorithm\DeutschJozsaAlgorithm.csproj", "{C1F60D91-64F8-41F3-8045-B8F4A120450D}"
EndProject
Project("{FAE04EC0-301F-11D3-BF4B-00C04F79EFBC}") = "DeutschJozsaAlgorithmTest", "DeutschJozsaAlgorithmTest\DeutschJozsaAlgorithmTest.csproj", "{F499C88F-50F4-4FD5-8018-BED25A72D656}"
EndProject
Global
	GlobalSection(SolutionConfigurationPlatforms) = preSolution
	EndGlobalSection
	GlobalSection(ProjectConfigurationPlatforms) = postSolution
	EndGlobalSection
	GlobalSection(SolutionProperties) = preSolution
		HideSolutionNode = FALSE
	EndGlobalSection
	GlobalSection(ExtensibilityGlobals) = postSolution
		SolutionGuid = {AD97E74C-9A89-44AA-9153-7485321EB56F}
	EndGlobalSection
EndGlobal
