Microsoft Visual Studio Solution File, Format Version 12.00
# Visual Studio Version 17
Project("{FAE04EC0-301F-11D3-BF4B-00C04F79EFBC}") = "RaftAlgorithm", "RaftAlgorithm\RaftAlgorithm.csproj", "{6DEC13AD-31C8-4B10-A759-489DD1981BE8}"
EndProject
Project("{FAE04EC0-301F-11D3-BF4B-00C04F79EFBC}") = "RaftAlgorithmTest", "RaftAlgorithmTest\RaftAlgorithmTest.csproj", "{3DB811E2-DB63-48A8-918F-461C8D5C1414}"
EndProject
Global
	GlobalSection(SolutionConfigurationPlatforms) = preSolution
	EndGlobalSection
	GlobalSection(ProjectConfigurationPlatforms) = postSolution
	EndGlobalSection
	GlobalSection(SolutionProperties) = preSolution
		HideSolutionNode = FALSE
	EndGlobalSection
	GlobalSection(ExtensibilityGlobals) = postSolution
		SolutionGuid = {4BEF0476-BD1A-4545-B1F0-70AB76470451}
	EndGlobalSection
EndGlobal
