Microsoft Visual Studio Solution File, Format Version 12.00
# Visual Studio Version 17
Project("{FAE04EC0-301F-11D3-BF4B-00C04F79EFBC}") = "EarliestDeadlineFirst", "EarliestDeadlineFirst\EarliestDeadlineFirst.csproj", "{9166A7E8-BDEC-4847-977D-33F428ADBE4C}"
EndProject
Project("{FAE04EC0-301F-11D3-BF4B-00C04F79EFBC}") = "EarliestDeadlineFirstTest", "EarliestDeadlineFirstTest\EarliestDeadlineFirstTest.csproj", "{E1FB7E15-4CB8-42A8-B5FF-597AAA2D2DAD}"
EndProject
Global
	GlobalSection(SolutionConfigurationPlatforms) = preSolution
	EndGlobalSection
	GlobalSection(ProjectConfigurationPlatforms) = postSolution
	EndGlobalSection
	GlobalSection(SolutionProperties) = preSolution
		HideSolutionNode = FALSE
	EndGlobalSection
	GlobalSection(ExtensibilityGlobals) = postSolution
		SolutionGuid = {4F0B23A3-50A0-4CDC-B1B2-AEC43E503076}
	EndGlobalSection
EndGlobal
