Microsoft Visual Studio Solution File, Format Version 12.00
# Visual Studio Version 17
Project("{FAE04EC0-301F-11D3-BF4B-00C04F79EFBC}") = "SecantMethod", "SecantMethod\SecantMethod.csproj", "{EEFDEB13-02CF-48FE-9736-D2DD802EA205}"
EndProject
Project("{FAE04EC0-301F-11D3-BF4B-00C04F79EFBC}") = "SecantMethodTest", "SecantMethodTest\SecantMethodTest.csproj", "{D0A4EAFE-12C3-4DD0-87F1-10A1102BD68B}"
EndProject
Global
	GlobalSection(SolutionConfigurationPlatforms) = preSolution
	EndGlobalSection
	GlobalSection(ProjectConfigurationPlatforms) = postSolution
	EndGlobalSection
	GlobalSection(SolutionProperties) = preSolution
		HideSolutionNode = FALSE
	EndGlobalSection
	GlobalSection(ExtensibilityGlobals) = postSolution
		SolutionGuid = {B7EEBB5E-D514-4780-BD8B-614F8E5D91BC}
	EndGlobalSection
EndGlobal
