Microsoft Visual Studio Solution File, Format Version 12.00
# Visual Studio Version 17
Project("{FAE04EC0-301F-11D3-BF4B-00C04F79EFBC}") = "CannyEdgeDetector", "CannyEdgeDetector\CannyEdgeDetector.csproj", "{4ADB2A32-9CBC-4BEC-8570-817F602C8008}"
EndProject
Project("{FAE04EC0-301F-11D3-BF4B-00C04F79EFBC}") = "CannyEdgeDetectorTest", "CannyEdgeDetectorTest\CannyEdgeDetectorTest.csproj", "{826A0A92-7C5D-4118-8CC1-6280180D4935}"
EndProject
Global
	GlobalSection(SolutionConfigurationPlatforms) = preSolution
	EndGlobalSection
	GlobalSection(ProjectConfigurationPlatforms) = postSolution
	EndGlobalSection
	GlobalSection(SolutionProperties) = preSolution
		HideSolutionNode = FALSE
	EndGlobalSection
	GlobalSection(ExtensibilityGlobals) = postSolution
		SolutionGuid = {7EE463CC-9739-46B3-9475-54D9C996FE34}
	EndGlobalSection
EndGlobal
