Microsoft Visual Studio Solution File, Format Version 12.00
# Visual Studio Version 17
Project("{FAE04EC0-301F-11D3-BF4B-00C04F79EFBC}") = "Lzss", "Lzss\Lzss.csproj", "{EEFA06BB-F1A8-4559-B029-E355F8754C41}"
EndProject
Project("{FAE04EC0-301F-11D3-BF4B-00C04F79EFBC}") = "LzssTest", "LzssTest\LzssTest.csproj", "{B40CF682-8DFE-434E-9C80-0568404B5FD4}"
EndProject
Global
	GlobalSection(SolutionConfigurationPlatforms) = preSolution
	EndGlobalSection
	GlobalSection(ProjectConfigurationPlatforms) = postSolution
	EndGlobalSection
	GlobalSection(SolutionProperties) = preSolution
		HideSolutionNode = FALSE
	EndGlobalSection
	GlobalSection(ExtensibilityGlobals) = postSolution
		SolutionGuid = {E2432A48-7301-4625-A950-8CDD3B2D357E}
	EndGlobalSection
EndGlobal
