Microsoft Visual Studio Solution File, Format Version 12.00
# Visual Studio Version 17
Project("{FAE04EC0-301F-11D3-BF4B-00C04F79EFBC}") = "ChaitinRegisterAllocation", "ChaitinRegisterAllocation\ChaitinRegisterAllocation.csproj", "{C0B64B12-96DE-4F00-B466-589EB11CC424}"
EndProject
Project("{FAE04EC0-301F-11D3-BF4B-00C04F79EFBC}") = "ChaitinRegisterAllocationTest", "ChaitinRegisterAllocationTest\ChaitinRegisterAllocationTest.csproj", "{41D6F84D-3330-45B7-A605-331F2F73FA75}"
EndProject
Global
	GlobalSection(SolutionConfigurationPlatforms) = preSolution
	EndGlobalSection
	GlobalSection(ProjectConfigurationPlatforms) = postSolution
	EndGlobalSection
	GlobalSection(SolutionProperties) = preSolution
		HideSolutionNode = FALSE
	EndGlobalSection
	GlobalSection(ExtensibilityGlobals) = postSolution
		SolutionGuid = {68E76B7E-3F06-4310-894E-036385FBB7F7}
	EndGlobalSection
EndGlobal
