Microsoft Visual Studio Solution File, Format Version 12.00
# Visual Studio Version 17
Project("{FAE04EC0-301F-11D3-BF4B-00C04F79EFBC}") = "AlphaBetaAlgorithm", "AlphaBetaAlgorithm\AlphaBetaAlgorithm.csproj", "{9306AF8E-52CB-489E-81D5-FBA02E52BDF0}"
EndProject
Project("{FAE04EC0-301F-11D3-BF4B-00C04F79EFBC}") = "AlphaBetaAlgorithmTest", "AlphaBetaAlgorithmTest\AlphaBetaAlgorithmTest.csproj", "{972EDC63-5133-4459-BE63-EFF852FE4898}"
EndProject
Global
	GlobalSection(SolutionConfigurationPlatforms) = preSolution
	EndGlobalSection
	GlobalSection(ProjectConfigurationPlatforms) = postSolution
	EndGlobalSection
	GlobalSection(SolutionProperties) = preSolution
		HideSolutionNode = FALSE
	EndGlobalSection
	GlobalSection(ExtensibilityGlobals) = postSolution
		SolutionGuid = {3A286E7E-4B5D-4556-8453-87DC8DA99571}
	EndGlobalSection
EndGlobal
