Microsoft Visual Studio Solution File, Format Version 12.00
# Visual Studio Version 17
Project("{FAE04EC0-301F-11D3-BF4B-00C04F79EFBC}") = "CannonsAlgorithm", "CannonsAlgorithm\CannonsAlgorithm.csproj", "{8E46C125-A9A4-42D3-ACA5-3596134482E8}"
EndProject
Project("{FAE04EC0-301F-11D3-BF4B-00C04F79EFBC}") = "CannonsAlgorithmTest", "CannonsAlgorithmTest\CannonsAlgorithmTest.csproj", "{7FAB134C-F237-4B7E-A62F-555899E9EF11}"
EndProject
Global
	GlobalSection(SolutionConfigurationPlatforms) = preSolution
	EndGlobalSection
	GlobalSection(ProjectConfigurationPlatforms) = postSolution
	EndGlobalSection
	GlobalSection(SolutionProperties) = preSolution
		HideSolutionNode = FALSE
	EndGlobalSection
	GlobalSection(ExtensibilityGlobals) = postSolution
		SolutionGuid = {8335EE66-5B4C-457B-9B1D-ABAA5AB507A9}
	EndGlobalSection
EndGlobal
