Microsoft Visual Studio Solution File, Format Version 12.00
# Visual Studio Version 17
Project("{FAE04EC0-301F-11D3-BF4B-00C04F79EFBC}") = "EllipticCurveCryptography", "EllipticCurveCryptography\EllipticCurveCryptography.csproj", "{6B3098D3-12A1-4749-88F2-3288C9CF201F}"
EndProject
Project("{FAE04EC0-301F-11D3-BF4B-00C04F79EFBC}") = "EllipticCurveCryptographyTest", "EllipticCurveCryptographyTest\EllipticCurveCryptographyTest.csproj", "{54549015-3FCC-4478-A594-18931504E33B}"
EndProject
Global
	GlobalSection(SolutionConfigurationPlatforms) = preSolution
	EndGlobalSection
	GlobalSection(ProjectConfigurationPlatforms) = postSolution
	EndGlobalSection
	GlobalSection(SolutionProperties) = preSolution
		HideSolutionNode = FALSE
	EndGlobalSection
	GlobalSection(ExtensibilityGlobals) = postSolution
		SolutionGuid = {1276B761-9F88-4EC7-9A34-4DAA1A706ED8}
	EndGlobalSection
EndGlobal
