Microsoft Visual Studio Solution File, Format Version 12.00
# Visual Studio Version 17
Project("{FAE04EC0-301F-11D3-BF4B-00C04F79EFBC}") = "GaussianElimination", "GaussianElimination\GaussianElimination.csproj", "{42152889-0E55-4951-926D-28C3FCB74BBC}"
EndProject
Project("{FAE04EC0-301F-11D3-BF4B-00C04F79EFBC}") = "GaussianEliminationTest", "GaussianEliminationTest\GaussianEliminationTest.csproj", "{CAA90809-065C-43EF-A9C7-09D9924543EE}"
EndProject
Global
	GlobalSection(SolutionConfigurationPlatforms) = preSolution
	EndGlobalSection
	GlobalSection(ProjectConfigurationPlatforms) = postSolution
	EndGlobalSection
	GlobalSection(SolutionProperties) = preSolution
		HideSolutionNode = FALSE
	EndGlobalSection
	GlobalSection(ExtensibilityGlobals) = postSolution
		SolutionGuid = {7529687A-A65E-4C8B-B584-559737EA02AF}
	EndGlobalSection
EndGlobal
