Microsoft Visual Studio Solution File, Format Version 12.00
# Visual Studio Version 17
Project("{FAE04EC0-301F-11D3-BF4B-00C04F79EFBC}") = "UnionMergeUnique", "UnionMergeUnique\UnionMergeUnique.csproj", "{8185043F-1754-4933-96C0-6729178BD816}"
EndProject
Project("{FAE04EC0-301F-11D3-BF4B-00C04F79EFBC}") = "UnionMergeUniqueTest", "UnionMergeUniqueTest\UnionMergeUniqueTest.csproj", "{7E5A2C78-B343-431A-9C7D-41F7E93354B9}"
EndProject
Global
	GlobalSection(SolutionConfigurationPlatforms) = preSolution
	EndGlobalSection
	GlobalSection(ProjectConfigurationPlatforms) = postSolution
	EndGlobalSection
	GlobalSection(SolutionProperties) = preSolution
		HideSolutionNode = FALSE
	EndGlobalSection
	GlobalSection(ExtensibilityGlobals) = postSolution
		SolutionGuid = {DB73C17F-2106-454B-83EB-DFE06C95F88E}
	EndGlobalSection
EndGlobal
