Microsoft Visual Studio Solution File, Format Version 12.00
# Visual Studio Version 17
Project("{FAE04EC0-301F-11D3-BF4B-00C04F79EFBC}") = "ShortestJobScheduling", "ShortestJobScheduling\ShortestJobScheduling.csproj", "{9A2D677F-0B78-46D7-B887-9D3826EA6C67}"
EndProject
Project("{FAE04EC0-301F-11D3-BF4B-00C04F79EFBC}") = "ShortestJobSchedulingTest", "ShortestJobSchedulingTest\ShortestJobSchedulingTest.csproj", "{E1E5EF2F-F0C9-4DC3-B8AB-9775EEADEBDB}"
EndProject
Global
	GlobalSection(SolutionConfigurationPlatforms) = preSolution
	EndGlobalSection
	GlobalSection(ProjectConfigurationPlatforms) = postSolution
	EndGlobalSection
	GlobalSection(SolutionProperties) = preSolution
		HideSolutionNode = FALSE
	EndGlobalSection
	GlobalSection(ExtensibilityGlobals) = postSolution
		SolutionGuid = {9EACD86E-124C-45CA-A19C-9358C6A7BA62}
	EndGlobalSection
EndGlobal
