Microsoft Visual Studio Solution File, Format Version 12.00
# Visual Studio Version 17
Project("{FAE04EC0-301F-11D3-BF4B-00C04F79EFBC}") = "BlakeysSecretSharing", "BlakeysSecretSharing\BlakeysSecretSharing.csproj", "{5F2D89C3-ADF3-46D9-9F5B-AEDC8E11EF33}"
EndProject
Project("{FAE04EC0-301F-11D3-BF4B-00C04F79EFBC}") = "BlakeysSecretSharingTest", "BlakeysSecretSharingTest\BlakeysSecretSharingTest.csproj", "{6D99AAC1-BA8C-4EEB-8A61-CB80BDD04457}"
EndProject
Global
	GlobalSection(SolutionConfigurationPlatforms) = preSolution
	EndGlobalSection
	GlobalSection(ProjectConfigurationPlatforms) = postSolution
	EndGlobalSection
	GlobalSection(SolutionProperties) = preSolution
		HideSolutionNode = FALSE
	EndGlobalSection
	GlobalSection(ExtensibilityGlobals) = postSolution
		SolutionGuid = {D27E4722-3751-4EBC-A9FA-57DCAD9F0486}
	EndGlobalSection
EndGlobal
