Microsoft Visual Studio Solution File, Format Version 12.00
# Visual Studio Version 17
Project("{FAE04EC0-301F-11D3-BF4B-00C04F79EFBC}") = "BfgsMethod", "BfgsMethod\BfgsMethod.csproj", "{EFAC5A94-D23F-4BEF-B1A9-BD40C987DFEF}"
EndProject
Project("{FAE04EC0-301F-11D3-BF4B-00C04F79EFBC}") = "BfgsMethodTest", "BfgsMethodTest\BfgsMethodTest.csproj", "{73465385-2B96-49C5-9B86-2FD14BB9BAF1}"
EndProject
Global
	GlobalSection(SolutionConfigurationPlatforms) = preSolution
	EndGlobalSection
	GlobalSection(ProjectConfigurationPlatforms) = postSolution
	EndGlobalSection
	GlobalSection(SolutionProperties) = preSolution
		HideSolutionNode = FALSE
	EndGlobalSection
	GlobalSection(ExtensibilityGlobals) = postSolution
		SolutionGuid = {5C70B6A2-5A54-4940-902C-848C68A1CA48}
	EndGlobalSection
EndGlobal
