Microsoft Visual Studio Solution File, Format Version 12.00
# Visual Studio Version 17
Project("{FAE04EC0-301F-11D3-BF4B-00C04F79EFBC}") = "ChsConversion", "ChsConversion\ChsConversion.csproj", "{23277FDE-0C7C-4B47-BE81-970BF7475190}"
EndProject
Project("{FAE04EC0-301F-11D3-BF4B-00C04F79EFBC}") = "ChsConversionTest", "ChsConversionTest\ChsConversionTest.csproj", "{3CC46717-3365-4E88-B2D8-7FD2F6B86C30}"
EndProject
Global
	GlobalSection(SolutionConfigurationPlatforms) = preSolution
	EndGlobalSection
	GlobalSection(ProjectConfigurationPlatforms) = postSolution
	EndGlobalSection
	GlobalSection(SolutionProperties) = preSolution
		HideSolutionNode = FALSE
	EndGlobalSection
	GlobalSection(ExtensibilityGlobals) = postSolution
		SolutionGuid = {D54A5F4B-24DD-4B8E-9516-10AC8FA62EBE}
	EndGlobalSection
EndGlobal
