Microsoft Visual Studio Solution File, Format Version 12.00
# Visual Studio Version 17
Project("{FAE04EC0-301F-11D3-BF4B-00C04F79EFBC}") = "Sha1Collisions", "Sha1Collisions\Sha1Collisions.csproj", "{7FCA8CBF-1F30-4944-9FFF-197647A388FF}"
EndProject
Project("{FAE04EC0-301F-11D3-BF4B-00C04F79EFBC}") = "Sha1CollisionsTest", "Sha1CollisionsTest\Sha1CollisionsTest.csproj", "{C4B1F96A-89D3-46D1-9D7A-3628DD85B9E7}"
EndProject
Global
	GlobalSection(SolutionConfigurationPlatforms) = preSolution
	EndGlobalSection
	GlobalSection(ProjectConfigurationPlatforms) = postSolution
	EndGlobalSection
	GlobalSection(SolutionProperties) = preSolution
		HideSolutionNode = FALSE
	EndGlobalSection
	GlobalSection(ExtensibilityGlobals) = postSolution
		SolutionGuid = {7E26B2D2-BD33-4C9E-9C2F-A0D193001B0A}
	EndGlobalSection
EndGlobal
